schemaVersion: 1
taskId: TASK-0114
baseCommit: e4937f2465dfcef5b6f06aea0fdb4dda5a0bc4d9
contextFingerprint: 2a603e307a2537dd0691462206d4934dc9e5430934aa29729603bab6dbd9aa4a
contextFingerprintAlgorithm: SHA256_ORDINAL_SORTED_PATH_EQUALS_HASH_LF_V1
pathMode: REPOSITORY_RELATIVE_AT_BASE_COMMIT
inputs:
- path: .gitattributes
  sha256: 98ef74cab7df7ea0cc4c4ed35a9fcdfadf085c657dcb4231e9f6dfef25c6faac
- path: .harness/agent-entrypoints.yaml
  sha256: ecafcd1e736aa65fb5a47c91c9e1947b5d056c9037f2905ca03fe8eba32a823a
- path: .harness/ci-execution-policy.yaml
  sha256: 666976659494a5e5188e3b37c933fcc5cb1522c958d1d4f55565a4172a9be43b
- path: .harness/commands.yaml
  sha256: 35af171f3c83fdbe0adc691789b14f16fff297475046e9d88e91c115a66df720
- path: .harness/invariants.yaml
  sha256: 4f623c04d31ea87294ba1347b0beeef6e23efccc593779f9857acf8f0f0b7fcb
- path: .harness/license-policy.yaml
  sha256: c13ce6bb1a0806f6ea4d47685386df6c7064b66b02173e496d47ec7468478205
- path: .harness/paid-feature-denylist.yaml
  sha256: 4f96855253f04a886e77cdcbaf0462387a380f9eca6be6e347d88bb529dc4708
- path: .harness/phase-scope.yaml
  sha256: 55f4e02048943206868b74129f85a0c73f39da9960f95b64f631a9788a9ad0e6
- path: .harness/project-state.yaml
  sha256: 2c3332e073d721afc9e5569c9d62586b692387bc7812e3648ccdf6a307c183de
- path: .harness/protected-paths.yaml
  sha256: 96b73fbc6f3452ebdbe31253be84e542dd036f08b28adb17edfd0dc10acf5ffd
- path: .harness/skills.yaml
  sha256: ff2688b1c3e4620906f6d9da2eed7e6b663d0d9adc4d4f2a47c5fad672a35fad
- path: .harness/sources-of-truth.yaml
  sha256: cd9eb034a8fbe4582535d48e0388caaec6b1f4db3d2737746236114fa2637c1d
- path: .harness/task-backlog.yaml
  sha256: e1c150fcf98f07a91a384467828c3d4a3161d9037e8d43aeab85be37212b6fd5
- path: .harness/task-delivery-policy.yaml
  sha256: eff4561ce8271a66fcf76f12a00ab51f46dd6ceb113109bcf8bf2e7435dfe5ea
- path: .harness/task-ledger.yaml
  sha256: 83c21c9a9af0cac3aae060b7a3560b891d007122426cca5a52876260fc5e8135
- path: .harness/task-lifecycle.yaml
  sha256: c284af0eb75c8c1a54f536acf6d5d518c1fdda801aba17ac0eef3441af6f83a5
- path: .harness/tools.lock.yaml
  sha256: fb107e5b18b64a4c42fed466da1456e8093a8112c9facaa24c9206044eb18e35
- path: AGENTS.md
  sha256: 8c04d7dc1af1a04ccd9e3fab64b9a071e1a3f143610a08367e8cfce3e91d390c
- path: CLAUDE.md
  sha256: 6c491e544ff5acec1a1cfc9dc2552bad6554cf9376e4c394dcb01c23265b8259
- path: requirements-harness.txt
  sha256: 15a0b1ad3059a055847bf367d43a7d3c138b791d2bf67d8b6a53f982edda1dd3
- path: docs/evidence/TASK-0113/evidence-pack.json
  sha256: 84d1bc47b03d36dd441d709984b677495fb363eb14c3b01d27cb0192d29c1ccb
- path: docs/evidence/TASK-0113/review-r1.md
  sha256: bc2616fbbd9f8f2392d2d45f2c1d144c61b9eab37d32b0acbe5401a8a3bf9396
- path: docs/handoffs/TASK-0113.json
  sha256: cbb0b67c1ca5bfa2d0de0f23936883a735b515d627255a8bb7395010b37040d9
- path: docs/schemas/evidence-pack.schema.json
  sha256: d13fadbfff99f2bef07838041785239d4611f464e7bda9ac872ba521dd77e2e6
- path: docs/schemas/handoff.schema.json
  sha256: 1b28f75b42aba9c65c9ee6337116c1bb76b611328d29de5618990f715526769b
- path: docs/tasks/TASK-0033-anthropic-messages-offline-contract.md
  sha256: acfc2ba9fe02a45c0b0c67f56b69113324ce4a3bd675ab6a8634b5b85b317182
- path: docs/tasks/TASK-0113-provider-response-limits-revalidation.md
  sha256: edeffa74e1f681178282257b1a1e154e7da4ae2adda42427c4bacc33327b914e
- path: docs/tasks/context/TASK-0113.context-lock.yaml
  sha256: c693ca6560ade90cc0fc5918c1afdf6642993636a32aad4a2cf43cf303b9be2a
- path: docs/tasks/task-card-template.md
  sha256: 1ed75ef0d0cfd40ac3740e4f32c703582f4b6c427d974fe36ad9a8628fc323d4
- path: pom.xml
  sha256: b4c91c41c074f1e1d67c5f17b600004961c9a1af9959f9f10379bfe5e990cdb0
- path: service/adapters/model-anthropic/pom.xml
  sha256: cf0d4a161146520374cf4a6dff3c8168bb02289c16fb1d22646703d9d12c14f7
- path: service/adapters/model-anthropic/src/main/java/com/virtualcompanion/modelanthropic/AnthropicCodecException.java
  sha256: d67633d4652073e10ef70f29100557458ba7380b60f889f1cd87c2bf6d8b51f5
- path: service/adapters/model-anthropic/src/main/java/com/virtualcompanion/modelanthropic/AnthropicMessagesAdapter.java
  sha256: 7960ee3654ab339bf1e391b753d27c0b5e2a7f1c5ce9e2dfa646b97ce6517ccc
- path: service/adapters/model-anthropic/src/main/java/com/virtualcompanion/modelanthropic/AnthropicMessagesCodec.java
  sha256: 5f770131660767070e88ea21089de456768c97225fb03a6c124150d2d31b0f84
- path: service/adapters/model-anthropic/src/main/java/com/virtualcompanion/modelanthropic/AnthropicMessagesConfig.java
  sha256: b3ea212407d3d435b460c3cd8ae1439c13eee1e92546d0f9b702a4b2c640b5f6
- path: service/adapters/model-anthropic/src/main/java/com/virtualcompanion/modelanthropic/AnthropicMessagesSession.java
  sha256: c75e801b3a95d09728eec9f0e86551b3ccdf9f372fa547b5ac2a06c712d569e1
- path: service/adapters/model-anthropic/src/main/java/com/virtualcompanion/modelanthropic/ImmediateTerminalSession.java
  sha256: 071f0de7329cc43547bbca5aafbf1a6f05cc406c659b0fc61147370dcddc551d
- path: service/adapters/model-anthropic/src/main/java/com/virtualcompanion/modelanthropic/SseDecoder.java
  sha256: af97f8c0d40262e594469b9f83fdd5518d653ac0e621e1ee99ac141c4ef28229
- path: service/adapters/model-openai/src/main/java/com/virtualcompanion/modelopenai/BoundedInputStream.java
  sha256: f13243f1ca2eaed8ab64427ff48d895b16f50fcd03056aea8e07c21738127ead
- path: service/adapters/model-openai/src/main/java/com/virtualcompanion/modelopenai/OpenAiChatCompletionsSession.java
  sha256: 081a385d94bff0e185ed4af00e30796816b703e16dda6c4cd8076321613f2c97
- path: service/adapters/model-openai/src/main/java/com/virtualcompanion/modelopenai/SseDecoder.java
  sha256: 386fcd1865285f3b3b5eef14ca3eabca79b484b1646ea570b34a6f678954985b
- path: service/adapters/model-openai/src/test/java/com/virtualcompanion/modelopenai/BoundedInputStreamTest.java
  sha256: 267771b4c6a107a2319e27d495198a99cb5d6a4357cdc6273795283dd77bd1ee
- path: service/adapters/model-openai/src/test/java/com/virtualcompanion/modelopenai/SseDecoderTest.java
  sha256: a959387c4aff9273235e24872a27d230d30e1fd24d58f7c218d33b8366234011
- path: service/apps/runtime/src/main/java/com/virtualcompanion/runtime/modelproviders/ApprovedModelProviderProvisioner.java
  sha256: 5998556043aeec16ed91eaf4c2a4fd7fc6c1ade5a4b9a4d091df68abda0677b9
- path: service/apps/runtime/src/main/java/com/virtualcompanion/runtime/modelproviders/ModelProviderProperties.java
  sha256: dbca04f8997ce3c2175eacf2de5d3df3d1cd4a4d1fef0d2967542c2a79931ce7
- path: service/modules/modelruntime/src/main/java/com/virtualcompanion/modelruntime/contract/AdapterFailure.java
  sha256: 930b9155c79b184df662fb5e64ff44414d7b16d61620bd656599bc69a8b8dd71
- path: service/modules/modelruntime/src/main/java/com/virtualcompanion/modelruntime/contract/ModelPayload.java
  sha256: fb4cce9b8872553c00e08f91be2c0787450a930a2f8fb6ea502fa71ed4abfda3
- path: service/modules/modelruntime/src/main/java/com/virtualcompanion/modelruntime/contract/ModelProtocolEvent.java
  sha256: 94476c1e06eb1ddb3cd09be13325b9789caf5355c89274a4c191075ffa75104f
- path: service/modules/modelruntime/src/main/java/com/virtualcompanion/modelruntime/contract/ModelProtocolRequest.java
  sha256: bdaa97795f6438d9001e5f44c9cb5282512a74b8fb7f18ffd1154903cfa1688c
- path: service/modules/modelruntime/src/main/java/com/virtualcompanion/modelruntime/contract/ResponseMode.java
  sha256: a8c645dcd93d3e2c29ce7be2737ef4d0296866c8a4903f03af459fe604bfc2f7
- path: service/modules/modelruntime/src/main/java/com/virtualcompanion/modelruntime/contract/SizeLimits.java
  sha256: 24bc48cc1ca9e0bf28783a54ce6d7028985815c9525136007d9da53150018ac4
- path: service/modules/modelruntime/src/main/java/com/virtualcompanion/modelruntime/execution/LiveModelInvoker.java
  sha256: 5fbeec78525090ffbb731e2358bf68017260420e3abd9fd4d442683a4afea784
- path: service/modules/modelruntime/src/main/java/com/virtualcompanion/modelruntime/port/ModelProtocolSession.java
  sha256: 9b067ef1be83bd621e2bed8949fca74e356515fe38d16cb0c3739431bcc1697d
- path: service/tests/anthropic-messages-contract-tests/pom.xml
  sha256: e9e19c81f44f3e5b885428c9949cdee3862dca2a88460a1671bfe949526467ff
- path: service/tests/anthropic-messages-contract-tests/src/test/java/com/virtualcompanion/modelanthropic/contract/AnthropicContractTestSupport.java
  sha256: f851a856061bfc1c6c94384e6ec43ae1aa0a1c6d8357baa0cb9d6f0208b17453
- path: service/tests/anthropic-messages-contract-tests/src/test/java/com/virtualcompanion/modelanthropic/contract/AnthropicMessagesBoundaryContractTest.java
  sha256: 8779d2f138f83821126349b12488b4c1a7f91cf0fd101b292cf8a43b6e8d0e1e
- path: service/tests/anthropic-messages-contract-tests/src/test/java/com/virtualcompanion/modelanthropic/contract/AnthropicMessagesFailureContractTest.java
  sha256: 839b4c57727830e6a5d0c64d3ac42c19a45cb94755e66d46a3636cb4906f036d
- path: service/tests/anthropic-messages-contract-tests/src/test/java/com/virtualcompanion/modelanthropic/contract/AnthropicMessagesSuccessContractTest.java
  sha256: 38ff9b01f95b116a20207be7d073293f378408c14b96d4eced07d8c5421c28a0
- path: service/tests/anthropic-messages-contract-tests/src/test/java/com/virtualcompanion/modelanthropic/contract/AnthropicMessagesTimeoutCancellationContractTest.java
  sha256: 156d50e847471ea5ecaf0e73a6b6fdb2e27b73fc8307f846318fdaf92192006e
- path: service/tests/anthropic-messages-contract-tests/src/test/java/com/virtualcompanion/modelanthropic/contract/CountingHttpClient.java
  sha256: f30864a5df618dc7a29412f84e8a1454d3dfaaff0fef6d32b2913e66c63b2323
- path: service/tests/anthropic-messages-contract-tests/src/test/java/com/virtualcompanion/modelanthropic/contract/MockAnthropicServer.java
  sha256: e008e60516a28451a44b26412b9289c4b765bf51e5423f8826143187c9d6e6a2
- path: service/tests/anthropic-messages-contract-tests/src/test/java/com/virtualcompanion/modelanthropic/contract/NeverCompletingHttpClient.java
  sha256: 1d8682ac0355d62a06647713e05f37c6c1b50bd6b0b6b0237864820c78ee4c68
- path: service/tests/model-protocol-contract-tests/pom.xml
  sha256: 9b7d6e0f8e99359b6da9f9352b0d9e38da65fc7535b6e7b2629899546bf4001e
- path: skills/model-routing-change/SKILL.md
  sha256: f988a9be9f21a93a724ca1d62280862107bf22baa1dae410bcfe89aaeae58ded
- path: skills/task-delivery-flow/SKILL.md
  sha256: 9993e863360e181f7f13c1c058868196c69bf49d85c2ba128787ca6e8a95481b
- path: skills/task-intake/SKILL.md
  sha256: 025fb456212052459245bbf2b79bce38684e63e63e0e8c664ff5d69091af9c4d
- path: specs/contracts/authorization-contract.yaml
  sha256: 64cf6f37928d7cf81cefaeda9d3ab9b08243160a8538055952c2cff2cdbad887
- path: specs/contracts/generation-contract.yaml
  sha256: d91afb5d594982430d83bbb5dcf68dc65fdb4254a844768903749fcac442a32c
- path: specs/contracts/model-protocol-contract.yaml
  sha256: 7b77a389339119adc2f1321c862857962cc00918a213dae0d0400de78e7b7676
