schemaVersion: 1
taskId: TASK-0231
baseCommit: a0d4106ab25de7a59803254cb12d823ca2a5a98c
contextFingerprint: 5eca768c2f0ddbfef8ae4c579c6951ce0ef447722827e6e8caf2ca4fdf5499b6
contextFingerprintAlgorithm: SHA256_ORDINAL_SORTED_PATH_EQUALS_HASH_LF_V1
pathMode: REPOSITORY_RELATIVE_AT_BASE_COMMIT
inputs:
- path: .harness/agent-entrypoints.yaml
  sha256: 919e0397d6fed8b520798bb916bbf2d0cc594c7f703000b7e2e1d962c5b87afe
- path: .harness/ci-execution-policy.yaml
  sha256: b41ce07b580d0c5be16f82225518f44ae931772ac14e3369505e56314022fc1b
- path: .harness/commands.yaml
  sha256: 9f2e5019447c337a2653dc055e9cb1d92fef2e40b916ab1d0cdf55fd5b9716da
- path: .harness/invariants.yaml
  sha256: 4f623c04d31ea87294ba1347b0beeef6e23efccc593779f9857acf8f0f0b7fcb
- path: .harness/license-inventory.yaml
  sha256: 209e1c5b29e1b3f979d496c4b2fab907a6dfb85d12bee01785ac1825cbb23e81
- path: .harness/license-policy.yaml
  sha256: c13ce6bb1a0806f6ea4d47685386df6c7064b66b02173e496d47ec7468478205
- path: .harness/paid-feature-denylist.yaml
  sha256: 4f96855253f04a886e77cdcbaf0462387a380f9eca6be6e347d88bb529dc4708
- path: .harness/phase-scope.yaml
  sha256: 55f4e02048943206868b74129f85a0c73f39da9960f95b64f631a9788a9ad0e6
- path: .harness/project-state.yaml
  sha256: 72e40ee9e876a775a8a459d0036319d71693512bf5de2dfb7c42826e26f56bf7
- path: .harness/protected-paths.yaml
  sha256: 96b73fbc6f3452ebdbe31253be84e542dd036f08b28adb17edfd0dc10acf5ffd
- path: .harness/skills.yaml
  sha256: ff2688b1c3e4620906f6d9da2eed7e6b663d0d9adc4d4f2a47c5fad672a35fad
- path: .harness/sources-of-truth.yaml
  sha256: cd9eb034a8fbe4582535d48e0388caaec6b1f4db3d2737746236114fa2637c1d
- path: .harness/task-backlog.yaml
  sha256: 7b5d5db744b1b33d090b9cf94a21beef9cd5250b71e3159f587fe8b9ab6fd87a
- path: .harness/task-delivery-policy.yaml
  sha256: eff4561ce8271a66fcf76f12a00ab51f46dd6ceb113109bcf8bf2e7435dfe5ea
- path: .harness/task-ledger.yaml
  sha256: 1f7b3d02da011e097872a9ceb039d06e9d61a8a884f1f3ed3eb64ba850ce660c
- path: .harness/task-lifecycle.yaml
  sha256: c284af0eb75c8c1a54f536acf6d5d518c1fdda801aba17ac0eef3441af6f83a5
- path: .harness/tools.lock.yaml
  sha256: fb107e5b18b64a4c42fed466da1456e8093a8112c9facaa24c9206044eb18e35
- path: AGENTS.md
  sha256: 3342044d137a5a2416aa77eb760ebdc177f24e75a6c5d961454bf97cdd19969c
- path: CLAUDE.md
  sha256: 6c491e544ff5acec1a1cfc9dc2552bad6554cf9376e4c394dcb01c23265b8259
- path: docs/evidence/TASK-0198/legacy-invalid-closure-quarantine.json
  sha256: 07adfc6d50676e72ec0da4c642471da624f80e999fecebaffbef630450e16b63
- path: docs/evidence/TASK-0209/evidence-pack.json
  sha256: 93808b171187a618b399b34bcd177749605a6d95abecec2efdeccc07e1a14cd6
- path: docs/evidence/TASK-0210/evidence-pack.json
  sha256: a7225a728f297dab133d3c6c1378e9e32b13282c29a1c89b936cf3f8eae714c4
- path: docs/evidence/TASK-0213/evidence-pack.json
  sha256: fc46e901d9dd33ab02c79b93674710485cb57130ebfde3e8245af86ad3b2d86c
- path: docs/evidence/TASK-0214/evidence-pack.json
  sha256: 100e0f97915290ac1218eaac3ce355db01f6d016f64e2ec172171149401daa30
- path: docs/evidence/TASK-0215/evidence-pack.json
  sha256: aadf4e0c310614790a5fd4dc975a0c7c56b1084ee424be0f4f5b18749624df31
- path: docs/evidence/TASK-0216/evidence-pack.json
  sha256: 6f33b100afad738b9b092e6d58fb56141562452fed39ea2240ba8f2657c80952
- path: docs/evidence/TASK-0217/evidence-pack.json
  sha256: 5a03aa550880bf39bba7856bdc68d742e7c467a86eee29c55e4c0cbc10bd5c4d
- path: docs/evidence/TASK-0218/evidence-pack.json
  sha256: 5611cc8222f0c2f24e509161d0d41aa221b0775c33bea8286394b214b1edcee3
- path: docs/evidence/TASK-0219/evidence-pack.json
  sha256: 26f346ad586ef4e81e343b994bea5555d168ae7050bfa8a0db98c66de96dd038
- path: docs/evidence/TASK-0221/evidence-pack.json
  sha256: 2654aace18231cad5d4d1ae98e8e277fb3c803dbec9053bd166d82f27224483f
- path: docs/evidence/TASK-0222/evidence-pack.json
  sha256: e01ecb63fbcc9774a4bcfd2b1d87c178ae491bbc5b4c62a681e76bc4af65a78c
- path: docs/evidence/TASK-0223/evidence-pack.json
  sha256: 983bc3acc61f3b02e79dfe3cf87035128965d7187b3195aa5606a346dfbfde55
- path: docs/evidence/TASK-0224/evidence-pack.json
  sha256: da71ffdade0eceed9b97582fd5d668447bd3457aa23d1faa9df43cda589f245c
- path: docs/evidence/TASK-0225/evidence-pack.json
  sha256: e047b53ee7d9c9c000d783a5059305f3498e8561480d22ec0a3fe2ff97a54aa4
- path: docs/evidence/TASK-0226/evidence-pack.json
  sha256: 7fa3afe2ad5981d985920fcf5fdae56dc2222809164f5dcc9abe05d0533ccf78
- path: docs/evidence/TASK-0227/evidence-pack.json
  sha256: 2637c4dc167be5bfb3c86a1be7ea2088f7fb82405e5387500aceca52a69c87f9
- path: docs/evidence/TASK-0230/evidence-pack.json
  sha256: 36c8c8742cb738bff8a408a4d94d2639c279607c910c4bf146256a164deb62c1
- path: docs/handoffs/TASK-0209.json
  sha256: 326afe449203de91ed0e9481b96a46d81ebc0bbdc572bc269cf92c7fe5fb858d
- path: docs/handoffs/TASK-0210.json
  sha256: d449f909b2c7005f3ca739ca113d3b6d1dcbb2977d4bc39650b604ab4b3ed8e8
- path: docs/schemas/evidence-pack.schema.json
  sha256: d13fadbfff99f2bef07838041785239d4611f464e7bda9ac872ba521dd77e2e6
- path: docs/schemas/handoff.schema.json
  sha256: 1b28f75b42aba9c65c9ee6337116c1bb76b611328d29de5618990f715526769b
- path: docs/tasks/TASK-0198-task0196-invalid-closure-authorization-quarantine.md
  sha256: 37ef238c925eac7d304f22be42cc8f2ae95b50067c0fa88a23fe9815a6ab3cfd
- path: docs/tasks/TASK-0209-h5-carry-relationship-id-to-memory.md
  sha256: b1c4a5595c8f2b507a425b17ccab49a36c8be6e6765030833ff6fb00467ff2af
- path: docs/tasks/TASK-0210-h5-memory-pick-relationship-id.md
  sha256: 44b66ff7e1e6043731aa92a20fb0e06da3a088250294660a41566788560820ec
- path: docs/tasks/TASK-0213-h5-index-carry-relationship-id-to-memory.md
  sha256: 338643054c4cdd4267b1daf1532bb014f089980a054fc1324067cb7bdd537b29
- path: docs/tasks/TASK-0214-h5-memory-empty-point-to-chat.md
  sha256: 52ac0d4aa08db8532a0a083351454aa378dd4d68cab834766964f03dc8e60a97
- path: docs/tasks/TASK-0215-h5-login-back-to-index-nav.md
  sha256: 71e97fe72d13b8ef3158126d5801ee102145d40adebb8a3bdf5f3501db39cdc2
- path: docs/tasks/TASK-0216-h5-memory-empty-id-select-or-fill.md
  sha256: 052035b0eff9917650f723ef4c4cb822dee5880d9d91d3e07c110f04fa12280b
- path: docs/tasks/TASK-0217-h5-memory-carry-relationship-id-to-chat.md
  sha256: 69e96a51407330d0e48fbbfea531623a6ceb2f63a7ce1f585dd268df1a1433c9
- path: docs/tasks/TASK-0218-h5-chat-login-nav.md
  sha256: c41ca183c2c6838a2b8c6ab8698910b4b78ebfe489dcca8877179f5687ca3a91
- path: docs/tasks/TASK-0219-h5-memory-login-nav.md
  sha256: 9a455ce54935cf92cc54e60fba6dc573732f32fcd4cc7f68ac6d89eb4bf5195b
- path: docs/tasks/TASK-0221-h5-login-memory-nav.md
  sha256: 6236330d5161094203be19b93bf342ed7ea4a08477bb63d9165a7178c3830457
- path: docs/tasks/TASK-0222-h5-index-carry-relationship-id-to-chat.md
  sha256: 37cfae0b686c576139304d150c408210e115f32f9e7b637b0b8e812c04e20ab8
- path: docs/tasks/TASK-0223-h5-index-show-current-relationship.md
  sha256: 1c4687213d882ddd1bbecd89ef19d9a71989ed206b54ea521eb365bd194fae01
- path: docs/tasks/TASK-0224-h5-chat-show-current-relationship.md
  sha256: da1bbb849f0d00f9fe81d9231a427ecbd1d922b62057f9a21355757d0a0fef4c
- path: docs/tasks/TASK-0225-h5-memory-show-current-relationship.md
  sha256: 936f8d9ec66c78d34e241977450b6de9c0156049f160a96ef8fc2ffc0b615b16
- path: docs/tasks/TASK-0226-h5-index-relationship-load-error.md
  sha256: 5f6410709cc48d84a4bca97558788b4240c2e0fa8536bacbacbc715b702ac39f
- path: docs/tasks/TASK-0227-h5-chat-relationship-load-error.md
  sha256: c83787c5f5bd34af6ead2ae9eed6e29f03550a1f7b09febdb334f3ec9d47b7bf
- path: docs/tasks/TASK-0230-h5-memory-hide-prefill-on-rel-error.md
  sha256: f6c82c7f7f85ac3af47321ac01715c7095fe08fe630b13507065b78cb98f0b80
- path: docs/tasks/task-card-template.md
  sha256: 1ed75ef0d0cfd40ac3740e4f32c703582f4b6c427d974fe36ad9a8628fc323d4
- path: skills/task-delivery-flow/SKILL.md
  sha256: 341b241653a7f1f8fd8ad4f48a0bf10d5fc5546d631f484d128022f19bd092fb
- path: skills/task-intake/SKILL.md
  sha256: 6fd28d64c5afde5cc427609091e261f7bc0024776a32612d1735b37df3536aae
- path: external:/Users/hxf/projects/virtual-companion-owner-gates.md
  sha256: 6e50d1f4c535d1a04fe5d33d677dbfaceb780fb94f4d1e945689d5c24d6615f6
  provenanceOnly: true
