schemaVersion: 1
taskId: TASK-0011
baseCommit: b18dd0dc83a360be014b7b8f322cd42bc6c89e38
contextFingerprint: c5b803c6b702c856528fbc97e218f85e86f4808f87201164fde24cfe6ad2c741
contextFingerprintAlgorithm: SHA256_ORDINAL_SORTED_PATH_EQUALS_HASH_LF_V1
pathMode: REPOSITORY_RELATIVE_AT_BASE_COMMIT
inputs:
  - path: AGENTS.md
    sha256: 01d061accda6ef07e2df08fa9b5ed35533d2ef5e25e7055134e93de1828e5f74
  - path: .github/workflows/ci.yml
    sha256: 5aff27c23ecc888f93714a1bfb87199b14cdd1b29f304816cb5459c659d5d2a6
  - path: .harness/project-state.yaml
    sha256: 45a9d0f7dd28dbbfef6b7a7482babc1f2a2b6a627c130e13a9f0be6937cea296
  - path: .harness/task-lifecycle.yaml
    sha256: 038f946cde2c0dd084f92701647aca5f71131c3fc39d7b1252054afd33146b42
  - path: .harness/sources-of-truth.yaml
    sha256: c2aee425a5bb92d93acbc4fe63c433b955cb7c16b1edbf7fe74c7ed92795d09b
  - path: .harness/invariants.yaml
    sha256: c537c042cc12ab692b39e1a3ca90673200425c86b6e69495a3f75d1c70a6de5e
  - path: .harness/protected-paths.yaml
    sha256: 96b73fbc6f3452ebdbe31253be84e542dd036f08b28adb17edfd0dc10acf5ffd
  - path: .harness/skills.yaml
    sha256: 691d8c0fef5df189db956d713cc8ae1bd3dd45831192afdd3d55a11f6b3032f5
  - path: .harness/commands.yaml
    sha256: 841c95a55496e4cb01c42cc5c071ba99fe7cfaeed16b75e0d82f708eab33666a
  - path: .harness/tools.lock.yaml
    sha256: fb107e5b18b64a4c42fed466da1456e8093a8112c9facaa24c9206044eb18e35
  - path: .harness/license-policy.yaml
    sha256: c13ce6bb1a0806f6ea4d47685386df6c7064b66b02173e496d47ec7468478205
  - path: skills/task-intake/SKILL.md
    sha256: 43cae37c291a7b0d0b5dd88a9b1db0f3ea46661885fd98d657c98a61dd478e4c
  - path: skills/model-routing-change/SKILL.md
    sha256: f988a9be9f21a93a724ca1d62280862107bf22baa1dae410bcfe89aaeae58ded
  - path: specs/catalog/product-scope.yaml
    sha256: dc8fe7f8a00d4c177a8ce2230376b9738d9da2fd51cbc04de40fae2f6ce1f65b
  - path: specs/catalog/model-protocols.yaml
    sha256: dd5d45b1118baf560591f8f29434a365467cfdd943c539fe0f407d6a8f66c0ab
  - path: specs/catalog/provider-attempt-statuses.yaml
    sha256: 74dc66ca00506f554d94c1494b33be01874b8b9d131c0c3f283f1ed78cbc2710
  - path: specs/contracts/generation-contract.yaml
    sha256: d91afb5d594982430d83bbb5dcf68dc65fdb4254a844768903749fcac442a32c
  - path: specs/contracts/model-protocol-contract.yaml
    sha256: 7b77a389339119adc2f1321c862857962cc00918a213dae0d0400de78e7b7676
  - path: specs/contracts/authorization-contract.yaml
    sha256: 64cf6f37928d7cf81cefaeda9d3ab9b08243160a8538055952c2cff2cdbad887
  - path: specs/contracts/finalization-contract.yaml
    sha256: 29e89887d05a393bf945d3e446831096663c722911fe4feedaeaa3194945a4af
  - path: specs/contracts/license-cost-boundary-contract.yaml
    sha256: f9d3510e23a039398bad483fb777482aa0d24ee727e69c069faa4935d1ac8c49
  - path: docs/decisions/0001-v031-technology-and-transport-baseline.md
    sha256: c295d11765d4407b51f95abc57ccd3ce4872367036b93cf6559ce8d1fce6b73d
  - path: docs/architecture/repository-structure.md
    sha256: 2b6229812ee79f136fe680079969c54688e84c3455b4f6394713f6b61e572927
  - path: docs/handoffs/TASK-0010.json
    sha256: ad88149ba3523faf261775c29c4994d0570eeaf67ae661ad53510206b9175e07
  - path: docs/tasks/task-card-template.md
    sha256: ec7d24342efe741be6e5f8dc9012c866c6e096bd9a36985db699e4e91709568d
  - path: docs/schemas/evidence-pack.schema.json
    sha256: d50159828cc17690d93ff133526daabce9adaa23c341ef9b14229619be0598fd
  - path: docs/schemas/handoff.schema.json
    sha256: 9bef3af45274bc9c19dab0999f32a030a9fd05fa8e72a645ff1637b84db50cd3
  - path: pom.xml
    sha256: d27adda96a5d0bb5ef610337828440829c3956c1aaa6fe2319ecd13b8e67e362
  - path: service/modules/modelruntime/pom.xml
    sha256: acf957b460e3fc25fc65ca5e6e837f714d8e50fa23f16a49718a4fece0de0612
  - path: service/modules/modelruntime/src/main/java/com/virtualcompanion/modelruntime/contract/AdapterFailure.java
    sha256: 930b9155c79b184df662fb5e64ff44414d7b16d61620bd656599bc69a8b8dd71
  - path: service/modules/modelruntime/src/main/java/com/virtualcompanion/modelruntime/contract/InvocationBinding.java
    sha256: a1cb08ea2daa1c48ec62f7b122942745620dbe20a4716d448e84e11b3c787f36
  - path: service/modules/modelruntime/src/main/java/com/virtualcompanion/modelruntime/contract/ModelPayload.java
    sha256: fb4cce9b8872553c00e08f91be2c0787450a930a2f8fb6ea502fa71ed4abfda3
  - path: service/modules/modelruntime/src/main/java/com/virtualcompanion/modelruntime/contract/ModelProtocolCapabilities.java
    sha256: d78a197028029dd34379b0829083af33dadfcea211f1b3fccf6837ddf4307ff7
  - path: service/modules/modelruntime/src/main/java/com/virtualcompanion/modelruntime/contract/ModelProtocolEvent.java
    sha256: 94476c1e06eb1ddb3cd09be13325b9789caf5355c89274a4c191075ffa75104f
  - path: service/modules/modelruntime/src/main/java/com/virtualcompanion/modelruntime/contract/ModelProtocolRequest.java
    sha256: 3cb57a29403d9551b5e8c69dd19e19772665d5802f8131d9e67c856e845dd72a
  - path: service/modules/modelruntime/src/main/java/com/virtualcompanion/modelruntime/contract/ProtocolMessage.java
    sha256: 81e8e65bdf675f31f1425dc628794767a8960556f8b634f7859820e43193f617
  - path: service/modules/modelruntime/src/main/java/com/virtualcompanion/modelruntime/contract/ResponseMode.java
    sha256: a8c645dcd93d3e2c29ce7be2737ef4d0296866c8a4903f03af459fe604bfc2f7
  - path: service/modules/modelruntime/src/main/java/com/virtualcompanion/modelruntime/contract/StopReason.java
    sha256: 80a2764e0872492d0f7db818bbb040bdc2830d751d7f0d4805ca099db64255b4
  - path: service/modules/modelruntime/src/main/java/com/virtualcompanion/modelruntime/contract/TimeoutBudget.java
    sha256: 270828faec0fe52eac19db24d2e3bd3206fac903c64054d046d0db9d7436fb1a
  - path: service/modules/modelruntime/src/main/java/com/virtualcompanion/modelruntime/contract/TokenUsage.java
    sha256: 4432c35c3257b18ed8f68328bbfd9deac020f052df9de89097b448a6b6ec2d2f
  - path: service/modules/modelruntime/src/main/java/com/virtualcompanion/modelruntime/guard/ModelProtocolEventFence.java
    sha256: bd0712fc0297d640807b96d0b4f555d57d14d661c032b1888d88bf13a66e5a29
  - path: service/modules/modelruntime/src/main/java/com/virtualcompanion/modelruntime/port/ModelProtocolAdapter.java
    sha256: adeee9337ca02b9a7d6b01f73598d2775f0335e5ee8b9705ac5533fdf59406a1
  - path: service/modules/modelruntime/src/main/java/com/virtualcompanion/modelruntime/port/ModelProtocolSession.java
    sha256: 9b067ef1be83bd621e2bed8949fca74e356515fe38d16cb0c3739431bcc1697d
  - path: service/adapters/model-fake/pom.xml
    sha256: 578e978ce3e2edb283c175a4ee2c0b63a7bcdd99272a9a5748c5cea351bd6f63
  - path: service/adapters/model-failure/pom.xml
    sha256: 055c6a4c269f63e34a6087bc84a3824c1c7870cf86c3b5b792a2aa8f6456b697
  - path: service/tests/model-protocol-contract-tests/pom.xml
    sha256: 9b7d6e0f8e99359b6da9f9352b0d9e38da65fc7535b6e7b2629899546bf4001e
  - path: service/tests/model-protocol-contract-tests/src/test/java/com/virtualcompanion/modelprotocol/contract/ModelProtocolTestSupport.java
    sha256: e58d9507d9817fe7dbac4250973930fb532ea43bc890231255851bd4f7e98fcf
