taskId: TASK-0184
baseCommit: 1879ab722ac37ec140539b413e7f1150bd23df7e
contextFingerprint: 2aebe476779cc8416d9ece6c37322f4d7edee9b5a30a88ba457bb28f4f86845a
contextFingerprintAlgorithm: SHA256_ORDINAL_SORTED_PATH_EQUALS_HASH_LF_V1
pathMode: REPOSITORY_RELATIVE_AT_BASE_COMMIT
inputs:
- path: .harness/agent-entrypoints.yaml
  repositoryPath: .harness/agent-entrypoints.yaml
  repositoryCommit: 1879ab722ac37ec140539b413e7f1150bd23df7e
  sha256: 919e0397d6fed8b520798bb916bbf2d0cc594c7f703000b7e2e1d962c5b87afe
- path: .harness/ci-execution-policy.yaml
  repositoryPath: .harness/ci-execution-policy.yaml
  repositoryCommit: 1879ab722ac37ec140539b413e7f1150bd23df7e
  sha256: a7b58400bfab1fa0d55e250a8b17d4552a3b0eba92d0d297e8f3536282945bc2
- path: .harness/commands.yaml
  repositoryPath: .harness/commands.yaml
  repositoryCommit: 1879ab722ac37ec140539b413e7f1150bd23df7e
  sha256: 9f2e5019447c337a2653dc055e9cb1d92fef2e40b916ab1d0cdf55fd5b9716da
- path: .harness/invariants.yaml
  repositoryPath: .harness/invariants.yaml
  repositoryCommit: 1879ab722ac37ec140539b413e7f1150bd23df7e
  sha256: 4f623c04d31ea87294ba1347b0beeef6e23efccc593779f9857acf8f0f0b7fcb
- path: .harness/license-inventory.yaml
  repositoryPath: .harness/license-inventory.yaml
  repositoryCommit: 1879ab722ac37ec140539b413e7f1150bd23df7e
  sha256: 0b5f739d906a717badb582b1b67f34c5b7d07b94a33768ced5a3802743645852
- path: .harness/license-policy.yaml
  repositoryPath: .harness/license-policy.yaml
  repositoryCommit: 1879ab722ac37ec140539b413e7f1150bd23df7e
  sha256: c13ce6bb1a0806f6ea4d47685386df6c7064b66b02173e496d47ec7468478205
- path: .harness/paid-feature-denylist.yaml
  repositoryPath: .harness/paid-feature-denylist.yaml
  repositoryCommit: 1879ab722ac37ec140539b413e7f1150bd23df7e
  sha256: 4f96855253f04a886e77cdcbaf0462387a380f9eca6be6e347d88bb529dc4708
- path: .harness/phase-scope.yaml
  repositoryPath: .harness/phase-scope.yaml
  repositoryCommit: 1879ab722ac37ec140539b413e7f1150bd23df7e
  sha256: 55f4e02048943206868b74129f85a0c73f39da9960f95b64f631a9788a9ad0e6
- path: .harness/project-state.yaml
  repositoryPath: .harness/project-state.yaml
  repositoryCommit: 1879ab722ac37ec140539b413e7f1150bd23df7e
  sha256: 2852d6c2dd8c9be1667d680fc331c626e03664cf2982b5f7d46d56a85ea417d4
- path: .harness/protected-paths.yaml
  repositoryPath: .harness/protected-paths.yaml
  repositoryCommit: 1879ab722ac37ec140539b413e7f1150bd23df7e
  sha256: 96b73fbc6f3452ebdbe31253be84e542dd036f08b28adb17edfd0dc10acf5ffd
- path: .harness/skills.yaml
  repositoryPath: .harness/skills.yaml
  repositoryCommit: 1879ab722ac37ec140539b413e7f1150bd23df7e
  sha256: ff2688b1c3e4620906f6d9da2eed7e6b663d0d9adc4d4f2a47c5fad672a35fad
- path: .harness/sources-of-truth.yaml
  repositoryPath: .harness/sources-of-truth.yaml
  repositoryCommit: 1879ab722ac37ec140539b413e7f1150bd23df7e
  sha256: cd9eb034a8fbe4582535d48e0388caaec6b1f4db3d2737746236114fa2637c1d
- path: .harness/task-backlog.yaml
  repositoryPath: .harness/task-backlog.yaml
  repositoryCommit: 1879ab722ac37ec140539b413e7f1150bd23df7e
  sha256: e1c150fcf98f07a91a384467828c3d4a3161d9037e8d43aeab85be37212b6fd5
- path: .harness/task-delivery-policy.yaml
  repositoryPath: .harness/task-delivery-policy.yaml
  repositoryCommit: 1879ab722ac37ec140539b413e7f1150bd23df7e
  sha256: eff4561ce8271a66fcf76f12a00ab51f46dd6ceb113109bcf8bf2e7435dfe5ea
- path: .harness/task-ledger.yaml
  repositoryPath: .harness/task-ledger.yaml
  repositoryCommit: 1879ab722ac37ec140539b413e7f1150bd23df7e
  sha256: 81a9bda4ec28c52f6e96a9bc41cae5db965e2990f69bbbbaeef1672cef2c92d8
- path: .harness/task-lifecycle.yaml
  repositoryPath: .harness/task-lifecycle.yaml
  repositoryCommit: 1879ab722ac37ec140539b413e7f1150bd23df7e
  sha256: c284af0eb75c8c1a54f536acf6d5d518c1fdda801aba17ac0eef3441af6f83a5
- path: .harness/tools.lock.yaml
  repositoryPath: .harness/tools.lock.yaml
  repositoryCommit: 1879ab722ac37ec140539b413e7f1150bd23df7e
  sha256: fb107e5b18b64a4c42fed466da1456e8093a8112c9facaa24c9206044eb18e35
- path: AGENTS.md
  repositoryPath: AGENTS.md
  repositoryCommit: 1879ab722ac37ec140539b413e7f1150bd23df7e
  sha256: 3342044d137a5a2416aa77eb760ebdc177f24e75a6c5d961454bf97cdd19969c
- path: CLAUDE.md
  repositoryPath: CLAUDE.md
  repositoryCommit: 1879ab722ac37ec140539b413e7f1150bd23df7e
  sha256: 6c491e544ff5acec1a1cfc9dc2552bad6554cf9376e4c394dcb01c23265b8259
- path: docs/evidence/TASK-0183/evidence-pack.json
  repositoryPath: docs/evidence/TASK-0183/evidence-pack.json
  repositoryCommit: 1879ab722ac37ec140539b413e7f1150bd23df7e
  sha256: 8e35d6b024c7298c861985e45844c49b3c6e135dcc4401e0bca5d9bc254ce481
- path: docs/evidence/TASK-0183/review-r1.md
  repositoryPath: docs/evidence/TASK-0183/review-r1.md
  repositoryCommit: 1879ab722ac37ec140539b413e7f1150bd23df7e
  sha256: b8637f42399996abed11b2969aa31dafd1ec278401af2b5aedb0efdb578cbb5d
- path: docs/handoffs/TASK-0183.json
  repositoryPath: docs/handoffs/TASK-0183.json
  repositoryCommit: 1879ab722ac37ec140539b413e7f1150bd23df7e
  sha256: a64c25d63b280e09b89f8d0a670c6b27f8ff4fb7f0261ef2c94c6baabe8e72ff
- path: docs/schemas/evidence-pack.schema.json
  repositoryPath: docs/schemas/evidence-pack.schema.json
  repositoryCommit: 1879ab722ac37ec140539b413e7f1150bd23df7e
  sha256: d13fadbfff99f2bef07838041785239d4611f464e7bda9ac872ba521dd77e2e6
- path: docs/schemas/handoff.schema.json
  repositoryPath: docs/schemas/handoff.schema.json
  repositoryCommit: 1879ab722ac37ec140539b413e7f1150bd23df7e
  sha256: 1b28f75b42aba9c65c9ee6337116c1bb76b611328d29de5618990f715526769b
- path: docs/tasks/TASK-0182-realtime-ticket-http-api.md
  repositoryPath: docs/tasks/TASK-0182-realtime-ticket-http-api.md
  repositoryCommit: 1879ab722ac37ec140539b413e7f1150bd23df7e
  sha256: 7fe6716e7b27063089fbe7d3c7c65caf063896bac96fa4906257d1105ba67751
- path: docs/tasks/TASK-0183-doctor-task-ledger-grandfather-derivation.md
  repositoryPath: docs/tasks/TASK-0183-doctor-task-ledger-grandfather-derivation.md
  repositoryCommit: 1879ab722ac37ec140539b413e7f1150bd23df7e
  sha256: 7b3556f1562c60fc73115ea8ad17c254c3794fe76c4e4fd371368e06c9e7c156
- path: docs/tasks/context/TASK-0183.context-lock.yaml
  repositoryPath: docs/tasks/context/TASK-0183.context-lock.yaml
  repositoryCommit: 1879ab722ac37ec140539b413e7f1150bd23df7e
  sha256: 1efd28816df0f10917bcc906a4dbcf4efcbfb2d16873fec8a130bdb6072b14e9
- path: docs/tasks/task-card-template.md
  repositoryPath: docs/tasks/task-card-template.md
  repositoryCommit: 1879ab722ac37ec140539b413e7f1150bd23df7e
  sha256: 1ed75ef0d0cfd40ac3740e4f32c703582f4b6c427d974fe36ad9a8628fc323d4
- path: owner-authorization://longline-2026-08-09
  sha256: cc0f91c1ddad24cb89128002439148384e4af8b6c8d056498ba8814a53580e95
  provenanceOnly: true
- path: scripts/dev/openapi_tool.py
  repositoryPath: scripts/dev/openapi_tool.py
  repositoryCommit: 1879ab722ac37ec140539b413e7f1150bd23df7e
  sha256: e176b00df777650d0c955a3648976fd4d1d6ec53a2db737f8e8f5f2953d38ebe
- path: service/apps/runtime/src/main/java/com/virtualcompanion/runtime/auth/config/AuthDataSourceConfig.java
  repositoryPath: service/apps/runtime/src/main/java/com/virtualcompanion/runtime/auth/config/AuthDataSourceConfig.java
  repositoryCommit: 1879ab722ac37ec140539b413e7f1150bd23df7e
  sha256: 155869dfa366eeb3d39670f97739604d762560c0aec26dad610c2e45b30b3587
- path: service/apps/runtime/src/main/java/com/virtualcompanion/runtime/realtime/web/RealtimeTicketController.java
  repositoryPath: service/apps/runtime/src/main/java/com/virtualcompanion/runtime/realtime/web/RealtimeTicketController.java
  repositoryCommit: 1879ab722ac37ec140539b413e7f1150bd23df7e
  sha256: 7f9fcc88190cb2f04b82cc2e56bb02711e2223cbabcf9cdd221fd8d6721f0649
- path: service/apps/runtime/src/main/java/com/virtualcompanion/runtime/web/RuntimeApiExceptionHandler.java
  repositoryPath: service/apps/runtime/src/main/java/com/virtualcompanion/runtime/web/RuntimeApiExceptionHandler.java
  repositoryCommit: 1879ab722ac37ec140539b413e7f1150bd23df7e
  sha256: f0bb003f7fc4f4c25b5fe0e90eb4c776612c3057711b2002705e6c9103e4d84c
- path: service/apps/runtime/src/test/java/com/virtualcompanion/runtime/realtime/web/RealtimeTicketControllerTest.java
  repositoryPath: service/apps/runtime/src/test/java/com/virtualcompanion/runtime/realtime/web/RealtimeTicketControllerTest.java
  repositoryCommit: 1879ab722ac37ec140539b413e7f1150bd23df7e
  sha256: f6ae31709a4cba4b0b080678580536cf4347201bf57dde574a5335d6f3110dff
- path: service/platform/persistence/src/main/java/com/virtualcompanion/platform/persistence/RealtimeResumeService.java
  repositoryPath: service/platform/persistence/src/main/java/com/virtualcompanion/platform/persistence/RealtimeResumeService.java
  repositoryCommit: 1879ab722ac37ec140539b413e7f1150bd23df7e
  sha256: 6f513004e1246475d81b053b665e2d1c230a5a2c7c5ee22102482fe22ffa58a3
- path: service/platform/persistence/src/main/java/com/virtualcompanion/platform/persistence/RealtimeTicketRepository.java
  repositoryPath: service/platform/persistence/src/main/java/com/virtualcompanion/platform/persistence/RealtimeTicketRepository.java
  repositoryCommit: 1879ab722ac37ec140539b413e7f1150bd23df7e
  sha256: 782ed4259c4bf20a6dc064d9f990345db7fbc1f515c1261a96c37416ef421217
- path: service/platform/persistence/src/main/java/com/virtualcompanion/platform/persistence/ResumeResult.java
  repositoryPath: service/platform/persistence/src/main/java/com/virtualcompanion/platform/persistence/ResumeResult.java
  repositoryCommit: 1879ab722ac37ec140539b413e7f1150bd23df7e
  sha256: f63317474baeeadfc10b116ec312cd473e726450f1d4ccd2dab12c5dc0fbe5ce
- path: service/platform/persistence/src/main/java/com/virtualcompanion/platform/persistence/StreamSnapshot.java
  repositoryPath: service/platform/persistence/src/main/java/com/virtualcompanion/platform/persistence/StreamSnapshot.java
  repositoryCommit: 1879ab722ac37ec140539b413e7f1150bd23df7e
  sha256: 3f0f7295eeac8c51b251042324b1c7988f27cfaf0fec2f0950b500e7c94eea8d
- path: service/platform/persistence/src/main/resources/db/migration/V8__realtime_resume_ticket_gap_reset_snapshot.sql
  repositoryPath: service/platform/persistence/src/main/resources/db/migration/V8__realtime_resume_ticket_gap_reset_snapshot.sql
  repositoryCommit: 1879ab722ac37ec140539b413e7f1150bd23df7e
  sha256: 68207ef94eb20e2d82eb6ed2ed5b9b76a07eb2d5f447fe902bf6558167d5d60a
- path: skills/contract-change/SKILL.md
  repositoryPath: skills/contract-change/SKILL.md
  repositoryCommit: 1879ab722ac37ec140539b413e7f1150bd23df7e
  sha256: a7839f57a18b160be5297791f8b4d6e3406a888dbab3751319ccf7e27c6d1692
- path: skills/task-delivery-flow/SKILL.md
  repositoryPath: skills/task-delivery-flow/SKILL.md
  repositoryCommit: 1879ab722ac37ec140539b413e7f1150bd23df7e
  sha256: 9993e863360e181f7f13c1c058868196c69bf49d85c2ba128787ca6e8a95481b
- path: skills/task-intake/SKILL.md
  repositoryPath: skills/task-intake/SKILL.md
  repositoryCommit: 1879ab722ac37ec140539b413e7f1150bd23df7e
  sha256: 025fb456212052459245bbf2b79bce38684e63e63e0e8c664ff5d69091af9c4d
- path: specs/contracts/realtime-contract.yaml
  repositoryPath: specs/contracts/realtime-contract.yaml
  repositoryCommit: 1879ab722ac37ec140539b413e7f1150bd23df7e
  sha256: 18e4f6fde9404768f73c211185e6f7b206eaa148d2c1d2ea87fa781661250670
- path: specs/openapi/virtual-companion.yaml
  repositoryPath: specs/openapi/virtual-companion.yaml
  repositoryCommit: 1879ab722ac37ec140539b413e7f1150bd23df7e
  sha256: fdffb746b6f137ae067375a66ad098ab606b27c6f744c633904ea6b38bd0dc2d
