schemaVersion: 1
taskId: TASK-0193
baseCommit: 9a9c77caeb65a3f44eb9aa77368b20f87b4ec5cf
contextFingerprint: 75d2a34582387b48dad5ec9809ff2d7abd5cfaa5ad47b489d63a752c70b0dadc
contextFingerprintAlgorithm: SHA256_ORDINAL_SORTED_PATH_EQUALS_HASH_LF_V1
pathMode: REPOSITORY_RELATIVE_AT_BASE_COMMIT
inputs:
- path: .gitattributes
  sha256: 98ef74cab7df7ea0cc4c4ed35a9fcdfadf085c657dcb4231e9f6dfef25c6faac
- path: .harness/agent-entrypoints.yaml
  sha256: 919e0397d6fed8b520798bb916bbf2d0cc594c7f703000b7e2e1d962c5b87afe
- path: .harness/ci-execution-policy.yaml
  sha256: 1c377dd7003f1c1b14ca51f29fccd951f8804b8880c03abb1adb6dde3f64d260
- path: .harness/commands.yaml
  sha256: 9f2e5019447c337a2653dc055e9cb1d92fef2e40b916ab1d0cdf55fd5b9716da
- path: .harness/invariants.yaml
  sha256: 4f623c04d31ea87294ba1347b0beeef6e23efccc593779f9857acf8f0f0b7fcb
- path: .harness/license-inventory.yaml
  sha256: 209e1c5b29e1b3f979d496c4b2fab907a6dfb85d12bee01785ac1825cbb23e81
- path: .harness/license-policy.yaml
  sha256: c13ce6bb1a0806f6ea4d47685386df6c7064b66b02173e496d47ec7468478205
- path: .harness/paid-feature-denylist.yaml
  sha256: 4f96855253f04a886e77cdcbaf0462387a380f9eca6be6e347d88bb529dc4708
- path: .harness/phase-scope.yaml
  sha256: 55f4e02048943206868b74129f85a0c73f39da9960f95b64f631a9788a9ad0e6
- path: .harness/project-state.yaml
  sha256: b397ddf8ee15c13b066268ddf79fb9f12d2a6dcc285682247225b0935ca6db2c
- path: .harness/protected-paths.yaml
  sha256: 96b73fbc6f3452ebdbe31253be84e542dd036f08b28adb17edfd0dc10acf5ffd
- path: .harness/skills.yaml
  sha256: ff2688b1c3e4620906f6d9da2eed7e6b663d0d9adc4d4f2a47c5fad672a35fad
- path: .harness/sources-of-truth.yaml
  sha256: cd9eb034a8fbe4582535d48e0388caaec6b1f4db3d2737746236114fa2637c1d
- path: .harness/task-backlog.yaml
  sha256: 7b5d5db744b1b33d090b9cf94a21beef9cd5250b71e3159f587fe8b9ab6fd87a
- path: .harness/task-delivery-policy.yaml
  sha256: eff4561ce8271a66fcf76f12a00ab51f46dd6ceb113109bcf8bf2e7435dfe5ea
- path: .harness/task-ledger.yaml
  sha256: df55298850050224b6a26a4ff3fb11ab30b9c4b6f5655377403731ffbc795f18
- path: .harness/task-lifecycle.yaml
  sha256: c284af0eb75c8c1a54f536acf6d5d518c1fdda801aba17ac0eef3441af6f83a5
- path: .harness/tools.lock.yaml
  sha256: fb107e5b18b64a4c42fed466da1456e8093a8112c9facaa24c9206044eb18e35
- path: AGENTS.md
  sha256: 3342044d137a5a2416aa77eb760ebdc177f24e75a6c5d961454bf97cdd19969c
- path: CLAUDE.md
  sha256: 6c491e544ff5acec1a1cfc9dc2552bad6554cf9376e4c394dcb01c23265b8259
- path: docs/evidence/TASK-0191/evidence-pack.json
  sha256: 06744df9b90d90730d9dd75d17b9b9d1c7425fa2176618def686d39fd2374003
- path: docs/evidence/TASK-0191/review-r1.md
  sha256: f061c54e28ad7e266506279434564d3f1c867ce2728b666e4d00e33b5c7c87af
- path: docs/evidence/TASK-0192/evidence-pack.json
  sha256: dd5c6743af91ff1ec886445d1d90859612297deadb4cd06a23cd0c19e24545ab
- path: docs/evidence/TASK-0192/review-r1.md
  sha256: 0f0d3b5c4aeacc08ce1e842a1a0d0b42a9eaef2dacc63222a085a109fd19ff59
- path: docs/handoffs/TASK-0191.json
  sha256: 21a20a71777dec35f3eae607dad1aab47528d619feb01cac0978a8140e173ab3
- path: docs/handoffs/TASK-0192.json
  sha256: 83d496f4fe0cbcbf550372d2512e8083f4ab146273dbae0027d16dd12423edc8
- path: docs/schemas/evidence-pack.schema.json
  sha256: d13fadbfff99f2bef07838041785239d4611f464e7bda9ac872ba521dd77e2e6
- path: docs/schemas/handoff.schema.json
  sha256: 1b28f75b42aba9c65c9ee6337116c1bb76b611328d29de5618990f715526769b
- path: docs/tasks/TASK-0191-owner-context-rls-trust-model.md
  sha256: 9517cf4d957b9c093e6724c944a94842a4837cdf02c5abe8c3af2f7fa53012ce
- path: docs/tasks/TASK-0192-harness-amendment-diffscope-recovery.md
  sha256: 50e260453ccbdc14649181231be4f0794a1158586db0cf4c01b81a710dd64f11
- path: docs/tasks/context/TASK-0191.context-lock.yaml
  sha256: e1b4968b478a5cf08119f97e1392eced236a46272d098af6a920dfa22bb2488b
- path: docs/tasks/context/TASK-0192.context-lock.yaml
  sha256: d80dc5b1add4484744554e084b76a0073269b084df97a37206e8f327df0a5328
- path: docs/tasks/task-card-template.md
  sha256: 1ed75ef0d0cfd40ac3740e4f32c703582f4b6c427d974fe36ad9a8628fc323d4
- path: infra/db/run-rls-tests.sh
  sha256: 092e6a42df352ce55ede67472a655f8e3122346c4231ebd180ab9c48900a0050
- path: requirements-harness.txt
  sha256: 83d1f52f5919c76fa38295e848f732dde28547b617fdadf4ed12159b719dae7c
- path: scripts/harness/doctor.py
  sha256: 663b5ca07a9a6cd7407414095bd0a970942df40e854bf2484561003b920a1a4c
- path: service/apps/runtime/src/main/java/com/virtualcompanion/runtime/auth/tenant/OwnerContext.java
  sha256: f97004c600738ca23f10e8f9514d2fe4ff652b36d77b2bd72ff5a930bc88fd55
- path: service/apps/runtime/src/main/resources/application.yaml
  sha256: b624a91504f6692088b0e78d5c683a8f61e488f471ec100ffa177a875fff5363
- path: service/platform/persistence/src/main/resources/db/migration/V27__owner_context_cryptographic_binding.sql
  sha256: 7fa9273e7823f0642355a36de45372693d3ef695d21abe01cc1b2926cdc01fe7
- path: skills/database-migration/SKILL.md
  sha256: 0a2f4720d5b236b115526b309a1f551ca3051d8f37762a9b025c984a43386948
- path: skills/task-delivery-flow/SKILL.md
  sha256: ed487482694a2f42e5b90cf0f8cb92d3f43af587e08ef4dba6e0d10e27fcb07f
- path: skills/task-intake/SKILL.md
  sha256: 544132d880e41b8b0491fd1b43046ca32f6a3d070a1bd4d6d1fdc5812e0e23db
