taskId: TASK-0154
baseCommit: 2c97bad86ce655cc98f5bc70ad99907ab8a2bd16
contextFingerprint: 0372e2f45e916a3cb63dab273f27c5450292368d77495f1facb391cbdd5bee6f
contextFingerprintAlgorithm: SHA256_ORDINAL_SORTED_PATH_EQUALS_HASH_LF_V1
pathMode: REPOSITORY_RELATIVE_AT_BASE_COMMIT
inputs:
- path: .harness/ci-execution-policy.yaml
  repositoryPath: .harness/ci-execution-policy.yaml
  repositoryCommit: 2c97bad86ce655cc98f5bc70ad99907ab8a2bd16
  sha256: 666976659494a5e5188e3b37c933fcc5cb1522c958d1d4f55565a4172a9be43b
- path: .harness/commands.yaml
  repositoryPath: .harness/commands.yaml
  repositoryCommit: 2c97bad86ce655cc98f5bc70ad99907ab8a2bd16
  sha256: 9f2e5019447c337a2653dc055e9cb1d92fef2e40b916ab1d0cdf55fd5b9716da
- path: .harness/invariants.yaml
  repositoryPath: .harness/invariants.yaml
  repositoryCommit: 2c97bad86ce655cc98f5bc70ad99907ab8a2bd16
  sha256: 4f623c04d31ea87294ba1347b0beeef6e23efccc593779f9857acf8f0f0b7fcb
- path: .harness/project-state.yaml
  repositoryPath: .harness/project-state.yaml
  repositoryCommit: 2c97bad86ce655cc98f5bc70ad99907ab8a2bd16
  sha256: bc3701c58d53c0e7585c2a9bd243f415f935f27e4614f898a06bafb5404e1005
- path: .harness/protected-paths.yaml
  repositoryPath: .harness/protected-paths.yaml
  repositoryCommit: 2c97bad86ce655cc98f5bc70ad99907ab8a2bd16
  sha256: 96b73fbc6f3452ebdbe31253be84e542dd036f08b28adb17edfd0dc10acf5ffd
- path: .harness/skills.yaml
  repositoryPath: .harness/skills.yaml
  repositoryCommit: 2c97bad86ce655cc98f5bc70ad99907ab8a2bd16
  sha256: ff2688b1c3e4620906f6d9da2eed7e6b663d0d9adc4d4f2a47c5fad672a35fad
- path: .harness/sources-of-truth.yaml
  repositoryPath: .harness/sources-of-truth.yaml
  repositoryCommit: 2c97bad86ce655cc98f5bc70ad99907ab8a2bd16
  sha256: cd9eb034a8fbe4582535d48e0388caaec6b1f4db3d2737746236114fa2637c1d
- path: .harness/task-backlog.yaml
  repositoryPath: .harness/task-backlog.yaml
  repositoryCommit: 2c97bad86ce655cc98f5bc70ad99907ab8a2bd16
  sha256: e1c150fcf98f07a91a384467828c3d4a3161d9037e8d43aeab85be37212b6fd5
- path: .harness/task-delivery-policy.yaml
  repositoryPath: .harness/task-delivery-policy.yaml
  repositoryCommit: 2c97bad86ce655cc98f5bc70ad99907ab8a2bd16
  sha256: eff4561ce8271a66fcf76f12a00ab51f46dd6ceb113109bcf8bf2e7435dfe5ea
- path: .harness/task-ledger.yaml
  repositoryPath: .harness/task-ledger.yaml
  repositoryCommit: 2c97bad86ce655cc98f5bc70ad99907ab8a2bd16
  sha256: a53f5256e43b90e238673c441b99d530677bab64360f13afeaedbb067cda7085
- path: .harness/task-lifecycle.yaml
  repositoryPath: .harness/task-lifecycle.yaml
  repositoryCommit: 2c97bad86ce655cc98f5bc70ad99907ab8a2bd16
  sha256: c284af0eb75c8c1a54f536acf6d5d518c1fdda801aba17ac0eef3441af6f83a5
- path: .harness/tools.lock.yaml
  repositoryPath: .harness/tools.lock.yaml
  repositoryCommit: 2c97bad86ce655cc98f5bc70ad99907ab8a2bd16
  sha256: fb107e5b18b64a4c42fed466da1456e8093a8112c9facaa24c9206044eb18e35
- path: AGENTS.md
  repositoryPath: AGENTS.md
  repositoryCommit: 2c97bad86ce655cc98f5bc70ad99907ab8a2bd16
  sha256: 3342044d137a5a2416aa77eb760ebdc177f24e75a6c5d961454bf97cdd19969c
- path: CLAUDE.md
  repositoryPath: CLAUDE.md
  repositoryCommit: 2c97bad86ce655cc98f5bc70ad99907ab8a2bd16
  sha256: 6c491e544ff5acec1a1cfc9dc2552bad6554cf9376e4c394dcb01c23265b8259
- path: docs/evidence/TASK-0109/zcode-remediation-handoff.md
  repositoryPath: docs/evidence/TASK-0109/zcode-remediation-handoff.md
  repositoryCommit: 2c97bad86ce655cc98f5bc70ad99907ab8a2bd16
  sha256: 04bc8d6145db5c7c6f77875e0cdb9b4a35ec187c514687f18af005a06a97efda
- path: docs/evidence/TASK-0153/evidence-pack.json
  repositoryPath: docs/evidence/TASK-0153/evidence-pack.json
  repositoryCommit: 2c97bad86ce655cc98f5bc70ad99907ab8a2bd16
  sha256: 7ee486424636aee6ce72def26ca50008152ebcb3eef72a5ad1f7f3420a9f3ff8
- path: docs/evidence/TASK-0153/review-r1.md
  repositoryPath: docs/evidence/TASK-0153/review-r1.md
  repositoryCommit: 2c97bad86ce655cc98f5bc70ad99907ab8a2bd16
  sha256: d5ddd3e897c72ea4e68b5084a237c558c023b851ab48fdf1acbc8589ab55f0e6
- path: docs/handoffs/TASK-0153.json
  repositoryPath: docs/handoffs/TASK-0153.json
  repositoryCommit: 2c97bad86ce655cc98f5bc70ad99907ab8a2bd16
  sha256: 0fdbae5b96368462a2620283ab78fa640e8b147ae413c7bc76566bd0e9b17000
- path: docs/schemas/evidence-pack.schema.json
  repositoryPath: docs/schemas/evidence-pack.schema.json
  repositoryCommit: 2c97bad86ce655cc98f5bc70ad99907ab8a2bd16
  sha256: d13fadbfff99f2bef07838041785239d4611f464e7bda9ac872ba521dd77e2e6
- path: docs/schemas/handoff.schema.json
  repositoryPath: docs/schemas/handoff.schema.json
  repositoryCommit: 2c97bad86ce655cc98f5bc70ad99907ab8a2bd16
  sha256: 1b28f75b42aba9c65c9ee6337116c1bb76b611328d29de5618990f715526769b
- path: docs/tasks/TASK-0153-db-dml-rev-role-attribute-fail-closed.md
  repositoryPath: docs/tasks/TASK-0153-db-dml-rev-role-attribute-fail-closed.md
  repositoryCommit: 2c97bad86ce655cc98f5bc70ad99907ab8a2bd16
  sha256: 1fb872de96f06c334dd6c4dec6fbd4ca79057725e091e8175d589b26d77b6cd5
- path: docs/tasks/task-card-template.md
  repositoryPath: docs/tasks/task-card-template.md
  repositoryCommit: 2c97bad86ce655cc98f5bc70ad99907ab8a2bd16
  sha256: 1ed75ef0d0cfd40ac3740e4f32c703582f4b6c427d974fe36ad9a8628fc323d4
- path: infra/db/run-rls-tests.sh
  repositoryPath: infra/db/run-rls-tests.sh
  repositoryCommit: 2c97bad86ce655cc98f5bc70ad99907ab8a2bd16
  sha256: 092e6a42df352ce55ede67472a655f8e3122346c4231ebd180ab9c48900a0050
- path: owner-authorization://longline-2026-08-09
  repositoryPath: owner-authorization://longline-2026-08-09
  sha256: cc0f91c1ddad24cb89128002439148384e4af8b6c8d056498ba8814a53580e95
  provenanceOnly: true
- path: pom.xml
  repositoryPath: pom.xml
  repositoryCommit: 2c97bad86ce655cc98f5bc70ad99907ab8a2bd16
  sha256: b4c91c41c074f1e1d67c5f17b600004961c9a1af9959f9f10379bfe5e990cdb0
- path: scripts/harness/doctor.py
  repositoryPath: scripts/harness/doctor.py
  repositoryCommit: 2c97bad86ce655cc98f5bc70ad99907ab8a2bd16
  sha256: f07eb32a1ea1c6cc29e7b203b62fb644431661e1848bb3b242b9bb8c6fef14c9
- path: scripts/harness/precheck.py
  repositoryPath: scripts/harness/precheck.py
  repositoryCommit: 2c97bad86ce655cc98f5bc70ad99907ab8a2bd16
  sha256: 6a5b02e99efea0502c16ad8aa6d75228656f35c086b70ac11c2ac19851a9ba20
- path: scripts/harness/tests/test_harness.py
  repositoryPath: scripts/harness/tests/test_harness.py
  repositoryCommit: 2c97bad86ce655cc98f5bc70ad99907ab8a2bd16
  sha256: a6189d11e8cb99d6ac5a1ccfa3b3036eead45e5f6a159bc8ae4e80294b9fc122
- path: service/apps/runtime/src/main/java/com/virtualcompanion/runtime/auth/config/AuthDataSourceConfig.java
  repositoryPath: service/apps/runtime/src/main/java/com/virtualcompanion/runtime/auth/config/AuthDataSourceConfig.java
  repositoryCommit: 2c97bad86ce655cc98f5bc70ad99907ab8a2bd16
  sha256: 958d04d02425ef270b2a5e673d6b30cd3933d7cd11e2f1eca1ac0c384d5da755
- path: service/apps/runtime/src/main/resources/application.yaml
  repositoryPath: service/apps/runtime/src/main/resources/application.yaml
  repositoryCommit: 2c97bad86ce655cc98f5bc70ad99907ab8a2bd16
  sha256: 0d6298ba4b016ce564f8aa498a23818de6e8f601e1263e9709ea5fefcc1d9e38
- path: service/platform/persistence/pom.xml
  repositoryPath: service/platform/persistence/pom.xml
  repositoryCommit: 2c97bad86ce655cc98f5bc70ad99907ab8a2bd16
  sha256: a6bb2ec4007ee7ab1f9c6b61ea48cf9a436c579013a789145366e050d578b186
- path: service/platform/persistence/src/main/java/com/virtualcompanion/platform/persistence/ConversationRepository.java
  repositoryPath: service/platform/persistence/src/main/java/com/virtualcompanion/platform/persistence/ConversationRepository.java
  repositoryCommit: 2c97bad86ce655cc98f5bc70ad99907ab8a2bd16
  sha256: d01e1abbe7300d3fb3706f0f397c484c240dc83b434e2ade9a5b59b623b83329
- path: service/platform/persistence/src/main/java/com/virtualcompanion/platform/persistence/FinalizeGenerationService.java
  repositoryPath: service/platform/persistence/src/main/java/com/virtualcompanion/platform/persistence/FinalizeGenerationService.java
  repositoryCommit: 2c97bad86ce655cc98f5bc70ad99907ab8a2bd16
  sha256: 0fc8fe23c0a3653368ee60fd5fc00569cae7fe009c82c3f3d4459c8debc6e50f
- path: service/platform/persistence/src/main/java/com/virtualcompanion/platform/persistence/GenerationReceiveService.java
  repositoryPath: service/platform/persistence/src/main/java/com/virtualcompanion/platform/persistence/GenerationReceiveService.java
  repositoryCommit: 2c97bad86ce655cc98f5bc70ad99907ab8a2bd16
  sha256: 10c2c29ffd9f8d8497ec83cd7089eea96c90a57e59f2786195d3b9f701265773
- path: service/platform/persistence/src/main/java/com/virtualcompanion/platform/persistence/IdentityAccountRepository.java
  repositoryPath: service/platform/persistence/src/main/java/com/virtualcompanion/platform/persistence/IdentityAccountRepository.java
  repositoryCommit: 2c97bad86ce655cc98f5bc70ad99907ab8a2bd16
  sha256: df46287c34ea74d18f5d2d03eae33884736bbb998a71f86225788e5ed92e69a1
- path: service/platform/persistence/src/main/java/com/virtualcompanion/platform/persistence/IdentityRefreshTokenRepository.java
  repositoryPath: service/platform/persistence/src/main/java/com/virtualcompanion/platform/persistence/IdentityRefreshTokenRepository.java
  repositoryCommit: 2c97bad86ce655cc98f5bc70ad99907ab8a2bd16
  sha256: 4dfef46ead4750256534d58160c899c3deb4a4a160c4b238bde45818b178d860
- path: service/platform/persistence/src/main/java/com/virtualcompanion/platform/persistence/JdbcAuthorizationSnapshotStore.java
  repositoryPath: service/platform/persistence/src/main/java/com/virtualcompanion/platform/persistence/JdbcAuthorizationSnapshotStore.java
  repositoryCommit: 2c97bad86ce655cc98f5bc70ad99907ab8a2bd16
  sha256: 258839d577c2df7cd20f21463eec6b16522a36d4779a83ef5d1c65ac3731f32b
- path: service/platform/persistence/src/main/java/com/virtualcompanion/platform/persistence/MessageRepository.java
  repositoryPath: service/platform/persistence/src/main/java/com/virtualcompanion/platform/persistence/MessageRepository.java
  repositoryCommit: 2c97bad86ce655cc98f5bc70ad99907ab8a2bd16
  sha256: 9426c334e76374ca327f6b7f717256777ff3f688df20ad856fa1124c01fbf684
- path: service/platform/persistence/src/main/java/com/virtualcompanion/platform/persistence/RealtimeEventRepository.java
  repositoryPath: service/platform/persistence/src/main/java/com/virtualcompanion/platform/persistence/RealtimeEventRepository.java
  repositoryCommit: 2c97bad86ce655cc98f5bc70ad99907ab8a2bd16
  sha256: 10e0b19c0cdad1e1ff6b6b58a8cb98215a8840de745dfc091cb04fc77bf9dff2
- path: service/platform/persistence/src/main/java/com/virtualcompanion/platform/persistence/RealtimeResumeService.java
  repositoryPath: service/platform/persistence/src/main/java/com/virtualcompanion/platform/persistence/RealtimeResumeService.java
  repositoryCommit: 2c97bad86ce655cc98f5bc70ad99907ab8a2bd16
  sha256: 6f513004e1246475d81b053b665e2d1c230a5a2c7c5ee22102482fe22ffa58a3
- path: service/platform/persistence/src/main/java/com/virtualcompanion/platform/persistence/RealtimeTicketRepository.java
  repositoryPath: service/platform/persistence/src/main/java/com/virtualcompanion/platform/persistence/RealtimeTicketRepository.java
  repositoryCommit: 2c97bad86ce655cc98f5bc70ad99907ab8a2bd16
  sha256: 782ed4259c4bf20a6dc064d9f990345db7fbc1f515c1261a96c37416ef421217
- path: service/platform/persistence/src/main/java/com/virtualcompanion/platform/persistence/WorkItemClaimService.java
  repositoryPath: service/platform/persistence/src/main/java/com/virtualcompanion/platform/persistence/WorkItemClaimService.java
  repositoryCommit: 2c97bad86ce655cc98f5bc70ad99907ab8a2bd16
  sha256: f6e627dc2286c31f58224b1249dfcdba4b6ba6ed215e3005b6a0103a362527fd
- path: service/platform/persistence/src/main/resources/db/migration/V10__generation_cancel_message_history.sql
  repositoryPath: service/platform/persistence/src/main/resources/db/migration/V10__generation_cancel_message_history.sql
  repositoryCommit: 2c97bad86ce655cc98f5bc70ad99907ab8a2bd16
  sha256: 051bcb31f007db217f732a73fd6254928f5e1743edf815ae65338b01c85609fe
- path: service/platform/persistence/src/main/resources/db/migration/V11__canonical_memory_lifecycle.sql
  repositoryPath: service/platform/persistence/src/main/resources/db/migration/V11__canonical_memory_lifecycle.sql
  repositoryCommit: 2c97bad86ce655cc98f5bc70ad99907ab8a2bd16
  sha256: 3ec7074a1be9ea68d8fb104e41d3a864fe79ebad2007d30bc09a2a8ae866a15a
- path: service/platform/persistence/src/main/resources/db/migration/V12__memory_candidate_management_api.sql
  repositoryPath: service/platform/persistence/src/main/resources/db/migration/V12__memory_candidate_management_api.sql
  repositoryCommit: 2c97bad86ce655cc98f5bc70ad99907ab8a2bd16
  sha256: 440708c6b3d18c2e0a9b082a26e92973eca32c81565338773639839ce77ef5c0
- path: service/platform/persistence/src/main/resources/db/migration/V13__memory_recall_context_tombstone.sql
  repositoryPath: service/platform/persistence/src/main/resources/db/migration/V13__memory_recall_context_tombstone.sql
  repositoryCommit: 2c97bad86ce655cc98f5bc70ad99907ab8a2bd16
  sha256: 98c726560f6011ad75b874d3f8220916732504bbe755ed02531eaff6f68f51ea
- path: service/platform/persistence/src/main/resources/db/migration/V14__identity_accounts_sessions.sql
  repositoryPath: service/platform/persistence/src/main/resources/db/migration/V14__identity_accounts_sessions.sql
  repositoryCommit: 2c97bad86ce655cc98f5bc70ad99907ab8a2bd16
  sha256: 17f14469bcfd95bbb73b42fcdd1a887f1673d231f49af1f1912e7c5478818316
- path: service/platform/persistence/src/main/resources/db/migration/V15__provider_attempt_terminal_transitions.sql
  repositoryPath: service/platform/persistence/src/main/resources/db/migration/V15__provider_attempt_terminal_transitions.sql
  repositoryCommit: 2c97bad86ce655cc98f5bc70ad99907ab8a2bd16
  sha256: 4e24046cf645bd1c7feaa1cc6da079926426e75641a25e7895970f487185b6c6
- path: service/platform/persistence/src/main/resources/db/migration/V16__revoke_business_dml_correct_role_attributes.sql
  repositoryPath: service/platform/persistence/src/main/resources/db/migration/V16__revoke_business_dml_correct_role_attributes.sql
  repositoryCommit: 2c97bad86ce655cc98f5bc70ad99907ab8a2bd16
  sha256: 2cc2d63616740c33e02034f9a93afe9f2fee2fd44c6a8a86a6e95337139ecf91
- path: service/platform/persistence/src/main/resources/db/migration/V1__extensions_roles_functions.sql
  repositoryPath: service/platform/persistence/src/main/resources/db/migration/V1__extensions_roles_functions.sql
  repositoryCommit: 2c97bad86ce655cc98f5bc70ad99907ab8a2bd16
  sha256: 660d1885784da00a99271d8fe5c0aac10856c3cbf53cf93712efda5589418555
- path: service/platform/persistence/src/main/resources/db/migration/V2__user_domain_ownership.sql
  repositoryPath: service/platform/persistence/src/main/resources/db/migration/V2__user_domain_ownership.sql
  repositoryCommit: 2c97bad86ce655cc98f5bc70ad99907ab8a2bd16
  sha256: ffe0c1db251f13e1130ee1b716461b51ef7ab0a8d8b3a9608f2508abd66ddab1
- path: service/platform/persistence/src/main/resources/db/migration/V3__authorization_snapshot.sql
  repositoryPath: service/platform/persistence/src/main/resources/db/migration/V3__authorization_snapshot.sql
  repositoryCommit: 2c97bad86ce655cc98f5bc70ad99907ab8a2bd16
  sha256: a1d3e1a6cb28e4706084c3b26c7ed6f25d1d841e929ddcfd82373cf3de85c5a4
- path: service/platform/persistence/src/main/resources/db/migration/V4__provider_registry.sql
  repositoryPath: service/platform/persistence/src/main/resources/db/migration/V4__provider_registry.sql
  repositoryCommit: 2c97bad86ce655cc98f5bc70ad99907ab8a2bd16
  sha256: c40b8161ff364b959cdbd732fa5678256eceb09de6d8e9b4870dcac5ff40a3d5
- path: service/platform/persistence/src/main/resources/db/migration/V5__worker_claim_lease_fence.sql
  repositoryPath: service/platform/persistence/src/main/resources/db/migration/V5__worker_claim_lease_fence.sql
  repositoryCommit: 2c97bad86ce655cc98f5bc70ad99907ab8a2bd16
  sha256: f090e3fc99a5d426ec596046ff090d4c799b98d21d611abb81d47177c76ba0d7
- path: service/platform/persistence/src/main/resources/db/migration/V6__conversation_generation_persistence.sql
  repositoryPath: service/platform/persistence/src/main/resources/db/migration/V6__conversation_generation_persistence.sql
  repositoryCommit: 2c97bad86ce655cc98f5bc70ad99907ab8a2bd16
  sha256: 2c7c7a30c0aadecd1100b4a6f9c69768016e62220706bb9e88134a77b5163a3c
- path: service/platform/persistence/src/main/resources/db/migration/V7__finalize_generation_usage_quota_outbox.sql
  repositoryPath: service/platform/persistence/src/main/resources/db/migration/V7__finalize_generation_usage_quota_outbox.sql
  repositoryCommit: 2c97bad86ce655cc98f5bc70ad99907ab8a2bd16
  sha256: 72faf51f97168330a632b30aee420c3d735f3736e3e381543b82c491465edab1
- path: service/platform/persistence/src/main/resources/db/migration/V8__realtime_resume_ticket_gap_reset_snapshot.sql
  repositoryPath: service/platform/persistence/src/main/resources/db/migration/V8__realtime_resume_ticket_gap_reset_snapshot.sql
  repositoryCommit: 2c97bad86ce655cc98f5bc70ad99907ab8a2bd16
  sha256: 68207ef94eb20e2d82eb6ed2ed5b9b76a07eb2d5f447fe902bf6558167d5d60a
- path: service/platform/persistence/src/main/resources/db/migration/V9__relationship_active_companion_limit.sql
  repositoryPath: service/platform/persistence/src/main/resources/db/migration/V9__relationship_active_companion_limit.sql
  repositoryCommit: 2c97bad86ce655cc98f5bc70ad99907ab8a2bd16
  sha256: 31c21c658215f6efa9dc9f3429b5d526b04d891c9b00e6a783dc553194fc6e1c
- path: skills/database-migration/SKILL.md
  repositoryPath: skills/database-migration/SKILL.md
  repositoryCommit: 2c97bad86ce655cc98f5bc70ad99907ab8a2bd16
  sha256: 0a2f4720d5b236b115526b309a1f551ca3051d8f37762a9b025c984a43386948
- path: skills/task-delivery-flow/SKILL.md
  repositoryPath: skills/task-delivery-flow/SKILL.md
  repositoryCommit: 2c97bad86ce655cc98f5bc70ad99907ab8a2bd16
  sha256: 9993e863360e181f7f13c1c058868196c69bf49d85c2ba128787ca6e8a95481b
- path: skills/task-intake/SKILL.md
  repositoryPath: skills/task-intake/SKILL.md
  repositoryCommit: 2c97bad86ce655cc98f5bc70ad99907ab8a2bd16
  sha256: 025fb456212052459245bbf2b79bce38684e63e63e0e8c664ff5d69091af9c4d
- path: specs/contracts/database-ownership-contract.yaml
  repositoryPath: specs/contracts/database-ownership-contract.yaml
  repositoryCommit: 2c97bad86ce655cc98f5bc70ad99907ab8a2bd16
  sha256: fa2ca370c1cc21165ac408e746cd4022f76d4a56e24816bae2acc1441f711ba6
