schemaVersion: 1
taskId: TASK-0014
baseCommit: 36ef39e15ecd2c5f3863237400bca2b9fe543766
contextFingerprint: c23821a0fa80bda399cdbd9e1b7244e5ba1ce8826959137d923333ca3464cb36
contextFingerprintAlgorithm: SHA256_ORDINAL_SORTED_PATH_EQUALS_HASH_LF_V1
pathMode: REPOSITORY_RELATIVE_AT_BASE_COMMIT
inputs:
- path: .gitattributes
  sha256: 98ef74cab7df7ea0cc4c4ed35a9fcdfadf085c657dcb4231e9f6dfef25c6faac
- path: .harness/ci-execution-policy.yaml
  sha256: aba294e0c4986b3f01035ef9903ac7da631ff224e037f8faa01c26219ced51cb
- path: .harness/commands.yaml
  sha256: 35af171f3c83fdbe0adc691789b14f16fff297475046e9d88e91c115a66df720
- path: .harness/invariants.yaml
  sha256: 4f623c04d31ea87294ba1347b0beeef6e23efccc593779f9857acf8f0f0b7fcb
- path: .harness/project-state.yaml
  sha256: b31a3d7d2de1bc2ff263c4d3468071896a92d6bfd5c9f5c6b44862cd5bf04169
- path: .harness/protected-paths.yaml
  sha256: 96b73fbc6f3452ebdbe31253be84e542dd036f08b28adb17edfd0dc10acf5ffd
- path: .harness/skills.yaml
  sha256: bfa02415f111ce99cc39949934194165745d212fe3d57fb0485bbea736c44ee4
- path: .harness/sources-of-truth.yaml
  sha256: cd9eb034a8fbe4582535d48e0388caaec6b1f4db3d2737746236114fa2637c1d
- path: .harness/task-backlog.yaml
  sha256: dd20b607ac90a08656c4f4e12d7e7211ffcb8be8efb2a44a360d8eb57de4d266
- path: .harness/task-delivery-policy.yaml
  sha256: eff4561ce8271a66fcf76f12a00ab51f46dd6ceb113109bcf8bf2e7435dfe5ea
- path: .harness/task-ledger.yaml
  sha256: 7669a0f97715a29f9f364c84515bd203e4477d3447c176ef4f92a728ce824704
- path: .harness/task-lifecycle.yaml
  sha256: c284af0eb75c8c1a54f536acf6d5d518c1fdda801aba17ac0eef3441af6f83a5
- path: .harness/tools.lock.yaml
  sha256: fb107e5b18b64a4c42fed466da1456e8093a8112c9facaa24c9206044eb18e35
- path: AGENTS.md
  sha256: 8c04d7dc1af1a04ccd9e3fab64b9a071e1a3f143610a08367e8cfce3e91d390c
- path: docs/evidence/TASK-0082/evidence-pack.json
  sha256: e0025101884e2161f3cf16676ea523f4d6d290654a3f8700e055dd5128e92595
- path: docs/handoffs/TASK-0082.json
  sha256: c9066f7057f759d0c83022dfa6efc9d551470d4377a0fae7d433a84ac9e3ef6f
- path: docs/schemas/evidence-pack.schema.json
  sha256: d13fadbfff99f2bef07838041785239d4611f464e7bda9ac872ba521dd77e2e6
- path: docs/schemas/handoff.schema.json
  sha256: 1b28f75b42aba9c65c9ee6337116c1bb76b611328d29de5618990f715526769b
- path: docs/tasks/TASK-0014-execution-authorization-guard.md
  sha256: a4f9d9ed4bfaefef07cec4a128f3abb2edf47dec034796ce746be3bcfb16c492
- path: docs/tasks/task-card-template.md
  sha256: 1ed75ef0d0cfd40ac3740e4f32c703582f4b6c427d974fe36ad9a8628fc323d4
- path: requirements-harness.txt
  sha256: 15a0b1ad3059a055847bf367d43a7d3c138b791d2bf67d8b6a53f982edda1dd3
- path: scripts/harness/doctor.py
  sha256: 9bd14e65618bb4c5d91633aea50afc8e0c95a321deebdd5b450e9ec17754f04b
- path: scripts/harness/harness_common.py
  sha256: 00bfe627e1707cd849cd1c4adc536d581cad444dbf7a0c95734c97ece365e8c4
- path: scripts/harness/precheck.py
  sha256: 5a8df0760fa2fd37932bc66408d4d0593a47824362907ab63d244e1b6a99bca9
- path: scripts/harness/tests/test_harness.py
  sha256: 1da378cb6c34b91bbe50fe0cd1f595e95b019888a7c4559c70655a4e74d1031c
- path: service/modules/modelruntime/src/main/java/com/virtualcompanion/modelruntime/contract/ContractChecks.java
  sha256: 612626ee37ecf4e49464d2729453fe20d5497ce6ead29d7a265c8d1e97c79964
- path: service/modules/modelruntime/src/main/java/com/virtualcompanion/modelruntime/contract/InvocationBinding.java
  sha256: a1cb08ea2daa1c48ec62f7b122942745620dbe20a4716d448e84e11b3c787f36
- path: service/modules/modelruntime/src/main/java/com/virtualcompanion/modelruntime/contract/OwnershipTuple.java
  sha256: 61ebbe8aabaf59dcc7106a9f5fb25ea23b709261105974f01dea63553f13f267
- path: service/modules/modelruntime/src/main/java/com/virtualcompanion/modelruntime/guard/ModelProtocolEventFence.java
  sha256: bd0712fc0297d640807b96d0b4f555d57d14d661c032b1888d88bf13a66e5a29
- path: service/modules/modelruntime/src/main/java/com/virtualcompanion/modelruntime/registry/ProviderRegistry.java
  sha256: c5383b71142a43acb864b47efc0b8669fa4b5c48128721d8f5907a9a04b6bc2e
- path: skills/model-routing-change/SKILL.md
  sha256: f988a9be9f21a93a724ca1d62280862107bf22baa1dae410bcfe89aaeae58ded
- path: skills/task-delivery-flow/SKILL.md
  sha256: bb16b21ede941ebbd4bff6794784a4e902583268ba04488bae8e0a581c2e9744
- path: skills/task-intake/SKILL.md
  sha256: 28bba1ef4e3b7a8274297529dea1bcd80aebde7c35efb63c9ea1b5bc35523e12
- path: specs/catalog/data-categories.yaml
  sha256: 40f6ea94b1031c84acc60a0acb5fe493a06981db94d5bd2dbc7993558cf6e396
- path: specs/catalog/processing-purposes.yaml
  sha256: 463a700d1b4f4f93b2fcf6e81b0331050d6ceaccdfcff867f31c90f09035606f
- path: specs/contracts/authorization-contract.yaml
  sha256: 64cf6f37928d7cf81cefaeda9d3ab9b08243160a8538055952c2cff2cdbad887
