schemaVersion: 1
taskId: TASK-0030
baseCommit: f4fc986e5848a6ba863fa1e3a8c9e91b0ba71fba
contextFingerprint: bfb88a10d5002de0d061b8f64a899e58a13c063703aab72006a45841bb64b87a
contextFingerprintAlgorithm: SHA256_ORDINAL_SORTED_PATH_EQUALS_HASH_LF_V1
pathMode: REPOSITORY_RELATIVE_AT_BASE_COMMIT
inputs:
- path: .gitattributes
  sha256: 98ef74cab7df7ea0cc4c4ed35a9fcdfadf085c657dcb4231e9f6dfef25c6faac
- path: .harness/ci-execution-policy.yaml
  sha256: aba294e0c4986b3f01035ef9903ac7da631ff224e037f8faa01c26219ced51cb
- path: .harness/commands.yaml
  sha256: 35af171f3c83fdbe0adc691789b14f16fff297475046e9d88e91c115a66df720
- path: .harness/invariants.yaml
  sha256: 4f623c04d31ea87294ba1347b0beeef6e23efccc593779f9857acf8f0f0b7fcb
- path: .harness/project-state.yaml
  sha256: a99e4ce7df029cde3cca70a75ffaedf1c824ce06bcb4bcd3b0be3497376365a9
- path: .harness/protected-paths.yaml
  sha256: 96b73fbc6f3452ebdbe31253be84e542dd036f08b28adb17edfd0dc10acf5ffd
- path: .harness/skills.yaml
  sha256: bfa02415f111ce99cc39949934194165745d212fe3d57fb0485bbea736c44ee4
- path: .harness/sources-of-truth.yaml
  sha256: cd9eb034a8fbe4582535d48e0388caaec6b1f4db3d2737746236114fa2637c1d
- path: .harness/task-backlog.yaml
  sha256: dd20b607ac90a08656c4f4e12d7e7211ffcb8be8efb2a44a360d8eb57de4d266
- path: .harness/task-delivery-policy.yaml
  sha256: eff4561ce8271a66fcf76f12a00ab51f46dd6ceb113109bcf8bf2e7435dfe5ea
- path: .harness/task-ledger.yaml
  sha256: 04f7d4b49546758322694a9d1b7db1aff090ac6fdb66f31504bce03b2d7e1238
- path: .harness/task-lifecycle.yaml
  sha256: c284af0eb75c8c1a54f536acf6d5d518c1fdda801aba17ac0eef3441af6f83a5
- path: .harness/tools.lock.yaml
  sha256: fb107e5b18b64a4c42fed466da1456e8093a8112c9facaa24c9206044eb18e35
- path: AGENTS.md
  sha256: 8c04d7dc1af1a04ccd9e3fab64b9a071e1a3f143610a08367e8cfce3e91d390c
- path: CLAUDE.md
  sha256: 6c491e544ff5acec1a1cfc9dc2552bad6554cf9376e4c394dcb01c23265b8259
- path: docs/decisions/0002-persistence-and-contract-first-direction.md
  sha256: 0399a065e6988b9cd7752cb6b3eed3dd72b8d079d593bcba485ad31c72b65fc1
- path: docs/evidence/TASK-0026/evidence-pack.json
  sha256: d68befb5a36821eb0b5f8abd6db3675457cb67e2e2ae4b7bed1a9911349a661d
- path: docs/evidence/TASK-0028/evidence-pack.json
  sha256: 447ad724e8b097a619ea0d8e2c338c2e10b0e289dc01bf803d56e7da70e59e49
- path: docs/schemas/evidence-pack.schema.json
  sha256: d13fadbfff99f2bef07838041785239d4611f464e7bda9ac872ba521dd77e2e6
- path: docs/schemas/handoff.schema.json
  sha256: 1b28f75b42aba9c65c9ee6337116c1bb76b611328d29de5618990f715526769b
- path: docs/tasks/TASK-0030-h5-memory-management.md
  sha256: 8d649030346218198698dc435f76550fe24e5bd36c0c5783b9a84e89c133602b
- path: docs/tasks/task-card-template.md
  sha256: 1ed75ef0d0cfd40ac3740e4f32c703582f4b6c427d974fe36ad9a8628fc323d4
- path: frontend/package.json
  sha256: 12b874aa2c23e11a9d07247f4f7cad73684332e3a329360b8eceb2be85956513
- path: frontend/src/App.vue
  sha256: 8fd4c81c4d59346f988a46d6b2d7699262f1e74f31d03b92fea47f7d27bb6135
- path: frontend/src/api/realtime.spec.ts
  sha256: de0356bfc58d7e525c25ba574f47b67318c0bc93c4e8bdb07ba581e78fe6122f
- path: frontend/src/api/realtime.ts
  sha256: 580153f4caaece43aa5a4b640d30e3dedacf8fcd21f27b2fd323450612959311
- path: frontend/src/domain/stream-reducer.ts
  sha256: 4deabb05cca81061f7006caf8bb48e85246609ac3fb9a0d099b0dba2eef82d40
- path: frontend/src/env.d.ts
  sha256: 6cffe84a6b162cf97d3a80dd4cc1999d2899f10e194fa052c743a704c63f9cd8
- path: frontend/src/main.ts
  sha256: 7b44b21741f1ff617e40f3f714bbd8f07b8e68fed3822fba2217dfc1e2c6e2b8
- path: frontend/src/manifest.json
  sha256: ece04a53a0c58bf9b1663e19fb71b74639adb3224253470a5135e1fb95785fc4
- path: frontend/src/pages.json
  sha256: 7f2fbe20acef4f3d62022e931b7e50bfccc00c157dcd0e13f4f0d1cde8fce77b
- path: frontend/src/pages/chat/chat.vue
  sha256: b300884de968a527e2d597ce98e2dd6a578876bc1061dd4287670ae33f8dd754
- path: frontend/src/shims-uni.d.ts
  sha256: 3ce78ce2a08dd9f5ddea413cf1a488ff55a444b72004fd6e30133d546d3c3e39
- path: frontend/src/stores/chat.spec.ts
  sha256: 5b299eca7211d83bed7c9d8e9137ee60d69852e46e7011774bfaa9dfeecd74f5
- path: frontend/src/stores/chat.ts
  sha256: c4c1a3147cc0ea3e6bc7466d5b2d6663bf3275adad1e711744f2c2e66a1688bf
- path: frontend/tsconfig.json
  sha256: 45c19d945ebb6be37ff4cc3f9a0c7771f3fd1ab9fb7ba4434a754f96de46017a
- path: frontend/vite.config.ts
  sha256: 94fa421d35056f0b52cda37df4f65b21f0821e054604300fcd61e5be304c44eb
- path: frontend/vitest.config.ts
  sha256: 4918329c93a00a8fefede4abea1e3f50175a87e4c3a7b15d6aa195d9528b8b3c
- path: requirements-harness.txt
  sha256: 15a0b1ad3059a055847bf367d43a7d3c138b791d2bf67d8b6a53f982edda1dd3
- path: scripts/harness/doctor.py
  sha256: 1c69c642974c01e687ede710905c770d259fcfcc9c8133a82ba9278611cb5440
- path: scripts/harness/harness_common.py
  sha256: 00bfe627e1707cd849cd1c4adc536d581cad444dbf7a0c95734c97ece365e8c4
- path: scripts/harness/precheck.py
  sha256: 5a8df0760fa2fd37932bc66408d4d0593a47824362907ab63d244e1b6a99bca9
- path: scripts/harness/tests/test_harness.py
  sha256: 0f731a95f44d3fc90fc4cdca62bbe748b45e5fd15c654b0415a6abb68fc7eb56
- path: skills/task-delivery-flow/SKILL.md
  sha256: bb16b21ede941ebbd4bff6794784a4e902583268ba04488bae8e0a581c2e9744
- path: skills/task-intake/SKILL.md
  sha256: 28bba1ef4e3b7a8274297529dea1bcd80aebde7c35efb63c9ea1b5bc35523e12
- path: specs/catalog/error-codes.yaml
  sha256: 4275602b48187fd4898c9822177a528bdbfc76ed0780f84763df0e0d8e2e101e
- path: specs/catalog/memory-candidate-statuses.yaml
  sha256: 9d7611534a36661c92c031fa1321805a14f577c2c046b43c1bcb881e91b09c9e
- path: specs/catalog/memory-scopes.yaml
  sha256: 9c0e9606d46e304e16d153de2c21a9df23ce2a7a5429812407b0ab2f854f99bf
- path: specs/catalog/product-scope.yaml
  sha256: dc8fe7f8a00d4c177a8ce2230376b9738d9da2fd51cbc04de40fae2f6ce1f65b
- path: specs/catalog/risk-levels.yaml
  sha256: dd4f9a4d34d5b7c5860ffdbbd63cd51bb9b0b56a3175bcd3fe4e327b5d530543
- path: specs/openapi/virtual-companion.yaml
  sha256: c05a95b205919d79305a65d3ccfdb5e0b4747d528c03a5f84946f259c4e976e4
