taskId: TASK-0159
baseCommit: b748daf162527e129969d00a217ed05fb264a537
contextFingerprint: 84c08c8fa209b9984cc21325d91f97803f405a78f9dc5b7a12b7d6d76f0146e9
contextFingerprintAlgorithm: SHA256_ORDINAL_SORTED_PATH_EQUALS_HASH_LF_V1
pathMode: REPOSITORY_RELATIVE_AT_BASE_COMMIT
inputs:
- path: AGENTS.md
  repositoryPath: AGENTS.md
  repositoryCommit: b748daf162527e129969d00a217ed05fb264a537
  sha256: 3342044d137a5a2416aa77eb760ebdc177f24e75a6c5d961454bf97cdd19969c
- path: CLAUDE.md
  repositoryPath: CLAUDE.md
  repositoryCommit: b748daf162527e129969d00a217ed05fb264a537
  sha256: 6c491e544ff5acec1a1cfc9dc2552bad6554cf9376e4c394dcb01c23265b8259
- path: .harness/ci-execution-policy.yaml
  repositoryPath: .harness/ci-execution-policy.yaml
  repositoryCommit: b748daf162527e129969d00a217ed05fb264a537
  sha256: 666976659494a5e5188e3b37c933fcc5cb1522c958d1d4f55565a4172a9be43b
- path: .harness/commands.yaml
  repositoryPath: .harness/commands.yaml
  repositoryCommit: b748daf162527e129969d00a217ed05fb264a537
  sha256: 9f2e5019447c337a2653dc055e9cb1d92fef2e40b916ab1d0cdf55fd5b9716da
- path: .harness/invariants.yaml
  repositoryPath: .harness/invariants.yaml
  repositoryCommit: b748daf162527e129969d00a217ed05fb264a537
  sha256: 4f623c04d31ea87294ba1347b0beeef6e23efccc593779f9857acf8f0f0b7fcb
- path: .harness/license-inventory.yaml
  repositoryPath: .harness/license-inventory.yaml
  repositoryCommit: b748daf162527e129969d00a217ed05fb264a537
  sha256: 0cecafdbead299c63c9d6e2a001c87f1f6b267d741d6cd12f572e4bc865c2545
- path: .harness/license-policy.yaml
  repositoryPath: .harness/license-policy.yaml
  repositoryCommit: b748daf162527e129969d00a217ed05fb264a537
  sha256: c13ce6bb1a0806f6ea4d47685386df6c7064b66b02173e496d47ec7468478205
- path: .harness/paid-feature-denylist.yaml
  repositoryPath: .harness/paid-feature-denylist.yaml
  repositoryCommit: b748daf162527e129969d00a217ed05fb264a537
  sha256: 4f96855253f04a886e77cdcbaf0462387a380f9eca6be6e347d88bb529dc4708
- path: .harness/phase-scope.yaml
  repositoryPath: .harness/phase-scope.yaml
  repositoryCommit: b748daf162527e129969d00a217ed05fb264a537
  sha256: 55f4e02048943206868b74129f85a0c73f39da9960f95b64f631a9788a9ad0e6
- path: .harness/project-state.yaml
  repositoryPath: .harness/project-state.yaml
  repositoryCommit: b748daf162527e129969d00a217ed05fb264a537
  sha256: da236f9ceb1e22f9900aabf27608aea9fcb283f04dcb54945b41dd56c9157a4d
- path: .harness/protected-paths.yaml
  repositoryPath: .harness/protected-paths.yaml
  repositoryCommit: b748daf162527e129969d00a217ed05fb264a537
  sha256: 96b73fbc6f3452ebdbe31253be84e542dd036f08b28adb17edfd0dc10acf5ffd
- path: .harness/skills.yaml
  repositoryPath: .harness/skills.yaml
  repositoryCommit: b748daf162527e129969d00a217ed05fb264a537
  sha256: ff2688b1c3e4620906f6d9da2eed7e6b663d0d9adc4d4f2a47c5fad672a35fad
- path: .harness/sources-of-truth.yaml
  repositoryPath: .harness/sources-of-truth.yaml
  repositoryCommit: b748daf162527e129969d00a217ed05fb264a537
  sha256: cd9eb034a8fbe4582535d48e0388caaec6b1f4db3d2737746236114fa2637c1d
- path: .harness/task-backlog.yaml
  repositoryPath: .harness/task-backlog.yaml
  repositoryCommit: b748daf162527e129969d00a217ed05fb264a537
  sha256: e1c150fcf98f07a91a384467828c3d4a3161d9037e8d43aeab85be37212b6fd5
- path: .harness/task-delivery-policy.yaml
  repositoryPath: .harness/task-delivery-policy.yaml
  repositoryCommit: b748daf162527e129969d00a217ed05fb264a537
  sha256: eff4561ce8271a66fcf76f12a00ab51f46dd6ceb113109bcf8bf2e7435dfe5ea
- path: .harness/task-ledger.yaml
  repositoryPath: .harness/task-ledger.yaml
  repositoryCommit: b748daf162527e129969d00a217ed05fb264a537
  sha256: 3e849d99377bf9d4e40b30c3cd19356f819da5e34334cfe228985d6affe1abaa
- path: .harness/task-lifecycle.yaml
  repositoryPath: .harness/task-lifecycle.yaml
  repositoryCommit: b748daf162527e129969d00a217ed05fb264a537
  sha256: c284af0eb75c8c1a54f536acf6d5d518c1fdda801aba17ac0eef3441af6f83a5
- path: .harness/tools.lock.yaml
  repositoryPath: .harness/tools.lock.yaml
  repositoryCommit: b748daf162527e129969d00a217ed05fb264a537
  sha256: fb107e5b18b64a4c42fed466da1456e8093a8112c9facaa24c9206044eb18e35
- path: docs/evidence/TASK-0109/zcode-remediation-handoff.md
  repositoryPath: docs/evidence/TASK-0109/zcode-remediation-handoff.md
  repositoryCommit: b748daf162527e129969d00a217ed05fb264a537
  sha256: 04bc8d6145db5c7c6f77875e0cdb9b4a35ec187c514687f18af005a06a97efda
- path: docs/evidence/TASK-0155/evidence-pack.json
  repositoryPath: docs/evidence/TASK-0155/evidence-pack.json
  repositoryCommit: b748daf162527e129969d00a217ed05fb264a537
  sha256: af8dbfdab815b1d14e953ad32903136339c6626272d04cd73bb8e2e05aba9ae0
- path: docs/evidence/TASK-0155/review-r1.md
  repositoryPath: docs/evidence/TASK-0155/review-r1.md
  repositoryCommit: b748daf162527e129969d00a217ed05fb264a537
  sha256: 50c6e257ab091ece460cf46181939ab71f9c93e083a8b19106b49cde15b0d35e
- path: docs/handoffs/TASK-0155.json
  repositoryPath: docs/handoffs/TASK-0155.json
  repositoryCommit: b748daf162527e129969d00a217ed05fb264a537
  sha256: 2dc4a21afd0f36a8cd72636c6bb853347281b55b560212aee7e2d6bf98c51053
- path: docs/schemas/evidence-pack.schema.json
  repositoryPath: docs/schemas/evidence-pack.schema.json
  repositoryCommit: b748daf162527e129969d00a217ed05fb264a537
  sha256: d13fadbfff99f2bef07838041785239d4611f464e7bda9ac872ba521dd77e2e6
- path: docs/schemas/handoff.schema.json
  repositoryPath: docs/schemas/handoff.schema.json
  repositoryCommit: b748daf162527e129969d00a217ed05fb264a537
  sha256: 1b28f75b42aba9c65c9ee6337116c1bb76b611328d29de5618990f715526769b
- path: docs/tasks/TASK-0155-p1-11-migrator-runtime-separation-and-schema-readiness.md
  repositoryPath: docs/tasks/TASK-0155-p1-11-migrator-runtime-separation-and-schema-readiness.md
  repositoryCommit: b748daf162527e129969d00a217ed05fb264a537
  sha256: 5b787cb4ab1e92511a1460c92f1d2fa35c620f768f36a3b21453c206eb34633f
- path: docs/tasks/task-card-template.md
  repositoryPath: docs/tasks/task-card-template.md
  repositoryCommit: b748daf162527e129969d00a217ed05fb264a537
  sha256: 1ed75ef0d0cfd40ac3740e4f32c703582f4b6c427d974fe36ad9a8628fc323d4
- path: infra/db/tests/56_runtime_role_cannot_migrate.sql
  repositoryPath: infra/db/tests/56_runtime_role_cannot_migrate.sql
  repositoryCommit: b748daf162527e129969d00a217ed05fb264a537
  sha256: 41cffae8f143e35fc169d69fce4f17b0d7fcfce8d699acfcc1be6d82fdbf8b76
- path: owner-authorization://longline-2026-08-09
  repositoryPath: owner-authorization://longline-2026-08-09
  sha256: cc0f91c1ddad24cb89128002439148384e4af8b6c8d056498ba8814a53580e95
  provenanceOnly: true
- path: pom.xml
  repositoryPath: pom.xml
  repositoryCommit: b748daf162527e129969d00a217ed05fb264a537
  sha256: b4c91c41c074f1e1d67c5f17b600004961c9a1af9959f9f10379bfe5e990cdb0
- path: scripts/harness/check_licenses.py
  repositoryPath: scripts/harness/check_licenses.py
  repositoryCommit: b748daf162527e129969d00a217ed05fb264a537
  sha256: b9412a0925329f144896f743754d049255eb6b719931260c0b293881d3da5f4d
- path: scripts/harness/doctor.py
  repositoryPath: scripts/harness/doctor.py
  repositoryCommit: b748daf162527e129969d00a217ed05fb264a537
  sha256: f07eb32a1ea1c6cc29e7b203b62fb644431661e1848bb3b242b9bb8c6fef14c9
- path: scripts/harness/harness_common.py
  repositoryPath: scripts/harness/harness_common.py
  repositoryCommit: b748daf162527e129969d00a217ed05fb264a537
  sha256: 9f3f452617a134f83406a967d1304d90e5321b3765bac783ca0b7287fc5a18a6
- path: scripts/harness/precheck.py
  repositoryPath: scripts/harness/precheck.py
  repositoryCommit: b748daf162527e129969d00a217ed05fb264a537
  sha256: 6a5b02e99efea0502c16ad8aa6d75228656f35c086b70ac11c2ac19851a9ba20
- path: scripts/harness/tests/test_harness.py
  repositoryPath: scripts/harness/tests/test_harness.py
  repositoryCommit: b748daf162527e129969d00a217ed05fb264a537
  sha256: a6189d11e8cb99d6ac5a1ccfa3b3036eead45e5f6a159bc8ae4e80294b9fc122
- path: service/apps/runtime/pom.xml
  repositoryPath: service/apps/runtime/pom.xml
  repositoryCommit: b748daf162527e129969d00a217ed05fb264a537
  sha256: 929a9585b9b67d3f2ff476df80dd3ffe2f2273f2634333ccf1a68590e35a10b9
- path: service/apps/runtime/src/main/java/com/virtualcompanion/runtime/auth/config/AuthDataSourceConfig.java
  repositoryPath: service/apps/runtime/src/main/java/com/virtualcompanion/runtime/auth/config/AuthDataSourceConfig.java
  repositoryCommit: b748daf162527e129969d00a217ed05fb264a537
  sha256: 5a5ddf860b93874c6c8a065e91bd6e645906f28453831ad8ba1bef62a7be7a93
- path: service/apps/runtime/src/main/java/com/virtualcompanion/runtime/auth/config/SchemaReadinessHealthIndicator.java
  repositoryPath: service/apps/runtime/src/main/java/com/virtualcompanion/runtime/auth/config/SchemaReadinessHealthIndicator.java
  repositoryCommit: b748daf162527e129969d00a217ed05fb264a537
  sha256: dd5422f799798bd6d2961e0797006ef621cb5076a87861beb5212614762f22ff
- path: service/apps/runtime/src/main/java/com/virtualcompanion/runtime/auth/web/AuthExceptionHandler.java
  repositoryPath: service/apps/runtime/src/main/java/com/virtualcompanion/runtime/auth/web/AuthExceptionHandler.java
  repositoryCommit: b748daf162527e129969d00a217ed05fb264a537
  sha256: fb6ecb0cd3ff726e3f85c588ae04776b1be406333b7e53ee962269948c643863
- path: service/apps/runtime/src/main/resources/application.yaml
  repositoryPath: service/apps/runtime/src/main/resources/application.yaml
  repositoryCommit: b748daf162527e129969d00a217ed05fb264a537
  sha256: 333a0bfff583689d94158613d2d2f922dd845529de76638df0b7d092d762660e
- path: service/apps/runtime/src/test/java/com/virtualcompanion/runtime/ProductionProfileFailClosedTest.java
  repositoryPath: service/apps/runtime/src/test/java/com/virtualcompanion/runtime/ProductionProfileFailClosedTest.java
  repositoryCommit: b748daf162527e129969d00a217ed05fb264a537
  sha256: 35e801fecc2482ea2df81ccf84f340d9762d26f1b9013dd4231cbe0f5ecc0987
- path: service/apps/runtime/src/test/java/com/virtualcompanion/runtime/auth/config/SchemaReadinessHealthIndicatorTest.java
  repositoryPath: service/apps/runtime/src/test/java/com/virtualcompanion/runtime/auth/config/SchemaReadinessHealthIndicatorTest.java
  repositoryCommit: b748daf162527e129969d00a217ed05fb264a537
  sha256: ce96d4688528604ab45d4eb16fe4f269e2c6e714905dfdddba93f9a4a06f655a
- path: service/apps/runtime/src/test/java/com/virtualcompanion/runtime/auth/web/AuthExceptionHandlerTest.java
  repositoryPath: service/apps/runtime/src/test/java/com/virtualcompanion/runtime/auth/web/AuthExceptionHandlerTest.java
  repositoryCommit: b748daf162527e129969d00a217ed05fb264a537
  sha256: 0b2ec3796df9903715bb65d752ef8fe78b3f3c4310e429f8ccc592566f1f4635
- path: skills/harness-change/SKILL.md
  repositoryPath: skills/harness-change/SKILL.md
  repositoryCommit: b748daf162527e129969d00a217ed05fb264a537
  sha256: bf015ebe97cbd391fdab27a2a3e2601a7b7ea2d3d02a35986df05711e8a499b0
- path: skills/task-delivery-flow/SKILL.md
  repositoryPath: skills/task-delivery-flow/SKILL.md
  repositoryCommit: b748daf162527e129969d00a217ed05fb264a537
  sha256: 9993e863360e181f7f13c1c058868196c69bf49d85c2ba128787ca6e8a95481b
- path: skills/task-intake/SKILL.md
  repositoryPath: skills/task-intake/SKILL.md
  repositoryCommit: b748daf162527e129969d00a217ed05fb264a537
  sha256: 025fb456212052459245bbf2b79bce38684e63e63e0e8c664ff5d69091af9c4d
