schemaVersion: 1
taskId: TASK-0022
baseCommit: 939db37dadc9b50e2a9f161a472c338f6e8dc5a2
contextFingerprint: 4d99fff84a37a5024aaef10b14f9f2fbfec4f435526c9653cd472c938be10b6c
contextFingerprintAlgorithm: SHA256_ORDINAL_SORTED_PATH_EQUALS_HASH_LF_V1
pathMode: REPOSITORY_RELATIVE_AT_BASE_COMMIT
inputs:
- path: .gitattributes
  sha256: 98ef74cab7df7ea0cc4c4ed35a9fcdfadf085c657dcb4231e9f6dfef25c6faac
- path: .harness/ci-execution-policy.yaml
  sha256: aba294e0c4986b3f01035ef9903ac7da631ff224e037f8faa01c26219ced51cb
- path: .harness/commands.yaml
  sha256: 35af171f3c83fdbe0adc691789b14f16fff297475046e9d88e91c115a66df720
- path: .harness/invariants.yaml
  sha256: 4f623c04d31ea87294ba1347b0beeef6e23efccc593779f9857acf8f0f0b7fcb
- path: .harness/project-state.yaml
  sha256: f30461cb2b82fca82d03fab0f4fede3ac57bf26c500164824ddbd4ec142d1d90
- path: .harness/protected-paths.yaml
  sha256: 96b73fbc6f3452ebdbe31253be84e542dd036f08b28adb17edfd0dc10acf5ffd
- path: .harness/skills.yaml
  sha256: bfa02415f111ce99cc39949934194165745d212fe3d57fb0485bbea736c44ee4
- path: .harness/sources-of-truth.yaml
  sha256: cd9eb034a8fbe4582535d48e0388caaec6b1f4db3d2737746236114fa2637c1d
- path: .harness/task-backlog.yaml
  sha256: dd20b607ac90a08656c4f4e12d7e7211ffcb8be8efb2a44a360d8eb57de4d266
- path: .harness/task-delivery-policy.yaml
  sha256: eff4561ce8271a66fcf76f12a00ab51f46dd6ceb113109bcf8bf2e7435dfe5ea
- path: .harness/task-ledger.yaml
  sha256: 11fadf3aa29d312d3183e9cc1e89b9adccb16aa41647f5da44be7f3e6d6038c3
- path: .harness/task-lifecycle.yaml
  sha256: c284af0eb75c8c1a54f536acf6d5d518c1fdda801aba17ac0eef3441af6f83a5
- path: .harness/tools.lock.yaml
  sha256: fb107e5b18b64a4c42fed466da1456e8093a8112c9facaa24c9206044eb18e35
- path: AGENTS.md
  sha256: 8c04d7dc1af1a04ccd9e3fab64b9a071e1a3f143610a08367e8cfce3e91d390c
- path: CLAUDE.md
  sha256: 6c491e544ff5acec1a1cfc9dc2552bad6554cf9376e4c394dcb01c23265b8259
- path: docs/evidence/TASK-0021/evidence-pack.json
  sha256: 77c95404c1abae22a53cb1966f3b1439e408728c739438d89f5fc39fe0d54ae6
- path: docs/schemas/evidence-pack.schema.json
  sha256: d13fadbfff99f2bef07838041785239d4611f464e7bda9ac872ba521dd77e2e6
- path: docs/schemas/handoff.schema.json
  sha256: 1b28f75b42aba9c65c9ee6337116c1bb76b611328d29de5618990f715526769b
- path: docs/tasks/TASK-0022-fake-failure-offline-e2e-slice.md
  sha256: 1cfbded65adfd4e4e2b26c9c6ec20c5b96139c5a90d2926855dbe6ed0230f5bd
- path: docs/tasks/task-card-template.md
  sha256: 1ed75ef0d0cfd40ac3740e4f32c703582f4b6c427d974fe36ad9a8628fc323d4
- path: pom.xml
  sha256: 9032e99be99474b8bdf90ed654eb46db6668455c7dabc2a8b839bdfd7466babd
- path: requirements-harness.txt
  sha256: 15a0b1ad3059a055847bf367d43a7d3c138b791d2bf67d8b6a53f982edda1dd3
- path: scripts/harness/doctor.py
  sha256: 1c69c642974c01e687ede710905c770d259fcfcc9c8133a82ba9278611cb5440
- path: scripts/harness/harness_common.py
  sha256: 00bfe627e1707cd849cd1c4adc536d581cad444dbf7a0c95734c97ece365e8c4
- path: scripts/harness/precheck.py
  sha256: 5a8df0760fa2fd37932bc66408d4d0593a47824362907ab63d244e1b6a99bca9
- path: scripts/harness/tests/test_harness.py
  sha256: 0f731a95f44d3fc90fc4cdca62bbe748b45e5fd15c654b0415a6abb68fc7eb56
- path: service/adapters/model-failure/pom.xml
  sha256: 055c6a4c269f63e34a6087bc84a3824c1c7870cf86c3b5b792a2aa8f6456b697
- path: service/adapters/model-failure/src/main/java/com/virtualcompanion/modelfailure/FailureModelProtocolAdapter.java
  sha256: c6e028426a0fa4b0301f5667a0d7b02e5120e30dd477a13770109cc216e66f17
- path: service/adapters/model-failure/src/main/java/com/virtualcompanion/modelfailure/FailureScenario.java
  sha256: 742459cf7f148605132847996cf8d92438dedbed4d4b2b3f33d28c8902953ec5
- path: service/adapters/model-fake/pom.xml
  sha256: 578e978ce3e2edb283c175a4ee2c0b63a7bcdd99272a9a5748c5cea351bd6f63
- path: service/adapters/model-fake/src/main/java/com/virtualcompanion/modelfake/FakeModelProtocolAdapter.java
  sha256: 4080d46367e9b6f378658b449befb214b7509a742db4500d6e8aea092297a7a0
- path: service/modules/conversation/pom.xml
  sha256: 171bd3c73411799b9acec93b9c10000528acae0449a06c61f7fb42caf345ee72
- path: service/modules/conversation/src/main/java/com/virtualcompanion/conversation/generation/AttemptEventResult.java
  sha256: c96761ce73c2c88b41399737905e6cdb04f302abb2d758ea800609dd5da08efb
- path: service/modules/conversation/src/main/java/com/virtualcompanion/conversation/generation/AttemptOutcome.java
  sha256: fe031218aa754c05ce812d97687b44b12ca948e229c9a083123bd32221202882
- path: service/modules/conversation/src/main/java/com/virtualcompanion/conversation/generation/AttemptTermination.java
  sha256: 8f598dddb097d4bcf9bc64438732179fdaf117307d2ed9b7322867f38c3fd266
- path: service/modules/conversation/src/main/java/com/virtualcompanion/conversation/generation/CandidateContent.java
  sha256: a6904e97ed2b0880b2922661e72faec4dab6a9fcd652fdadbda38fbe012ed093
- path: service/modules/conversation/src/main/java/com/virtualcompanion/conversation/generation/FrozenGenerationCandidate.java
  sha256: bf92e3c9cd61a0e0a1be73a8470408a317403ff41350b325cb8a728f820351c7
- path: service/modules/conversation/src/main/java/com/virtualcompanion/conversation/generation/GenerationAttemptReducer.java
  sha256: edde21ade709593caf5c8b4d804ea92c21f73b325504c81174bef08c11b9dbdb
- path: service/modules/modelruntime/pom.xml
  sha256: acf957b460e3fc25fc65ca5e6e837f714d8e50fa23f16a49718a4fece0de0612
- path: service/modules/modelruntime/src/main/java/com/virtualcompanion/modelruntime/authorization/ExecutionAuthorizationGuard.java
  sha256: 591fe9b59d904ebac650e727f3ec04610eaf7c529108e601b8333e220aef7487
- path: service/modules/modelruntime/src/main/java/com/virtualcompanion/modelruntime/authorization/InMemoryAuthorizationSnapshotStore.java
  sha256: a67abc4e531212acb605a80fcdebb5556a808ab3874f0cc7bd70d9a813b8b17f
- path: service/modules/modelruntime/src/main/java/com/virtualcompanion/modelruntime/contract/AdapterFailure.java
  sha256: 930b9155c79b184df662fb5e64ff44414d7b16d61620bd656599bc69a8b8dd71
- path: service/modules/modelruntime/src/main/java/com/virtualcompanion/modelruntime/contract/InvocationBinding.java
  sha256: a1cb08ea2daa1c48ec62f7b122942745620dbe20a4716d448e84e11b3c787f36
- path: service/modules/modelruntime/src/main/java/com/virtualcompanion/modelruntime/contract/ModelProtocolEvent.java
  sha256: 94476c1e06eb1ddb3cd09be13325b9789caf5355c89274a4c191075ffa75104f
- path: service/modules/modelruntime/src/main/java/com/virtualcompanion/modelruntime/contract/ModelProtocolRequest.java
  sha256: 3cb57a29403d9551b5e8c69dd19e19772665d5802f8131d9e67c856e845dd72a
- path: service/modules/modelruntime/src/main/java/com/virtualcompanion/modelruntime/port/ModelProtocolAdapter.java
  sha256: adeee9337ca02b9a7d6b01f73598d2775f0335e5ee8b9705ac5533fdf59406a1
- path: service/modules/modelruntime/src/main/java/com/virtualcompanion/modelruntime/registry/InMemoryProviderRegistry.java
  sha256: 37d8653b783826e9181eb0bc6244cb4d34b48b95ac70f1e57f45168fa10d5600
- path: service/modules/safety/pom.xml
  sha256: b70ab079378770f4304d5f474892de6b4099f33144c26217ae29f608c5c24967
- path: service/modules/safety/src/main/java/com/virtualcompanion/safety/ClassifierReport.java
  sha256: 454d3fa780e2ac4f4c650b4b5f1b4812aa48774beb0f678e017804638bedbc1c
- path: service/modules/safety/src/main/java/com/virtualcompanion/safety/DeterministicSafetyResponse.java
  sha256: 1ac26043f3aa562bd3e11e08edcd1ee4f6ad4bdf61394a2a527fd3694c4f1fd6
- path: service/modules/safety/src/main/java/com/virtualcompanion/safety/SafetyGate.java
  sha256: 1026ceb80c1088d53acfe986bc52f7e64acb66dc291f62ac57287cb56eb7ff53
- path: service/modules/safety/src/main/java/com/virtualcompanion/safety/SafetyReview.java
  sha256: 150224dbf61ada912768d45c01fd7df879b49f6d3f0b0225eb5e44b568c8952a
- path: service/modules/safety/src/main/java/com/virtualcompanion/safety/SafetyVerdict.java
  sha256: 22ea99f3320c64c19d0c3362b2d259bf9a724e35078265421eb1ca8448ffb8d2
- path: service/tests/generation-contract-tests/pom.xml
  sha256: 8b2121f16719981dd4d191b9e8d318feaad9b9869705031b821468fec92557b7
- path: service/tests/generation-contract-tests/src/test/java/com/virtualcompanion/generation/contract/GenerationAttemptReducerContractTest.java
  sha256: 0085fc687cc90c5b28de985207f7ea133355586fa6619359b741e15e87b31fa2
- path: service/tests/generation-contract-tests/src/test/java/com/virtualcompanion/generation/contract/GenerationContractTestSupport.java
  sha256: 6055a2e7a4ed81a7325f104935906530ac84d7daff94fdcd71f527c51ed64719
- path: service/tests/generation-contract-tests/src/test/java/com/virtualcompanion/generation/contract/GenerationPublicBoundaryContractTest.java
  sha256: 376012fe0bde90afaacd857b9f44c4b7c1d7347a0318272a2eff5ce5005ba158
- path: skills/task-delivery-flow/SKILL.md
  sha256: bb16b21ede941ebbd4bff6794784a4e902583268ba04488bae8e0a581c2e9744
- path: skills/task-intake/SKILL.md
  sha256: 28bba1ef4e3b7a8274297529dea1bcd80aebde7c35efb63c9ea1b5bc35523e12
- path: specs/catalog/catalog-manifest.yaml
  sha256: 726915d89c98c6040a53b6930aaa2c77e0ae747bcd13ef960b9b08d6df44da45
- path: specs/catalog/generation-states.yaml
  sha256: b6e7ae2890d07b55a5c33bc1490538879f99ecc8d4f194bfd41d0afca7202b2a
- path: specs/catalog/model-protocols.yaml
  sha256: dd5d45b1118baf560591f8f29434a365467cfdd943c539fe0f407d6a8f66c0ab
- path: specs/catalog/product-scope.yaml
  sha256: dc8fe7f8a00d4c177a8ce2230376b9738d9da2fd51cbc04de40fae2f6ce1f65b
- path: specs/catalog/provider-attempt-statuses.yaml
  sha256: 74dc66ca00506f554d94c1494b33be01874b8b9d131c0c3f283f1ed78cbc2710
- path: specs/catalog/realtime-events.yaml
  sha256: be896592a0e482643db0389993b7edad08fbd94637c5c280bd627085535e3042
- path: specs/catalog/risk-levels.yaml
  sha256: dd4f9a4d34d5b7c5860ffdbbd63cd51bb9b0b56a3175bcd3fe4e327b5d530543
- path: specs/catalog/route-decision-statuses.yaml
  sha256: b1910a9295220c34f73c5e8ae3a3837792fb16ecbeb781a275bcdf3f55428186
- path: specs/contracts/authorization-contract.yaml
  sha256: 64cf6f37928d7cf81cefaeda9d3ab9b08243160a8538055952c2cff2cdbad887
- path: specs/contracts/finalization-contract.yaml
  sha256: 29e89887d05a393bf945d3e446831096663c722911fe4feedaeaa3194945a4af
- path: specs/contracts/generation-contract.yaml
  sha256: d91afb5d594982430d83bbb5dcf68dc65fdb4254a844768903749fcac442a32c
- path: specs/contracts/model-protocol-contract.yaml
  sha256: 7b77a389339119adc2f1321c862857962cc00918a213dae0d0400de78e7b7676
- path: specs/contracts/realtime-contract.yaml
  sha256: 18e4f6fde9404768f73c211185e6f7b206eaa148d2c1d2ea87fa781661250670
- path: specs/contracts/safety-fail-closed-contract.yaml
  sha256: 04fa5025373d640545d3a2d835b7413bd0dabd3f0e12391b08d3c1c0023c1904
- path: specs/contracts/worker-lease-contract.yaml
  sha256: b5113bf8704439b1f6d408927edf66120892ede9a0508bcd84bc29bc782875e3
- path: specs/generated/java/com/virtualcompanion/catalog/GenerationState.java
  sha256: 9c7971632ce19924f187c95d649f1e5145071b9d45dca105c9fa94ab9ac857c4
- path: specs/generated/java/com/virtualcompanion/catalog/ModelProtocol.java
  sha256: 74297ccf560f0ca7c1c0a8deefa5c2fbf8d36f08d7320cab714b87c4b59cdb78
- path: specs/generated/java/com/virtualcompanion/catalog/SafetyClassifierOutcome.java
  sha256: f9a710175e153ed52081a385a2f54b5d26374d600c1e1bc15ebd918dda889aa5
