taskId: TASK-0171
baseCommit: c789e24598ae6d6ed5f8d99bc8705b559d27fdb4
contextFingerprint: cfff5e4ed0f504d3fdd786d9ed3d02c4653456bde5e9da471b53b52623c71fc4
contextFingerprintAlgorithm: SHA256_ORDINAL_SORTED_PATH_EQUALS_HASH_LF_V1
pathMode: REPOSITORY_RELATIVE_AT_BASE_COMMIT
inputs:
- path: .harness/agent-entrypoints.yaml
  repositoryPath: .harness/agent-entrypoints.yaml
  repositoryCommit: c789e24598ae6d6ed5f8d99bc8705b559d27fdb4
  sha256: 919e0397d6fed8b520798bb916bbf2d0cc594c7f703000b7e2e1d962c5b87afe
- path: .harness/ci-execution-policy.yaml
  repositoryPath: .harness/ci-execution-policy.yaml
  repositoryCommit: c789e24598ae6d6ed5f8d99bc8705b559d27fdb4
  sha256: a7b58400bfab1fa0d55e250a8b17d4552a3b0eba92d0d297e8f3536282945bc2
- path: .harness/commands.yaml
  repositoryPath: .harness/commands.yaml
  repositoryCommit: c789e24598ae6d6ed5f8d99bc8705b559d27fdb4
  sha256: 9f2e5019447c337a2653dc055e9cb1d92fef2e40b916ab1d0cdf55fd5b9716da
- path: .harness/invariants.yaml
  repositoryPath: .harness/invariants.yaml
  repositoryCommit: c789e24598ae6d6ed5f8d99bc8705b559d27fdb4
  sha256: 4f623c04d31ea87294ba1347b0beeef6e23efccc593779f9857acf8f0f0b7fcb
- path: .harness/license-inventory.yaml
  repositoryPath: .harness/license-inventory.yaml
  repositoryCommit: c789e24598ae6d6ed5f8d99bc8705b559d27fdb4
  sha256: 0b5f739d906a717badb582b1b67f34c5b7d07b94a33768ced5a3802743645852
- path: .harness/license-policy.yaml
  repositoryPath: .harness/license-policy.yaml
  repositoryCommit: c789e24598ae6d6ed5f8d99bc8705b559d27fdb4
  sha256: c13ce6bb1a0806f6ea4d47685386df6c7064b66b02173e496d47ec7468478205
- path: .harness/paid-feature-denylist.yaml
  repositoryPath: .harness/paid-feature-denylist.yaml
  repositoryCommit: c789e24598ae6d6ed5f8d99bc8705b559d27fdb4
  sha256: 4f96855253f04a886e77cdcbaf0462387a380f9eca6be6e347d88bb529dc4708
- path: .harness/phase-scope.yaml
  repositoryPath: .harness/phase-scope.yaml
  repositoryCommit: c789e24598ae6d6ed5f8d99bc8705b559d27fdb4
  sha256: 55f4e02048943206868b74129f85a0c73f39da9960f95b64f631a9788a9ad0e6
- path: .harness/project-state.yaml
  repositoryPath: .harness/project-state.yaml
  repositoryCommit: c789e24598ae6d6ed5f8d99bc8705b559d27fdb4
  sha256: 17756ff6d5478ea89009267f56fa912321684d08669264d8bedff47ddff46cce
- path: .harness/protected-paths.yaml
  repositoryPath: .harness/protected-paths.yaml
  repositoryCommit: c789e24598ae6d6ed5f8d99bc8705b559d27fdb4
  sha256: 96b73fbc6f3452ebdbe31253be84e542dd036f08b28adb17edfd0dc10acf5ffd
- path: .harness/skills.yaml
  repositoryPath: .harness/skills.yaml
  repositoryCommit: c789e24598ae6d6ed5f8d99bc8705b559d27fdb4
  sha256: ff2688b1c3e4620906f6d9da2eed7e6b663d0d9adc4d4f2a47c5fad672a35fad
- path: .harness/sources-of-truth.yaml
  repositoryPath: .harness/sources-of-truth.yaml
  repositoryCommit: c789e24598ae6d6ed5f8d99bc8705b559d27fdb4
  sha256: cd9eb034a8fbe4582535d48e0388caaec6b1f4db3d2737746236114fa2637c1d
- path: .harness/task-backlog.yaml
  repositoryPath: .harness/task-backlog.yaml
  repositoryCommit: c789e24598ae6d6ed5f8d99bc8705b559d27fdb4
  sha256: e1c150fcf98f07a91a384467828c3d4a3161d9037e8d43aeab85be37212b6fd5
- path: .harness/task-delivery-policy.yaml
  repositoryPath: .harness/task-delivery-policy.yaml
  repositoryCommit: c789e24598ae6d6ed5f8d99bc8705b559d27fdb4
  sha256: eff4561ce8271a66fcf76f12a00ab51f46dd6ceb113109bcf8bf2e7435dfe5ea
- path: .harness/task-ledger.yaml
  repositoryPath: .harness/task-ledger.yaml
  repositoryCommit: c789e24598ae6d6ed5f8d99bc8705b559d27fdb4
  sha256: bf7897eda3d6911c4a21c02397840a96e45f6d6d5aaf5b6cee2ca405a82c58c0
- path: .harness/task-lifecycle.yaml
  repositoryPath: .harness/task-lifecycle.yaml
  repositoryCommit: c789e24598ae6d6ed5f8d99bc8705b559d27fdb4
  sha256: c284af0eb75c8c1a54f536acf6d5d518c1fdda801aba17ac0eef3441af6f83a5
- path: .harness/tools.lock.yaml
  repositoryPath: .harness/tools.lock.yaml
  repositoryCommit: c789e24598ae6d6ed5f8d99bc8705b559d27fdb4
  sha256: fb107e5b18b64a4c42fed466da1456e8093a8112c9facaa24c9206044eb18e35
- path: AGENTS.md
  repositoryPath: AGENTS.md
  repositoryCommit: c789e24598ae6d6ed5f8d99bc8705b559d27fdb4
  sha256: 3342044d137a5a2416aa77eb760ebdc177f24e75a6c5d961454bf97cdd19969c
- path: CLAUDE.md
  repositoryPath: CLAUDE.md
  repositoryCommit: c789e24598ae6d6ed5f8d99bc8705b559d27fdb4
  sha256: 6c491e544ff5acec1a1cfc9dc2552bad6554cf9376e4c394dcb01c23265b8259
- path: docs/evidence/TASK-0109/zcode-remediation-handoff.md
  repositoryPath: docs/evidence/TASK-0109/zcode-remediation-handoff.md
  repositoryCommit: c789e24598ae6d6ed5f8d99bc8705b559d27fdb4
  sha256: 04bc8d6145db5c7c6f77875e0cdb9b4a35ec187c514687f18af005a06a97efda
- path: docs/evidence/TASK-0168/evidence-pack.json
  repositoryPath: docs/evidence/TASK-0168/evidence-pack.json
  repositoryCommit: c789e24598ae6d6ed5f8d99bc8705b559d27fdb4
  sha256: 0e122d57ad87cb4a638719948dae3eb10d2e093f5544cd8c392dde4fad177bee
- path: docs/evidence/TASK-0168/review-r1.md
  repositoryPath: docs/evidence/TASK-0168/review-r1.md
  repositoryCommit: c789e24598ae6d6ed5f8d99bc8705b559d27fdb4
  sha256: 112e8622af6e33f17c8a85c79a16f2f9367020253dc9923272215f237bfd543e
- path: docs/evidence/TASK-0170/evidence-pack.json
  repositoryPath: docs/evidence/TASK-0170/evidence-pack.json
  repositoryCommit: c789e24598ae6d6ed5f8d99bc8705b559d27fdb4
  sha256: 17a3597f09e5b811a924f54a225b9ed01d601d8cd954fcc302b717ccae3f7fcb
- path: docs/evidence/TASK-0170/review-r1.md
  repositoryPath: docs/evidence/TASK-0170/review-r1.md
  repositoryCommit: c789e24598ae6d6ed5f8d99bc8705b559d27fdb4
  sha256: 664208e4cd7b0a1e2a4453935fee6cd55ddb9c839057829940ce29c6f89b36c9
- path: docs/handoffs/TASK-0168.json
  repositoryPath: docs/handoffs/TASK-0168.json
  repositoryCommit: c789e24598ae6d6ed5f8d99bc8705b559d27fdb4
  sha256: 0e122d57ad87cb4a638719948dae3eb10d2e093f5544cd8c392dde4fad177bee
- path: docs/handoffs/TASK-0170.json
  repositoryPath: docs/handoffs/TASK-0170.json
  repositoryCommit: c789e24598ae6d6ed5f8d99bc8705b559d27fdb4
  sha256: 17a3597f09e5b811a924f54a225b9ed01d601d8cd954fcc302b717ccae3f7fcb
- path: docs/schemas/evidence-pack.schema.json
  repositoryPath: docs/schemas/evidence-pack.schema.json
  repositoryCommit: c789e24598ae6d6ed5f8d99bc8705b559d27fdb4
  sha256: d13fadbfff99f2bef07838041785239d4611f464e7bda9ac872ba521dd77e2e6
- path: docs/schemas/handoff.schema.json
  repositoryPath: docs/schemas/handoff.schema.json
  repositoryCommit: c789e24598ae6d6ed5f8d99bc8705b559d27fdb4
  sha256: 1b28f75b42aba9c65c9ee6337116c1bb76b611328d29de5618990f715526769b
- path: docs/tasks/TASK-0168-owner-injection-filter-trusted-principal-binding.md
  repositoryPath: docs/tasks/TASK-0168-owner-injection-filter-trusted-principal-binding.md
  repositoryCommit: c789e24598ae6d6ed5f8d99bc8705b559d27fdb4
  sha256: 36dc6553cb4b4804939c6c1b28c5a2978197cd27fe208f5142e230d0206de7d2
- path: docs/tasks/TASK-0170-p2-03-audit-event-retention-purge.md
  repositoryPath: docs/tasks/TASK-0170-p2-03-audit-event-retention-purge.md
  repositoryCommit: c789e24598ae6d6ed5f8d99bc8705b559d27fdb4
  sha256: 3914fce25e319a4fbcf9dfd121c546495dfb1ba7355bb23cbd7626a4f7d9703f
- path: docs/tasks/context/TASK-0168.context-lock.yaml
  repositoryPath: docs/tasks/context/TASK-0168.context-lock.yaml
  repositoryCommit: c789e24598ae6d6ed5f8d99bc8705b559d27fdb4
  sha256: 062eeb66291f190fe7eecaa7fc7bf17e648b06b3188b8dc54a29025acf5e6ae8
- path: docs/tasks/context/TASK-0170.context-lock.yaml
  repositoryPath: docs/tasks/context/TASK-0170.context-lock.yaml
  repositoryCommit: c789e24598ae6d6ed5f8d99bc8705b559d27fdb4
  sha256: d45004b4bef323b4b2374382dbc647a40ed8231ec3171ae6da4ab9e3f0adcafe
- path: docs/tasks/task-card-template.md
  repositoryPath: docs/tasks/task-card-template.md
  repositoryCommit: c789e24598ae6d6ed5f8d99bc8705b559d27fdb4
  sha256: 1ed75ef0d0cfd40ac3740e4f32c703582f4b6c427d974fe36ad9a8628fc323d4
- path: infra/db/run-rls-tests.sh
  repositoryPath: infra/db/run-rls-tests.sh
  repositoryCommit: c789e24598ae6d6ed5f8d99bc8705b559d27fdb4
  sha256: 092e6a42df352ce55ede67472a655f8e3122346c4231ebd180ab9c48900a0050
- path: infra/db/tests/07_claim_binds_context.sql
  repositoryPath: infra/db/tests/07_claim_binds_context.sql
  repositoryCommit: c789e24598ae6d6ed5f8d99bc8705b559d27fdb4
  sha256: 23aedf8c0500e907adb9fe0de3d278cad669a4e47a80200c52746a21a9cd5670
- path: infra/db/tests/52_revoked_runtime_dml_on_business_tables.sql
  repositoryPath: infra/db/tests/52_revoked_runtime_dml_on_business_tables.sql
  repositoryCommit: c789e24598ae6d6ed5f8d99bc8705b559d27fdb4
  sha256: eb26fd92f2999e5bb0ae3987c55d7ca3eac02b484a419ce91dab74336a845e03
- path: infra/db/tests/54_sd_owner_mismatch_fail_closed.sql
  repositoryPath: infra/db/tests/54_sd_owner_mismatch_fail_closed.sql
  repositoryCommit: c789e24598ae6d6ed5f8d99bc8705b559d27fdb4
  sha256: b62717bbd102ef75e5f4cdad4914b61306c076351fd3fb1a871baed7e0eb5a2b
- path: infra/db/tests/55_sd_missing_context_fail_closed.sql
  repositoryPath: infra/db/tests/55_sd_missing_context_fail_closed.sql
  repositoryCommit: c789e24598ae6d6ed5f8d99bc8705b559d27fdb4
  sha256: 9358cfe60e803eaf71ee5d50e3cffca585aeb61a7bdf7534df3f733c72814f3b
- path: owner-authorization://longline-2026-08-09
  repositoryPath: owner-authorization://longline-2026-08-09
  sha256: cc0f91c1ddad24cb89128002439148384e4af8b6c8d056498ba8814a53580e95
  provenanceOnly: true
- path: pom.xml
  repositoryPath: pom.xml
  repositoryCommit: c789e24598ae6d6ed5f8d99bc8705b559d27fdb4
  sha256: b4c91c41c074f1e1d67c5f17b600004961c9a1af9959f9f10379bfe5e990cdb0
- path: scripts/harness/doctor.py
  repositoryPath: scripts/harness/doctor.py
  repositoryCommit: c789e24598ae6d6ed5f8d99bc8705b559d27fdb4
  sha256: c93a9d68eb6b6bb0c16df856a0edc5517f003c7877d04f587e9ed15746b56b31
- path: scripts/harness/harness_common.py
  repositoryPath: scripts/harness/harness_common.py
  repositoryCommit: c789e24598ae6d6ed5f8d99bc8705b559d27fdb4
  sha256: 9f3f452617a134f83406a967d1304d90e5321b3765bac783ca0b7287fc5a18a6
- path: scripts/harness/precheck.py
  repositoryPath: scripts/harness/precheck.py
  repositoryCommit: c789e24598ae6d6ed5f8d99bc8705b559d27fdb4
  sha256: 6a5b02e99efea0502c16ad8aa6d75228656f35c086b70ac11c2ac19851a9ba20
- path: service/apps/runtime/pom.xml
  repositoryPath: service/apps/runtime/pom.xml
  repositoryCommit: c789e24598ae6d6ed5f8d99bc8705b559d27fdb4
  sha256: 929a9585b9b67d3f2ff476df80dd3ffe2f2273f2634333ccf1a68590e35a10b9
- path: service/apps/runtime/src/main/java/com/virtualcompanion/runtime/VirtualCompanionRuntimeApplication.java
  repositoryPath: service/apps/runtime/src/main/java/com/virtualcompanion/runtime/VirtualCompanionRuntimeApplication.java
  repositoryCommit: c789e24598ae6d6ed5f8d99bc8705b559d27fdb4
  sha256: 6909a09ba66935a66f8f1edcf995afa4b7748762f9d29c612829b81848202f80
- path: service/apps/runtime/src/main/java/com/virtualcompanion/runtime/auth/config/AdminSeedRunner.java
  repositoryPath: service/apps/runtime/src/main/java/com/virtualcompanion/runtime/auth/config/AdminSeedRunner.java
  repositoryCommit: c789e24598ae6d6ed5f8d99bc8705b559d27fdb4
  sha256: 362cf9534bcead1ac8fd050e40d54a4420142d343af2e2996215b5402552e7ca
- path: service/apps/runtime/src/main/java/com/virtualcompanion/runtime/auth/config/AuthDataSourceConfig.java
  repositoryPath: service/apps/runtime/src/main/java/com/virtualcompanion/runtime/auth/config/AuthDataSourceConfig.java
  repositoryCommit: c789e24598ae6d6ed5f8d99bc8705b559d27fdb4
  sha256: a0c0a8f8515736974f6e96e8021a6c35f661d025fb9096ce1dffdbb4d4923d43
- path: service/apps/runtime/src/main/java/com/virtualcompanion/runtime/auth/config/IdentityAuthEventPurgeScheduler.java
  repositoryPath: service/apps/runtime/src/main/java/com/virtualcompanion/runtime/auth/config/IdentityAuthEventPurgeScheduler.java
  repositoryCommit: c789e24598ae6d6ed5f8d99bc8705b559d27fdb4
  sha256: 53424531cefa6513b60a3ef61523fd90bc0f85afaf2030bcaad3acd8acee8b61
- path: service/apps/runtime/src/main/java/com/virtualcompanion/runtime/auth/tenant/OwnerContext.java
  repositoryPath: service/apps/runtime/src/main/java/com/virtualcompanion/runtime/auth/tenant/OwnerContext.java
  repositoryCommit: c789e24598ae6d6ed5f8d99bc8705b559d27fdb4
  sha256: 14d66e9adbb85dac710639e54e03ca007f171d6a1c11cc56994ae31b85adb9a2
- path: service/apps/runtime/src/main/java/com/virtualcompanion/runtime/auth/tenant/OwnerInjectionFilter.java
  repositoryPath: service/apps/runtime/src/main/java/com/virtualcompanion/runtime/auth/tenant/OwnerInjectionFilter.java
  repositoryCommit: c789e24598ae6d6ed5f8d99bc8705b559d27fdb4
  sha256: e5324fcee7b7e4575934bb257347aad17642ff055d3bf32a0972e97fa2433bd2
- path: service/apps/runtime/src/test/java/com/virtualcompanion/runtime/auth/config/SchemaReadinessHealthIndicatorTest.java
  repositoryPath: service/apps/runtime/src/test/java/com/virtualcompanion/runtime/auth/config/SchemaReadinessHealthIndicatorTest.java
  repositoryCommit: c789e24598ae6d6ed5f8d99bc8705b559d27fdb4
  sha256: 213d4c28e1683883f137fd0464bfd5e9e4101006bff8c7083714cd101289b687
- path: service/platform/persistence/src/main/java/com/virtualcompanion/platform/persistence/WorkItemClaim.java
  repositoryPath: service/platform/persistence/src/main/java/com/virtualcompanion/platform/persistence/WorkItemClaim.java
  repositoryCommit: c789e24598ae6d6ed5f8d99bc8705b559d27fdb4
  sha256: 29473f19931b14456632f5c2737c9e82a8b39f633eb747afa84fa7c2c16b3b27
- path: service/platform/persistence/src/main/java/com/virtualcompanion/platform/persistence/WorkItemClaimService.java
  repositoryPath: service/platform/persistence/src/main/java/com/virtualcompanion/platform/persistence/WorkItemClaimService.java
  repositoryCommit: c789e24598ae6d6ed5f8d99bc8705b559d27fdb4
  sha256: f6e627dc2286c31f58224b1249dfcdba4b6ba6ed215e3005b6a0103a362527fd
- path: service/platform/persistence/src/main/resources/db/migration/V16__revoke_business_dml_correct_role_attributes.sql
  repositoryPath: service/platform/persistence/src/main/resources/db/migration/V16__revoke_business_dml_correct_role_attributes.sql
  repositoryCommit: c789e24598ae6d6ed5f8d99bc8705b559d27fdb4
  sha256: 2cc2d63616740c33e02034f9a93afe9f2fee2fd44c6a8a86a6e95337139ecf91
- path: service/platform/persistence/src/main/resources/db/migration/V17__sd_owner_param_trusted_assertion.sql
  repositoryPath: service/platform/persistence/src/main/resources/db/migration/V17__sd_owner_param_trusted_assertion.sql
  repositoryCommit: c789e24598ae6d6ed5f8d99bc8705b559d27fdb4
  sha256: 65b9a8f4eb626ec7b6f5b2c4bb45d46b4698438b2b4d5c96f0f0e7a44689cdd6
- path: service/platform/persistence/src/main/resources/db/migration/V18__sd_search_path_pg_catalog_revoke_public_create.sql
  repositoryPath: service/platform/persistence/src/main/resources/db/migration/V18__sd_search_path_pg_catalog_revoke_public_create.sql
  repositoryCommit: c789e24598ae6d6ed5f8d99bc8705b559d27fdb4
  sha256: 99538fe2202e9173c3fe487f9a94ef03477dd9ce6709fe7d205d7ede91153a19
- path: service/platform/persistence/src/main/resources/db/migration/V5__worker_claim_lease_fence.sql
  repositoryPath: service/platform/persistence/src/main/resources/db/migration/V5__worker_claim_lease_fence.sql
  repositoryCommit: c789e24598ae6d6ed5f8d99bc8705b559d27fdb4
  sha256: f090e3fc99a5d426ec596046ff090d4c799b98d21d611abb81d47177c76ba0d7
- path: skills/database-migration/SKILL.md
  repositoryPath: skills/database-migration/SKILL.md
  repositoryCommit: c789e24598ae6d6ed5f8d99bc8705b559d27fdb4
  sha256: 0a2f4720d5b236b115526b309a1f551ca3051d8f37762a9b025c984a43386948
- path: skills/task-delivery-flow/SKILL.md
  repositoryPath: skills/task-delivery-flow/SKILL.md
  repositoryCommit: c789e24598ae6d6ed5f8d99bc8705b559d27fdb4
  sha256: 9993e863360e181f7f13c1c058868196c69bf49d85c2ba128787ca6e8a95481b
- path: skills/task-intake/SKILL.md
  repositoryPath: skills/task-intake/SKILL.md
  repositoryCommit: c789e24598ae6d6ed5f8d99bc8705b559d27fdb4
  sha256: 025fb456212052459245bbf2b79bce38684e63e63e0e8c664ff5d69091af9c4d
- path: specs/contracts/authorization-contract.yaml
  repositoryPath: specs/contracts/authorization-contract.yaml
  repositoryCommit: c789e24598ae6d6ed5f8d99bc8705b559d27fdb4
  sha256: 64cf6f37928d7cf81cefaeda9d3ab9b08243160a8538055952c2cff2cdbad887
- path: specs/contracts/database-ownership-contract.yaml
  repositoryPath: specs/contracts/database-ownership-contract.yaml
  repositoryCommit: c789e24598ae6d6ed5f8d99bc8705b559d27fdb4
  sha256: fa2ca370c1cc21165ac408e746cd4022f76d4a56e24816bae2acc1441f711ba6
