taskId: TASK-0165
baseCommit: 5f2df58a6221b7646671db2e7faf8db4e1515144
contextFingerprint: 82cd641d51bab3a7faada73f85718eaa2e02d197298f3da6e6cd41ab309ed00b
contextFingerprintAlgorithm: SHA256_ORDINAL_SORTED_PATH_EQUALS_HASH_LF_V1
pathMode: REPOSITORY_RELATIVE_AT_BASE_COMMIT
inputs:
- path: AGENTS.md
  repositoryPath: AGENTS.md
  repositoryCommit: 5f2df58a6221b7646671db2e7faf8db4e1515144
  sha256: 3342044d137a5a2416aa77eb760ebdc177f24e75a6c5d961454bf97cdd19969c
- path: CLAUDE.md
  repositoryPath: CLAUDE.md
  repositoryCommit: 5f2df58a6221b7646671db2e7faf8db4e1515144
  sha256: 6c491e544ff5acec1a1cfc9dc2552bad6554cf9376e4c394dcb01c23265b8259
- path: .harness/agent-entrypoints.yaml
  repositoryPath: .harness/agent-entrypoints.yaml
  repositoryCommit: 5f2df58a6221b7646671db2e7faf8db4e1515144
  sha256: 919e0397d6fed8b520798bb916bbf2d0cc594c7f703000b7e2e1d962c5b87afe
- path: .harness/ci-execution-policy.yaml
  repositoryPath: .harness/ci-execution-policy.yaml
  repositoryCommit: 5f2df58a6221b7646671db2e7faf8db4e1515144
  sha256: a7b58400bfab1fa0d55e250a8b17d4552a3b0eba92d0d297e8f3536282945bc2
- path: .harness/commands.yaml
  repositoryPath: .harness/commands.yaml
  repositoryCommit: 5f2df58a6221b7646671db2e7faf8db4e1515144
  sha256: 9f2e5019447c337a2653dc055e9cb1d92fef2e40b916ab1d0cdf55fd5b9716da
- path: .harness/invariants.yaml
  repositoryPath: .harness/invariants.yaml
  repositoryCommit: 5f2df58a6221b7646671db2e7faf8db4e1515144
  sha256: 4f623c04d31ea87294ba1347b0beeef6e23efccc593779f9857acf8f0f0b7fcb
- path: .harness/license-inventory.yaml
  repositoryPath: .harness/license-inventory.yaml
  repositoryCommit: 5f2df58a6221b7646671db2e7faf8db4e1515144
  sha256: 0b5f739d906a717badb582b1b67f34c5b7d07b94a33768ced5a3802743645852
- path: .harness/license-policy.yaml
  repositoryPath: .harness/license-policy.yaml
  repositoryCommit: 5f2df58a6221b7646671db2e7faf8db4e1515144
  sha256: c13ce6bb1a0806f6ea4d47685386df6c7064b66b02173e496d47ec7468478205
- path: .harness/paid-feature-denylist.yaml
  repositoryPath: .harness/paid-feature-denylist.yaml
  repositoryCommit: 5f2df58a6221b7646671db2e7faf8db4e1515144
  sha256: 4f96855253f04a886e77cdcbaf0462387a380f9eca6be6e347d88bb529dc4708
- path: .harness/phase-scope.yaml
  repositoryPath: .harness/phase-scope.yaml
  repositoryCommit: 5f2df58a6221b7646671db2e7faf8db4e1515144
  sha256: 55f4e02048943206868b74129f85a0c73f39da9960f95b64f631a9788a9ad0e6
- path: .harness/project-state.yaml
  repositoryPath: .harness/project-state.yaml
  repositoryCommit: 5f2df58a6221b7646671db2e7faf8db4e1515144
  sha256: ee060ea5afad7fe50f49aa3189b03cffecdd0ab146a59832a13babc913afc7ab
- path: .harness/protected-paths.yaml
  repositoryPath: .harness/protected-paths.yaml
  repositoryCommit: 5f2df58a6221b7646671db2e7faf8db4e1515144
  sha256: 96b73fbc6f3452ebdbe31253be84e542dd036f08b28adb17edfd0dc10acf5ffd
- path: .harness/skills.yaml
  repositoryPath: .harness/skills.yaml
  repositoryCommit: 5f2df58a6221b7646671db2e7faf8db4e1515144
  sha256: ff2688b1c3e4620906f6d9da2eed7e6b663d0d9adc4d4f2a47c5fad672a35fad
- path: .harness/sources-of-truth.yaml
  repositoryPath: .harness/sources-of-truth.yaml
  repositoryCommit: 5f2df58a6221b7646671db2e7faf8db4e1515144
  sha256: cd9eb034a8fbe4582535d48e0388caaec6b1f4db3d2737746236114fa2637c1d
- path: .harness/task-backlog.yaml
  repositoryPath: .harness/task-backlog.yaml
  repositoryCommit: 5f2df58a6221b7646671db2e7faf8db4e1515144
  sha256: e1c150fcf98f07a91a384467828c3d4a3161d9037e8d43aeab85be37212b6fd5
- path: .harness/task-delivery-policy.yaml
  repositoryPath: .harness/task-delivery-policy.yaml
  repositoryCommit: 5f2df58a6221b7646671db2e7faf8db4e1515144
  sha256: eff4561ce8271a66fcf76f12a00ab51f46dd6ceb113109bcf8bf2e7435dfe5ea
- path: .harness/task-ledger.yaml
  repositoryPath: .harness/task-ledger.yaml
  repositoryCommit: 5f2df58a6221b7646671db2e7faf8db4e1515144
  sha256: e2f54fdeb471d0ac00f8c0f873dedb249180ab8f7e0a60fbed3c7c3271381666
- path: .harness/task-lifecycle.yaml
  repositoryPath: .harness/task-lifecycle.yaml
  repositoryCommit: 5f2df58a6221b7646671db2e7faf8db4e1515144
  sha256: c284af0eb75c8c1a54f536acf6d5d518c1fdda801aba17ac0eef3441af6f83a5
- path: .harness/tools.lock.yaml
  repositoryPath: .harness/tools.lock.yaml
  repositoryCommit: 5f2df58a6221b7646671db2e7faf8db4e1515144
  sha256: fb107e5b18b64a4c42fed466da1456e8093a8112c9facaa24c9206044eb18e35
- path: docs/evidence/TASK-0109/zcode-remediation-handoff.md
  repositoryPath: docs/evidence/TASK-0109/zcode-remediation-handoff.md
  repositoryCommit: 5f2df58a6221b7646671db2e7faf8db4e1515144
  sha256: 04bc8d6145db5c7c6f77875e0cdb9b4a35ec187c514687f18af005a06a97efda
- path: docs/evidence/TASK-0164/evidence-pack.json
  repositoryPath: docs/evidence/TASK-0164/evidence-pack.json
  repositoryCommit: 5f2df58a6221b7646671db2e7faf8db4e1515144
  sha256: 91790077b1c4da4d3c4ab9b41ea8eb7d5105fd0db9239786a0c0079c7d9016c7
- path: docs/evidence/TASK-0164/review-r1.md
  repositoryPath: docs/evidence/TASK-0164/review-r1.md
  repositoryCommit: 5f2df58a6221b7646671db2e7faf8db4e1515144
  sha256: 9c0f64a74929b6c65679706f612f00842e64c330b054b067965aa48428a7d391
- path: docs/handoffs/TASK-0164.json
  repositoryPath: docs/handoffs/TASK-0164.json
  repositoryCommit: 5f2df58a6221b7646671db2e7faf8db4e1515144
  sha256: 91790077b1c4da4d3c4ab9b41ea8eb7d5105fd0db9239786a0c0079c7d9016c7
- path: docs/schemas/evidence-pack.schema.json
  repositoryPath: docs/schemas/evidence-pack.schema.json
  repositoryCommit: 5f2df58a6221b7646671db2e7faf8db4e1515144
  sha256: d13fadbfff99f2bef07838041785239d4611f464e7bda9ac872ba521dd77e2e6
- path: docs/schemas/handoff.schema.json
  repositoryPath: docs/schemas/handoff.schema.json
  repositoryCommit: 5f2df58a6221b7646671db2e7faf8db4e1515144
  sha256: 1b28f75b42aba9c65c9ee6337116c1bb76b611328d29de5618990f715526769b
- path: docs/tasks/task-card-template.md
  repositoryPath: docs/tasks/task-card-template.md
  repositoryCommit: 5f2df58a6221b7646671db2e7faf8db4e1515144
  sha256: 1ed75ef0d0cfd40ac3740e4f32c703582f4b6c427d974fe36ad9a8628fc323d4
- path: docs/tasks/TASK-0164-provider-attempt-authorization-snapshot-db-enforcement.md
  repositoryPath: docs/tasks/TASK-0164-provider-attempt-authorization-snapshot-db-enforcement.md
  repositoryCommit: 5f2df58a6221b7646671db2e7faf8db4e1515144
  sha256: 5e86da401b1ea969bd860f3471a825c749f1ff6449e79b2458043dd6d0c030d2
- path: skills/task-delivery-flow/SKILL.md
  repositoryPath: skills/task-delivery-flow/SKILL.md
  repositoryCommit: 5f2df58a6221b7646671db2e7faf8db4e1515144
  sha256: 9993e863360e181f7f13c1c058868196c69bf49d85c2ba128787ca6e8a95481b
- path: skills/task-intake/SKILL.md
  repositoryPath: skills/task-intake/SKILL.md
  repositoryCommit: 5f2df58a6221b7646671db2e7faf8db4e1515144
  sha256: 025fb456212052459245bbf2b79bce38684e63e63e0e8c664ff5d69091af9c4d
- path: skills/database-migration/SKILL.md
  repositoryPath: skills/database-migration/SKILL.md
  repositoryCommit: 5f2df58a6221b7646671db2e7faf8db4e1515144
  sha256: 0a2f4720d5b236b115526b309a1f551ca3051d8f37762a9b025c984a43386948
- path: service/platform/persistence/src/main/resources/db/migration/V7__finalize_generation_usage_quota_outbox.sql
  repositoryPath: service/platform/persistence/src/main/resources/db/migration/V7__finalize_generation_usage_quota_outbox.sql
  repositoryCommit: 5f2df58a6221b7646671db2e7faf8db4e1515144
  sha256: 72faf51f97168330a632b30aee420c3d735f3736e3e381543b82c491465edab1
- path: service/platform/persistence/src/main/resources/db/migration/V15__provider_attempt_terminal_transitions.sql
  repositoryPath: service/platform/persistence/src/main/resources/db/migration/V15__provider_attempt_terminal_transitions.sql
  repositoryCommit: 5f2df58a6221b7646671db2e7faf8db4e1515144
  sha256: 4e24046cf645bd1c7feaa1cc6da079926426e75641a25e7895970f487185b6c6
- path: service/platform/persistence/src/main/resources/db/migration/V17__sd_owner_param_trusted_assertion.sql
  repositoryPath: service/platform/persistence/src/main/resources/db/migration/V17__sd_owner_param_trusted_assertion.sql
  repositoryCommit: 5f2df58a6221b7646671db2e7faf8db4e1515144
  sha256: 65b9a8f4eb626ec7b6f5b2c4bb45d46b4698438b2b4d5c96f0f0e7a44689cdd6
- path: infra/db/tests/43_candidate_and_quota_release.sql
  repositoryPath: infra/db/tests/43_candidate_and_quota_release.sql
  repositoryCommit: 5f2df58a6221b7646671db2e7faf8db4e1515144
  sha256: e2bc25b499c3344803a123ac61ef01aac623a7ce7f3782c847d1ca3012231bd0
- path: service/modules/modelruntime/src/main/java/com/virtualcompanion/modelruntime/routing/QuotaLedger.java
  repositoryPath: service/modules/modelruntime/src/main/java/com/virtualcompanion/modelruntime/routing/QuotaLedger.java
  repositoryCommit: 5f2df58a6221b7646671db2e7faf8db4e1515144
  sha256: 4ff2cf5a34be264bfd6ca37e8b1c66304f37556d32147f6eeff0f8b4f777f46d
- path: service/modules/modelruntime/src/main/java/com/virtualcompanion/modelruntime/routing/GenerationRecovery.java
  repositoryPath: service/modules/modelruntime/src/main/java/com/virtualcompanion/modelruntime/routing/GenerationRecovery.java
  repositoryCommit: 5f2df58a6221b7646671db2e7faf8db4e1515144
  sha256: 14050374a98adc299966c29d7782e3b1f97d863637ec0781abe3bfe0d6e44bce
- path: infra/db/run-rls-tests.sh
  repositoryPath: infra/db/run-rls-tests.sh
  repositoryCommit: 5f2df58a6221b7646671db2e7faf8db4e1515144
  sha256: 092e6a42df352ce55ede67472a655f8e3122346c4231ebd180ab9c48900a0050
- path: specs/contracts/database-ownership-contract.yaml
  repositoryPath: specs/contracts/database-ownership-contract.yaml
  repositoryCommit: 5f2df58a6221b7646671db2e7faf8db4e1515144
  sha256: fa2ca370c1cc21165ac408e746cd4022f76d4a56e24816bae2acc1441f711ba6
- path: owner-authorization://longline-2026-08-09
  repositoryPath: owner-authorization://longline-2026-08-09
  sha256: cc0f91c1ddad24cb89128002439148384e4af8b6c8d056498ba8814a53580e95
  provenanceOnly: true
