schemaVersion: 1
taskId: TASK-0108
baseCommit: df85ece8eb86774ba536e8f349fb8f7a5e44515f
contextFingerprint: 5d747605f8c43f77624e71e4ee1500c62e86dd56b12fee1e72a71bd448a109e9
contextFingerprintAlgorithm: SHA256_ORDINAL_SORTED_PATH_EQUALS_HASH_LF_V1
pathMode: REPOSITORY_RELATIVE_AT_BASE_COMMIT
inputs:
- path: .gitattributes
  sha256: 98ef74cab7df7ea0cc4c4ed35a9fcdfadf085c657dcb4231e9f6dfef25c6faac
- path: .harness/agent-entrypoints.yaml
  sha256: ecafcd1e736aa65fb5a47c91c9e1947b5d056c9037f2905ca03fe8eba32a823a
- path: .harness/ci-execution-policy.yaml
  sha256: 666976659494a5e5188e3b37c933fcc5cb1522c958d1d4f55565a4172a9be43b
- path: .harness/commands.yaml
  sha256: 35af171f3c83fdbe0adc691789b14f16fff297475046e9d88e91c115a66df720
- path: .harness/invariants.yaml
  sha256: 4f623c04d31ea87294ba1347b0beeef6e23efccc593779f9857acf8f0f0b7fcb
- path: .harness/license-policy.yaml
  sha256: c13ce6bb1a0806f6ea4d47685386df6c7064b66b02173e496d47ec7468478205
- path: .harness/paid-feature-denylist.yaml
  sha256: 4f96855253f04a886e77cdcbaf0462387a380f9eca6be6e347d88bb529dc4708
- path: .harness/phase-scope.yaml
  sha256: 55f4e02048943206868b74129f85a0c73f39da9960f95b64f631a9788a9ad0e6
- path: .harness/project-state.yaml
  sha256: d94619e32ed2188b4ea2b309c76379961b31cc0a3800c0977118423df1ee507e
- path: .harness/protected-paths.yaml
  sha256: 96b73fbc6f3452ebdbe31253be84e542dd036f08b28adb17edfd0dc10acf5ffd
- path: .harness/skills.yaml
  sha256: ff2688b1c3e4620906f6d9da2eed7e6b663d0d9adc4d4f2a47c5fad672a35fad
- path: .harness/sources-of-truth.yaml
  sha256: cd9eb034a8fbe4582535d48e0388caaec6b1f4db3d2737746236114fa2637c1d
- path: .harness/task-backlog.yaml
  sha256: e1c150fcf98f07a91a384467828c3d4a3161d9037e8d43aeab85be37212b6fd5
- path: .harness/task-delivery-policy.yaml
  sha256: eff4561ce8271a66fcf76f12a00ab51f46dd6ceb113109bcf8bf2e7435dfe5ea
- path: .harness/task-ledger.yaml
  sha256: c8f59e3907417b080b3abaddd25ca8a9713af9eb9694b6956627c7eef76877a9
- path: .harness/task-lifecycle.yaml
  sha256: c284af0eb75c8c1a54f536acf6d5d518c1fdda801aba17ac0eef3441af6f83a5
- path: .harness/tools.lock.yaml
  sha256: fb107e5b18b64a4c42fed466da1456e8093a8112c9facaa24c9206044eb18e35
- path: AGENTS.md
  sha256: 8c04d7dc1af1a04ccd9e3fab64b9a071e1a3f143610a08367e8cfce3e91d390c
- path: CLAUDE.md
  sha256: 6c491e544ff5acec1a1cfc9dc2552bad6554cf9376e4c394dcb01c23265b8259
- path: docs/handoffs/TASK-0107.json
  sha256: e10701b2cc51ceaa53105d01850b96b7989e3d602def45915a3b883bb126bdd7
- path: docs/schemas/evidence-pack.schema.json
  sha256: d13fadbfff99f2bef07838041785239d4611f464e7bda9ac872ba521dd77e2e6
- path: docs/schemas/handoff.schema.json
  sha256: 1b28f75b42aba9c65c9ee6337116c1bb76b611328d29de5618990f715526769b
- path: docs/tasks/task-card-template.md
  sha256: 1ed75ef0d0cfd40ac3740e4f32c703582f4b6c427d974fe36ad9a8628fc323d4
- path: requirements-harness.txt
  sha256: 15a0b1ad3059a055847bf367d43a7d3c138b791d2bf67d8b6a53f982edda1dd3
- path: service/adapters/model-anthropic/src/main/java/com/virtualcompanion/modelanthropic/AnthropicMessagesAdapter.java
  sha256: 7960ee3654ab339bf1e391b753d27c0b5e2a7f1c5ce9e2dfa646b97ce6517ccc
- path: service/adapters/model-anthropic/src/main/java/com/virtualcompanion/modelanthropic/AnthropicMessagesConfig.java
  sha256: 4e052e19520ebe1c7b5cb58b5e3b143f8fe0a7f641f70fcd83158a631ecd6bfa
- path: service/adapters/model-openai/src/main/java/com/virtualcompanion/modelopenai/OpenAiChatCompletionsAdapter.java
  sha256: d03be97dce58e21bc3ba71eac011784a0cf1fac39a7430405c24a9c564489120
- path: service/adapters/model-openai/src/main/java/com/virtualcompanion/modelopenai/OpenAiChatCompletionsConfig.java
  sha256: 313f2e71dcfa8d95b2557ca263d574bbc9ecdb87904e6ab7df87f5c8968a60e8
- path: service/apps/runtime/src/main/java/com/virtualcompanion/runtime/modelproviders/ApprovedModelProviderConfig.java
  sha256: b61fd952dd2224c7309c966b9e4f60bfb9888c417f49ef08449a03cdfd08d82e
- path: service/apps/runtime/src/main/java/com/virtualcompanion/runtime/modelproviders/ApprovedModelProviderProvisioner.java
  sha256: 5998556043aeec16ed91eaf4c2a4fd7fc6c1ade5a4b9a4d091df68abda0677b9
- path: service/apps/runtime/src/main/java/com/virtualcompanion/runtime/modelproviders/ApprovedModelProviders.java
  sha256: b59d65ffee51e4620465c6184e57b2f9ff6c08cae22d9b8f1fab1dce2ceb22f1
- path: service/apps/runtime/src/main/java/com/virtualcompanion/runtime/modelproviders/ModelProviderProperties.java
  sha256: dbca04f8997ce3c2175eacf2de5d3df3d1cd4a4d1fef0d2967542c2a79931ce7
- path: service/apps/runtime/src/main/java/com/virtualcompanion/runtime/modelproviders/ProviderSecretReader.java
  sha256: 31b79ed06bd3e0ccc0689be1f02f2723db8a09c696293aada32e66b84f334eb0
- path: service/apps/runtime/src/test/java/com/virtualcompanion/runtime/modelproviders/ApprovedModelProviderConfigTest.java
  sha256: 78b1e566b211b040105e0b95925fed8581438a4669361585bdcd52db51e000d2
- path: service/apps/runtime/src/test/java/com/virtualcompanion/runtime/modelproviders/ApprovedModelProviderProvisionerTest.java
  sha256: 2d6b569375c30537198706a050dc15ce453c2f0d53b2b396e4983a16c8954a65
- path: service/apps/runtime/src/test/java/com/virtualcompanion/runtime/modelproviders/ModelProviderPropertiesBindingTest.java
  sha256: 944cbda55748dd62fec503cd42302817f43c52664ccbfb115cca4cd0c227766f
- path: service/apps/runtime/src/test/java/com/virtualcompanion/runtime/modelproviders/ProviderSecretReaderTest.java
  sha256: 97815ab7812fac38c64bfeabdccbb49cafd92956e071c332a1600a2728db7ad5
- path: service/modules/modelruntime/src/main/java/com/virtualcompanion/modelruntime/port/ModelProtocolAdapter.java
  sha256: adeee9337ca02b9a7d6b01f73598d2775f0335e5ee8b9705ac5533fdf59406a1
- path: service/modules/modelruntime/src/main/java/com/virtualcompanion/modelruntime/port/ModelProtocolSession.java
  sha256: 9b067ef1be83bd621e2bed8949fca74e356515fe38d16cb0c3739431bcc1697d
- path: service/tests/anthropic-messages-contract-tests/src/test/java/com/virtualcompanion/modelanthropic/contract/AnthropicContractTestSupport.java
  sha256: f851a856061bfc1c6c94384e6ec43ae1aa0a1c6d8357baa0cb9d6f0208b17453
- path: service/tests/anthropic-messages-contract-tests/src/test/java/com/virtualcompanion/modelanthropic/contract/AnthropicMessagesBoundaryContractTest.java
  sha256: 838cacacec0df49424e071f45ec314775ee313cbdf970bf908877cd8e24555f8
- path: service/tests/openai-chat-completions-contract-tests/src/test/java/com/virtualcompanion/modelopenai/contract/OpenAiChatCompletionsBoundaryContractTest.java
  sha256: f301de90d9e6cba8acaf0e7dfd3504cfe531910f2f0fa200ac86fd2c615cf712
- path: service/tests/openai-chat-completions-contract-tests/src/test/java/com/virtualcompanion/modelopenai/contract/OpenAiContractTestSupport.java
  sha256: f3be496ecadfcef4ef2845c83fe4ca6afa9331f09932cee2e4a9d02b38317ce8
- path: skills/model-routing-change/SKILL.md
  sha256: f988a9be9f21a93a724ca1d62280862107bf22baa1dae410bcfe89aaeae58ded
- path: skills/task-delivery-flow/SKILL.md
  sha256: 9993e863360e181f7f13c1c058868196c69bf49d85c2ba128787ca6e8a95481b
- path: skills/task-intake/SKILL.md
  sha256: 025fb456212052459245bbf2b79bce38684e63e63e0e8c664ff5d69091af9c4d
- path: specs/contracts/model-protocol-contract.yaml
  sha256: 7b77a389339119adc2f1321c862857962cc00918a213dae0d0400de78e7b7676
