schemaVersion: 1
taskId: TASK-0147
baseCommit: e6e6d1264f9b90254a137625f7a3824eabd6a0f9
contextFingerprint: 7c912181b4ddb0e80d5fd3aed45a24161236e888da48ce6a7bb8c606d60687f8
contextFingerprintAlgorithm: SHA256_ORDINAL_SORTED_PATH_EQUALS_HASH_LF_V1
pathMode: REPOSITORY_RELATIVE_AT_BASE_COMMIT
inputs:
- path: .gitattributes
  sha256: 98ef74cab7df7ea0cc4c4ed35a9fcdfadf085c657dcb4231e9f6dfef25c6faac
- path: AGENTS.md
  sha256: 3342044d137a5a2416aa77eb760ebdc177f24e75a6c5d961454bf97cdd19969c
- path: CLAUDE.md
  sha256: 6c491e544ff5acec1a1cfc9dc2552bad6554cf9376e4c394dcb01c23265b8259
- path: requirements-harness.txt
  sha256: 83d1f52f5919c76fa38295e848f732dde28547b617fdadf4ed12159b719dae7c
- path: .harness/agent-entrypoints.yaml
  sha256: 919e0397d6fed8b520798bb916bbf2d0cc594c7f703000b7e2e1d962c5b87afe
- path: .harness/ci-execution-policy.yaml
  sha256: 666976659494a5e5188e3b37c933fcc5cb1522c958d1d4f55565a4172a9be43b
- path: .harness/commands.yaml
  sha256: a770c2c615fa3513c284e922acdedd900237dfda2b8ec389b222a51c0e8270c3
- path: .harness/invariants.yaml
  sha256: 4f623c04d31ea87294ba1347b0beeef6e23efccc593779f9857acf8f0f0b7fcb
- path: .harness/license-policy.yaml
  sha256: c13ce6bb1a0806f6ea4d47685386df6c7064b66b02173e496d47ec7468478205
- path: .harness/paid-feature-denylist.yaml
  sha256: 4f96855253f04a886e77cdcbaf0462387a380f9eca6be6e347d88bb529dc4708
- path: .harness/phase-scope.yaml
  sha256: 55f4e02048943206868b74129f85a0c73f39da9960f95b64f631a9788a9ad0e6
- path: .harness/project-state.yaml
  sha256: 430148035ffd3bc2cf9a0166c232e280b2bd0ee68fbae46b7822be3834ea92cf
- path: .harness/protected-paths.yaml
  sha256: 96b73fbc6f3452ebdbe31253be84e542dd036f08b28adb17edfd0dc10acf5ffd
- path: .harness/skills.yaml
  sha256: ff2688b1c3e4620906f6d9da2eed7e6b663d0d9adc4d4f2a47c5fad672a35fad
- path: .harness/sources-of-truth.yaml
  sha256: cd9eb034a8fbe4582535d48e0388caaec6b1f4db3d2737746236114fa2637c1d
- path: .harness/task-backlog.yaml
  sha256: e1c150fcf98f07a91a384467828c3d4a3161d9037e8d43aeab85be37212b6fd5
- path: .harness/task-delivery-policy.yaml
  sha256: eff4561ce8271a66fcf76f12a00ab51f46dd6ceb113109bcf8bf2e7435dfe5ea
- path: .harness/task-ledger.yaml
  sha256: 8d58d4c397fd08b8c460879ea97ef4a708a103158f8bdb2c4fcab921fb190f63
- path: .harness/task-lifecycle.yaml
  sha256: c284af0eb75c8c1a54f536acf6d5d518c1fdda801aba17ac0eef3441af6f83a5
- path: .harness/tools.lock.yaml
  sha256: fb107e5b18b64a4c42fed466da1456e8093a8112c9facaa24c9206044eb18e35
- path: docs/schemas/evidence-pack.schema.json
  sha256: d13fadbfff99f2bef07838041785239d4611f464e7bda9ac872ba521dd77e2e6
- path: docs/schemas/handoff.schema.json
  sha256: 1b28f75b42aba9c65c9ee6337116c1bb76b611328d29de5618990f715526769b
- path: docs/tasks/task-card-template.md
  sha256: 1ed75ef0d0cfd40ac3740e4f32c703582f4b6c427d974fe36ad9a8628fc323d4
- path: docs/tasks/TASK-0146-p2-12-inmemory-authz-snapshot-one-way-alignment.md
  sha256: 6c4c4501a163f1aa214b27d1afcf14121d61781c83fa49e8f02e9f185b60b00f
- path: docs/tasks/context/TASK-0146.context-lock.yaml
  sha256: 36512461aeae490e956ce38b921e1dde599be22c5837dbbdf747f216be0141b7
- path: docs/evidence/TASK-0146/evidence-pack.json
  sha256: 65ad1b435f6e855280d4319c93a9a0da5d1cea93bcfff49849e55a50c1abc929
- path: docs/evidence/TASK-0146/pre-closure-request.json
  sha256: 36d185721d399f96e5955394030b3728f2a56eaba63f68e2b11ceeb768197e77
- path: docs/evidence/TASK-0146/review-r1.md
  sha256: aa4b76b422462bc3af5248e7ffb4270cce7da0eddb2423e1181b7984a28d2079
- path: docs/handoffs/TASK-0146.json
  sha256: f1bc61f6509a405d3a62b48eb245ddeae721d769d84ce37a31601f4098a17fff
- path: docs/evidence/TASK-0109/zcode-remediation-handoff.md
  sha256: 04bc8d6145db5c7c6f77875e0cdb9b4a35ec187c514687f18af005a06a97efda
- path: skills/task-intake/SKILL.md
  sha256: 025fb456212052459245bbf2b79bce38684e63e63e0e8c664ff5d69091af9c4d
- path: skills/task-delivery-flow/SKILL.md
  sha256: 9993e863360e181f7f13c1c058868196c69bf49d85c2ba128787ca6e8a95481b
- path: skills/harness-change/SKILL.md
  sha256: bf015ebe97cbd391fdab27a2a3e2601a7b7ea2d3d02a35986df05711e8a499b0
- path: scripts/dev/openapi_tool.py
  sha256: e176b00df777650d0c955a3648976fd4d1d6ec53a2db737f8e8f5f2953d38ebe
- path: scripts/harness/precheck.py
  sha256: 6a5b02e99efea0502c16ad8aa6d75228656f35c086b70ac11c2ac19851a9ba20
- path: scripts/harness/precheck.sh
  sha256: 7c2e01472f803a79126cb1f155914829d1bc02eabc9f4e1ccbb20d82e6f7c834
- path: scripts/harness/precheck.ps1
  sha256: 131a656d468d981da19e5a5a7ec07ae3c7b2564b095f65466444ecfc5c66de41
- path: scripts/harness/doctor.py
  sha256: f07eb32a1ea1c6cc29e7b203b62fb644431661e1848bb3b242b9bb8c6fef14c9
- path: scripts/harness/catalog_tool.py
  sha256: b3b24a4d5a28848754545e05c622e1476f5a049253882665d1f7b58f35adb29f
- path: scripts/harness/tests/test_harness.py
  sha256: 85b1708058aaef80c939e16908e628bd7fc8be13f4e6544660c719b9c2cbf6b7
- path: specs/openapi/virtual-companion.yaml
  sha256: 166e36ded4d0a861bcf34a03ee825f7dddaf41c5e43ea39144a9be1a1ed84f72
- path: owner-authorization/TASK-0147/6d4b8e2f-3c5a-4f7e-9b2d-1e3f5a7c9b0d
  sha256: cc0f91c1ddad24cb89128002439148384e4af8b6c8d056498ba8814a53580e95
  provenanceOnly: true
