taskId: TASK-0158
baseCommit: b21e344ea35c67523a63e947855113b8c3afb28b
contextFingerprint: e10a18502859158e5ef0d34b583ed2a6ebcdfd131aba098772e13acf9e6c49b8
contextFingerprintAlgorithm: SHA256_ORDINAL_SORTED_PATH_EQUALS_HASH_LF_V1
pathMode: REPOSITORY_RELATIVE_AT_BASE_COMMIT
inputs:
- path: .harness/agent-entrypoints.yaml
  repositoryPath: .harness/agent-entrypoints.yaml
  repositoryCommit: b21e344ea35c67523a63e947855113b8c3afb28b
  sha256: 919e0397d6fed8b520798bb916bbf2d0cc594c7f703000b7e2e1d962c5b87afe
- path: .harness/ci-execution-policy.yaml
  repositoryPath: .harness/ci-execution-policy.yaml
  repositoryCommit: b21e344ea35c67523a63e947855113b8c3afb28b
  sha256: a7b58400bfab1fa0d55e250a8b17d4552a3b0eba92d0d297e8f3536282945bc2
- path: .harness/commands.yaml
  repositoryPath: .harness/commands.yaml
  repositoryCommit: b21e344ea35c67523a63e947855113b8c3afb28b
  sha256: 9f2e5019447c337a2653dc055e9cb1d92fef2e40b916ab1d0cdf55fd5b9716da
- path: .harness/invariants.yaml
  repositoryPath: .harness/invariants.yaml
  repositoryCommit: b21e344ea35c67523a63e947855113b8c3afb28b
  sha256: 4f623c04d31ea87294ba1347b0beeef6e23efccc593779f9857acf8f0f0b7fcb
- path: .harness/license-inventory.yaml
  repositoryPath: .harness/license-inventory.yaml
  repositoryCommit: b21e344ea35c67523a63e947855113b8c3afb28b
  sha256: 0b5f739d906a717badb582b1b67f34c5b7d07b94a33768ced5a3802743645852
- path: .harness/license-policy.yaml
  repositoryPath: .harness/license-policy.yaml
  repositoryCommit: b21e344ea35c67523a63e947855113b8c3afb28b
  sha256: c13ce6bb1a0806f6ea4d47685386df6c7064b66b02173e496d47ec7468478205
- path: .harness/paid-feature-denylist.yaml
  repositoryPath: .harness/paid-feature-denylist.yaml
  repositoryCommit: b21e344ea35c67523a63e947855113b8c3afb28b
  sha256: 4f96855253f04a886e77cdcbaf0462387a380f9eca6be6e347d88bb529dc4708
- path: .harness/phase-scope.yaml
  repositoryPath: .harness/phase-scope.yaml
  repositoryCommit: b21e344ea35c67523a63e947855113b8c3afb28b
  sha256: 55f4e02048943206868b74129f85a0c73f39da9960f95b64f631a9788a9ad0e6
- path: .harness/project-state.yaml
  repositoryPath: .harness/project-state.yaml
  repositoryCommit: b21e344ea35c67523a63e947855113b8c3afb28b
  sha256: d12932874fbf06489140b2174ba93a92268b1eb17b0af38ad95519aaf6ba6949
- path: .harness/protected-paths.yaml
  repositoryPath: .harness/protected-paths.yaml
  repositoryCommit: b21e344ea35c67523a63e947855113b8c3afb28b
  sha256: 96b73fbc6f3452ebdbe31253be84e542dd036f08b28adb17edfd0dc10acf5ffd
- path: .harness/skills.yaml
  repositoryPath: .harness/skills.yaml
  repositoryCommit: b21e344ea35c67523a63e947855113b8c3afb28b
  sha256: ff2688b1c3e4620906f6d9da2eed7e6b663d0d9adc4d4f2a47c5fad672a35fad
- path: .harness/sources-of-truth.yaml
  repositoryPath: .harness/sources-of-truth.yaml
  repositoryCommit: b21e344ea35c67523a63e947855113b8c3afb28b
  sha256: cd9eb034a8fbe4582535d48e0388caaec6b1f4db3d2737746236114fa2637c1d
- path: .harness/task-backlog.yaml
  repositoryPath: .harness/task-backlog.yaml
  repositoryCommit: b21e344ea35c67523a63e947855113b8c3afb28b
  sha256: e1c150fcf98f07a91a384467828c3d4a3161d9037e8d43aeab85be37212b6fd5
- path: .harness/task-delivery-policy.yaml
  repositoryPath: .harness/task-delivery-policy.yaml
  repositoryCommit: b21e344ea35c67523a63e947855113b8c3afb28b
  sha256: eff4561ce8271a66fcf76f12a00ab51f46dd6ceb113109bcf8bf2e7435dfe5ea
- path: .harness/task-ledger.yaml
  repositoryPath: .harness/task-ledger.yaml
  repositoryCommit: b21e344ea35c67523a63e947855113b8c3afb28b
  sha256: 576cb269b3b28b5b8ad5a1c46c3f96ee32014e3cb0de9f92ffb9f047dc8b4bf0
- path: .harness/task-lifecycle.yaml
  repositoryPath: .harness/task-lifecycle.yaml
  repositoryCommit: b21e344ea35c67523a63e947855113b8c3afb28b
  sha256: c284af0eb75c8c1a54f536acf6d5d518c1fdda801aba17ac0eef3441af6f83a5
- path: .harness/tools.lock.yaml
  repositoryPath: .harness/tools.lock.yaml
  repositoryCommit: b21e344ea35c67523a63e947855113b8c3afb28b
  sha256: fb107e5b18b64a4c42fed466da1456e8093a8112c9facaa24c9206044eb18e35
- path: AGENTS.md
  repositoryPath: AGENTS.md
  repositoryCommit: b21e344ea35c67523a63e947855113b8c3afb28b
  sha256: 3342044d137a5a2416aa77eb760ebdc177f24e75a6c5d961454bf97cdd19969c
- path: CLAUDE.md
  repositoryPath: CLAUDE.md
  repositoryCommit: b21e344ea35c67523a63e947855113b8c3afb28b
  sha256: 6c491e544ff5acec1a1cfc9dc2552bad6554cf9376e4c394dcb01c23265b8259
- path: docs/evidence/TASK-0109/zcode-remediation-handoff.md
  repositoryPath: docs/evidence/TASK-0109/zcode-remediation-handoff.md
  repositoryCommit: b21e344ea35c67523a63e947855113b8c3afb28b
  sha256: 04bc8d6145db5c7c6f77875e0cdb9b4a35ec187c514687f18af005a06a97efda
- path: docs/evidence/TASK-0161/evidence-pack.json
  repositoryPath: docs/evidence/TASK-0161/evidence-pack.json
  repositoryCommit: b21e344ea35c67523a63e947855113b8c3afb28b
  sha256: aa3bc252220b58616b24c0ebe44be718df76c29409746f8d3859696b2577baa4
- path: docs/evidence/TASK-0161/review-r1.md
  repositoryPath: docs/evidence/TASK-0161/review-r1.md
  repositoryCommit: b21e344ea35c67523a63e947855113b8c3afb28b
  sha256: 5be333e24284f4e2af6417ca00188204ba4d8a2afa5ff3a901cd469d9a406546
- path: docs/handoffs/TASK-0161.json
  repositoryPath: docs/handoffs/TASK-0161.json
  repositoryCommit: b21e344ea35c67523a63e947855113b8c3afb28b
  sha256: 0a4b82b72719c5ee9d7cb92dec189298669cde6eebd68e0201a38367521692f2
- path: docs/schemas/evidence-pack.schema.json
  repositoryPath: docs/schemas/evidence-pack.schema.json
  repositoryCommit: b21e344ea35c67523a63e947855113b8c3afb28b
  sha256: d13fadbfff99f2bef07838041785239d4611f464e7bda9ac872ba521dd77e2e6
- path: docs/schemas/handoff.schema.json
  repositoryPath: docs/schemas/handoff.schema.json
  repositoryCommit: b21e344ea35c67523a63e947855113b8c3afb28b
  sha256: 1b28f75b42aba9c65c9ee6337116c1bb76b611328d29de5618990f715526769b
- path: docs/tasks/TASK-0161-p2-27-complete-ci-matrix-replacement.md
  repositoryPath: docs/tasks/TASK-0161-p2-27-complete-ci-matrix-replacement.md
  repositoryCommit: b21e344ea35c67523a63e947855113b8c3afb28b
  sha256: 9735444cd9a1b7a372d6e82d6d148fd9eb83092dae26882396508db73625a069
- path: docs/tasks/task-card-template.md
  repositoryPath: docs/tasks/task-card-template.md
  repositoryCommit: b21e344ea35c67523a63e947855113b8c3afb28b
  sha256: 1ed75ef0d0cfd40ac3740e4f32c703582f4b6c427d974fe36ad9a8628fc323d4
- path: infra/db/run-rls-tests.sh
  repositoryPath: infra/db/run-rls-tests.sh
  repositoryCommit: b21e344ea35c67523a63e947855113b8c3afb28b
  sha256: 092e6a42df352ce55ede67472a655f8e3122346c4231ebd180ab9c48900a0050
- path: infra/db/tests/55_sd_missing_context_fail_closed.sql
  repositoryPath: infra/db/tests/55_sd_missing_context_fail_closed.sql
  repositoryCommit: b21e344ea35c67523a63e947855113b8c3afb28b
  sha256: 23f744ec886d76a40b84542d837379d203008da501074b98a28fe6b381da4065
- path: infra/db/tests/56_runtime_role_cannot_migrate.sql
  repositoryPath: infra/db/tests/56_runtime_role_cannot_migrate.sql
  repositoryCommit: b21e344ea35c67523a63e947855113b8c3afb28b
  sha256: 41cffae8f143e35fc169d69fce4f17b0d7fcfce8d699acfcc1be6d82fdbf8b76
- path: owner-authorization://longline-2026-08-09
  repositoryPath: owner-authorization://longline-2026-08-09
  sha256: cc0f91c1ddad24cb89128002439148384e4af8b6c8d056498ba8814a53580e95
  provenanceOnly: true
- path: service/platform/persistence/src/main/resources/db/migration/V17__sd_owner_param_trusted_assertion.sql
  repositoryPath: service/platform/persistence/src/main/resources/db/migration/V17__sd_owner_param_trusted_assertion.sql
  repositoryCommit: b21e344ea35c67523a63e947855113b8c3afb28b
  sha256: 65b9a8f4eb626ec7b6f5b2c4bb45d46b4698438b2b4d5c96f0f0e7a44689cdd6
- path: service/platform/persistence/src/main/resources/db/migration/V1__extensions_roles_functions.sql
  repositoryPath: service/platform/persistence/src/main/resources/db/migration/V1__extensions_roles_functions.sql
  repositoryCommit: b21e344ea35c67523a63e947855113b8c3afb28b
  sha256: 660d1885784da00a99271d8fe5c0aac10856c3cbf53cf93712efda5589418555
- path: service/platform/persistence/src/main/resources/db/migration/V5__worker_claim_lease_fence.sql
  repositoryPath: service/platform/persistence/src/main/resources/db/migration/V5__worker_claim_lease_fence.sql
  repositoryCommit: b21e344ea35c67523a63e947855113b8c3afb28b
  sha256: f090e3fc99a5d426ec596046ff090d4c799b98d21d611abb81d47177c76ba0d7
- path: skills/database-migration/SKILL.md
  repositoryPath: skills/database-migration/SKILL.md
  repositoryCommit: b21e344ea35c67523a63e947855113b8c3afb28b
  sha256: 0a2f4720d5b236b115526b309a1f551ca3051d8f37762a9b025c984a43386948
- path: skills/task-delivery-flow/SKILL.md
  repositoryPath: skills/task-delivery-flow/SKILL.md
  repositoryCommit: b21e344ea35c67523a63e947855113b8c3afb28b
  sha256: 9993e863360e181f7f13c1c058868196c69bf49d85c2ba128787ca6e8a95481b
- path: skills/task-intake/SKILL.md
  repositoryPath: skills/task-intake/SKILL.md
  repositoryCommit: b21e344ea35c67523a63e947855113b8c3afb28b
  sha256: 025fb456212052459245bbf2b79bce38684e63e63e0e8c664ff5d69091af9c4d
- path: specs/contracts/database-ownership-contract.yaml
  repositoryPath: specs/contracts/database-ownership-contract.yaml
  repositoryCommit: b21e344ea35c67523a63e947855113b8c3afb28b
  sha256: fa2ca370c1cc21165ac408e746cd4022f76d4a56e24816bae2acc1441f711ba6
