schemaVersion: 1
taskId: TASK-0033
baseCommit: cf29d26e9943dc80da2c35401e43c14f3945c827
contextFingerprint: c91d42b66d19fa7282d659d4d049f7966135278cb526d93d3d263d4d849cb46c
contextFingerprintAlgorithm: SHA256_ORDINAL_SORTED_PATH_EQUALS_HASH_LF_V1
pathMode: REPOSITORY_RELATIVE_AT_BASE_COMMIT
inputs:
- path: .gitattributes
  sha256: 98ef74cab7df7ea0cc4c4ed35a9fcdfadf085c657dcb4231e9f6dfef25c6faac
- path: .harness/agent-entrypoints.yaml
  sha256: ecafcd1e736aa65fb5a47c91c9e1947b5d056c9037f2905ca03fe8eba32a823a
- path: .harness/ci-execution-policy.yaml
  sha256: aba294e0c4986b3f01035ef9903ac7da631ff224e037f8faa01c26219ced51cb
- path: .harness/commands.yaml
  sha256: 35af171f3c83fdbe0adc691789b14f16fff297475046e9d88e91c115a66df720
- path: .harness/invariants.yaml
  sha256: 4f623c04d31ea87294ba1347b0beeef6e23efccc593779f9857acf8f0f0b7fcb
- path: .harness/license-policy.yaml
  sha256: c13ce6bb1a0806f6ea4d47685386df6c7064b66b02173e496d47ec7468478205
- path: .harness/paid-feature-denylist.yaml
  sha256: 4f96855253f04a886e77cdcbaf0462387a380f9eca6be6e347d88bb529dc4708
- path: .harness/phase-scope.yaml
  sha256: 55f4e02048943206868b74129f85a0c73f39da9960f95b64f631a9788a9ad0e6
- path: .harness/project-state.yaml
  sha256: 727c8d4e9f3f366d791513d8d73456c96a57742fefa2f2f78beb323e1975ee2d
- path: .harness/protected-paths.yaml
  sha256: 96b73fbc6f3452ebdbe31253be84e542dd036f08b28adb17edfd0dc10acf5ffd
- path: .harness/skills.yaml
  sha256: bfa02415f111ce99cc39949934194165745d212fe3d57fb0485bbea736c44ee4
- path: .harness/sources-of-truth.yaml
  sha256: cd9eb034a8fbe4582535d48e0388caaec6b1f4db3d2737746236114fa2637c1d
- path: .harness/task-backlog.yaml
  sha256: dd20b607ac90a08656c4f4e12d7e7211ffcb8be8efb2a44a360d8eb57de4d266
- path: .harness/task-delivery-policy.yaml
  sha256: eff4561ce8271a66fcf76f12a00ab51f46dd6ceb113109bcf8bf2e7435dfe5ea
- path: .harness/task-ledger.yaml
  sha256: 8b7994c38aa48719644f1f261fa056e3e91e6d284851468f4dbf342b1dc5c018
- path: .harness/task-lifecycle.yaml
  sha256: c284af0eb75c8c1a54f536acf6d5d518c1fdda801aba17ac0eef3441af6f83a5
- path: .harness/tools.lock.yaml
  sha256: fb107e5b18b64a4c42fed466da1456e8093a8112c9facaa24c9206044eb18e35
- path: AGENTS.md
  sha256: 8c04d7dc1af1a04ccd9e3fab64b9a071e1a3f143610a08367e8cfce3e91d390c
- path: CLAUDE.md
  sha256: 6c491e544ff5acec1a1cfc9dc2552bad6554cf9376e4c394dcb01c23265b8259
- path: docs/architecture/repository-structure.md
  sha256: 2b6229812ee79f136fe680079969c54688e84c3455b4f6394713f6b61e572927
- path: docs/decisions/0001-v031-technology-and-transport-baseline.md
  sha256: c295d11765d4407b51f95abc57ccd3ce4872367036b93cf6559ce8d1fce6b73d
- path: docs/evidence/TASK-0011/evidence-pack.json
  sha256: c125d7b4b1bfcdfe79ce646af9d53adb696658d6c8cc5c5b071f474f3fdc39af
- path: docs/schemas/evidence-pack.schema.json
  sha256: d13fadbfff99f2bef07838041785239d4611f464e7bda9ac872ba521dd77e2e6
- path: docs/schemas/handoff.schema.json
  sha256: 1b28f75b42aba9c65c9ee6337116c1bb76b611328d29de5618990f715526769b
- path: docs/tasks/TASK-0011-openai-chat-completions-offline-adapter.md
  sha256: 4e85915eb61cc5b451d5851a3d38dceb636815ad1bec3be7f6cd9c72d2df1d6e
- path: docs/tasks/TASK-0033-anthropic-messages-offline-contract.md
  sha256: da7d08f3dca30e1c96af94cbcbdbb6e876018e15b58de7ea0d3699f1aff82a34
- path: docs/tasks/task-card-template.md
  sha256: 1ed75ef0d0cfd40ac3740e4f32c703582f4b6c427d974fe36ad9a8628fc323d4
- path: pom.xml
  sha256: 9032e99be99474b8bdf90ed654eb46db6668455c7dabc2a8b839bdfd7466babd
- path: requirements-harness.txt
  sha256: 15a0b1ad3059a055847bf367d43a7d3c138b791d2bf67d8b6a53f982edda1dd3
- path: scripts/harness/doctor.py
  sha256: 1c69c642974c01e687ede710905c770d259fcfcc9c8133a82ba9278611cb5440
- path: scripts/harness/harness_common.py
  sha256: 00bfe627e1707cd849cd1c4adc536d581cad444dbf7a0c95734c97ece365e8c4
- path: scripts/harness/precheck.py
  sha256: 5a8df0760fa2fd37932bc66408d4d0593a47824362907ab63d244e1b6a99bca9
- path: scripts/harness/tests/test_harness.py
  sha256: 0f731a95f44d3fc90fc4cdca62bbe748b45e5fd15c654b0415a6abb68fc7eb56
- path: service/adapters/model-openai/pom.xml
  sha256: a81d03dbdbf762139c1811614e4868e6f0efe00e696f41a82b774b2b56afb911
- path: service/adapters/model-openai/src/main/java/com/virtualcompanion/modelopenai/ImmediateTerminalSession.java
  sha256: 0a2ba453cdf2f2b583723eb513d0d9701867b73adb77ec2718a9c9890afa6418
- path: service/adapters/model-openai/src/main/java/com/virtualcompanion/modelopenai/OpenAiChatCompletionsAdapter.java
  sha256: d03be97dce58e21bc3ba71eac011784a0cf1fac39a7430405c24a9c564489120
- path: service/adapters/model-openai/src/main/java/com/virtualcompanion/modelopenai/OpenAiChatCompletionsCodec.java
  sha256: 317d4a912e80eb31cc5b7255691a698c050f235fa6c466bfc9aaaf83386622be
- path: service/adapters/model-openai/src/main/java/com/virtualcompanion/modelopenai/OpenAiChatCompletionsConfig.java
  sha256: 313f2e71dcfa8d95b2557ca263d574bbc9ecdb87904e6ab7df87f5c8968a60e8
- path: service/adapters/model-openai/src/main/java/com/virtualcompanion/modelopenai/OpenAiChatCompletionsSession.java
  sha256: 4d6ef2e60bffd6d2f959ae5f2066bf0fbdf49512444524228929e1b8b8aee410
- path: service/adapters/model-openai/src/main/java/com/virtualcompanion/modelopenai/OpenAiCodecException.java
  sha256: 4faacbbe1e5fa50dc59f3a076b6b2f6adeac4983ba756f87e906d7b67875ac20
- path: service/adapters/model-openai/src/main/java/com/virtualcompanion/modelopenai/SseDecoder.java
  sha256: 6587e721c6c715a02838d2f05315cf5948cf55157c24196da9ce8a12a4277b73
- path: service/modules/modelruntime/pom.xml
  sha256: 1653e65fca0b8e2281eae89c12fa3697cb44961d9b107d58c4db06c55709ab97
- path: service/modules/modelruntime/src/main/java/com/virtualcompanion/modelruntime/contract/AdapterFailure.java
  sha256: 930b9155c79b184df662fb5e64ff44414d7b16d61620bd656599bc69a8b8dd71
- path: service/modules/modelruntime/src/main/java/com/virtualcompanion/modelruntime/contract/ContractChecks.java
  sha256: 612626ee37ecf4e49464d2729453fe20d5497ce6ead29d7a265c8d1e97c79964
- path: service/modules/modelruntime/src/main/java/com/virtualcompanion/modelruntime/contract/InvocationBinding.java
  sha256: a1cb08ea2daa1c48ec62f7b122942745620dbe20a4716d448e84e11b3c787f36
- path: service/modules/modelruntime/src/main/java/com/virtualcompanion/modelruntime/contract/ModelPayload.java
  sha256: fb4cce9b8872553c00e08f91be2c0787450a930a2f8fb6ea502fa71ed4abfda3
- path: service/modules/modelruntime/src/main/java/com/virtualcompanion/modelruntime/contract/ModelProtocolCapabilities.java
  sha256: d78a197028029dd34379b0829083af33dadfcea211f1b3fccf6837ddf4307ff7
- path: service/modules/modelruntime/src/main/java/com/virtualcompanion/modelruntime/contract/ModelProtocolEvent.java
  sha256: 94476c1e06eb1ddb3cd09be13325b9789caf5355c89274a4c191075ffa75104f
- path: service/modules/modelruntime/src/main/java/com/virtualcompanion/modelruntime/contract/ModelProtocolRequest.java
  sha256: 3cb57a29403d9551b5e8c69dd19e19772665d5802f8131d9e67c856e845dd72a
- path: service/modules/modelruntime/src/main/java/com/virtualcompanion/modelruntime/contract/OwnershipTuple.java
  sha256: 61ebbe8aabaf59dcc7106a9f5fb25ea23b709261105974f01dea63553f13f267
- path: service/modules/modelruntime/src/main/java/com/virtualcompanion/modelruntime/contract/ProtocolMessage.java
  sha256: 81e8e65bdf675f31f1425dc628794767a8960556f8b634f7859820e43193f617
- path: service/modules/modelruntime/src/main/java/com/virtualcompanion/modelruntime/contract/ResponseMode.java
  sha256: a8c645dcd93d3e2c29ce7be2737ef4d0296866c8a4903f03af459fe604bfc2f7
- path: service/modules/modelruntime/src/main/java/com/virtualcompanion/modelruntime/contract/StopReason.java
  sha256: 80a2764e0872492d0f7db818bbb040bdc2830d751d7f0d4805ca099db64255b4
- path: service/modules/modelruntime/src/main/java/com/virtualcompanion/modelruntime/contract/TimeoutBudget.java
  sha256: 270828faec0fe52eac19db24d2e3bd3206fac903c64054d046d0db9d7436fb1a
- path: service/modules/modelruntime/src/main/java/com/virtualcompanion/modelruntime/contract/TokenUsage.java
  sha256: 4432c35c3257b18ed8f68328bbfd9deac020f052df9de89097b448a6b6ec2d2f
- path: service/modules/modelruntime/src/main/java/com/virtualcompanion/modelruntime/guard/ModelProtocolEventFence.java
  sha256: bd0712fc0297d640807b96d0b4f555d57d14d661c032b1888d88bf13a66e5a29
- path: service/modules/modelruntime/src/main/java/com/virtualcompanion/modelruntime/port/ModelProtocolAdapter.java
  sha256: adeee9337ca02b9a7d6b01f73598d2775f0335e5ee8b9705ac5533fdf59406a1
- path: service/modules/modelruntime/src/main/java/com/virtualcompanion/modelruntime/port/ModelProtocolSession.java
  sha256: 9b067ef1be83bd621e2bed8949fca74e356515fe38d16cb0c3739431bcc1697d
- path: service/tests/openai-chat-completions-contract-tests/pom.xml
  sha256: 4367194fc76d77bdb55d1050445c2ff7e4f5e0b80c8dabfdceeb997c794444a9
- path: service/tests/openai-chat-completions-contract-tests/src/test/java/com/virtualcompanion/modelopenai/contract/CountingHttpClient.java
  sha256: a2a9cf624da86f76853579f91f1dd9711fd48e7ad65f79104abceabe8188cd9c
- path: service/tests/openai-chat-completions-contract-tests/src/test/java/com/virtualcompanion/modelopenai/contract/MockOpenAiServer.java
  sha256: 56c9a720417239c6a60f4c971b36fe3277fb9755fb81bab076b6732c7513ad86
- path: service/tests/openai-chat-completions-contract-tests/src/test/java/com/virtualcompanion/modelopenai/contract/NeverCompletingHttpClient.java
  sha256: 937c28939510099acf8d69763a4329c228655180aed86757e174df1870888653
- path: service/tests/openai-chat-completions-contract-tests/src/test/java/com/virtualcompanion/modelopenai/contract/OpenAiChatCompletionsBoundaryContractTest.java
  sha256: 6c0e2a98ddc252be862b773a434243ffa0055a758a8e90661078cc2e4cd3de1f
- path: service/tests/openai-chat-completions-contract-tests/src/test/java/com/virtualcompanion/modelopenai/contract/OpenAiChatCompletionsFailureContractTest.java
  sha256: d82d411ebc85ace8d405cb09cf38c18cef116544a9467eb155de3f2ff87dd62f
- path: service/tests/openai-chat-completions-contract-tests/src/test/java/com/virtualcompanion/modelopenai/contract/OpenAiChatCompletionsSuccessContractTest.java
  sha256: 49f5416fc37674139d23a621bda3e2c91b2c93a38866009d5c398397f655b6cb
- path: service/tests/openai-chat-completions-contract-tests/src/test/java/com/virtualcompanion/modelopenai/contract/OpenAiChatCompletionsTimeoutCancellationContractTest.java
  sha256: 4a55043468c0272e6ff9ebe95f48396f6511d13ea8560271ffb392418e5efeaf
- path: service/tests/openai-chat-completions-contract-tests/src/test/java/com/virtualcompanion/modelopenai/contract/OpenAiContractTestSupport.java
  sha256: f3be496ecadfcef4ef2845c83fe4ca6afa9331f09932cee2e4a9d02b38317ce8
- path: skills/model-routing-change/SKILL.md
  sha256: f988a9be9f21a93a724ca1d62280862107bf22baa1dae410bcfe89aaeae58ded
- path: skills/task-delivery-flow/SKILL.md
  sha256: bb16b21ede941ebbd4bff6794784a4e902583268ba04488bae8e0a581c2e9744
- path: skills/task-intake/SKILL.md
  sha256: 28bba1ef4e3b7a8274297529dea1bcd80aebde7c35efb63c9ea1b5bc35523e12
- path: specs/catalog/generation-states.yaml
  sha256: b6e7ae2890d07b55a5c33bc1490538879f99ecc8d4f194bfd41d0afca7202b2a
- path: specs/catalog/model-protocols.yaml
  sha256: dd5d45b1118baf560591f8f29434a365467cfdd943c539fe0f407d6a8f66c0ab
- path: specs/catalog/product-scope.yaml
  sha256: dc8fe7f8a00d4c177a8ce2230376b9738d9da2fd51cbc04de40fae2f6ce1f65b
- path: specs/catalog/provider-attempt-statuses.yaml
  sha256: 74dc66ca00506f554d94c1494b33be01874b8b9d131c0c3f283f1ed78cbc2710
- path: specs/catalog/risk-levels.yaml
  sha256: dd4f9a4d34d5b7c5860ffdbbd63cd51bb9b0b56a3175bcd3fe4e327b5d530543
- path: specs/contracts/authorization-contract.yaml
  sha256: 64cf6f37928d7cf81cefaeda9d3ab9b08243160a8538055952c2cff2cdbad887
- path: specs/contracts/finalization-contract.yaml
  sha256: 29e89887d05a393bf945d3e446831096663c722911fe4feedaeaa3194945a4af
- path: specs/contracts/generation-contract.yaml
  sha256: d91afb5d594982430d83bbb5dcf68dc65fdb4254a844768903749fcac442a32c
- path: specs/contracts/license-cost-boundary-contract.yaml
  sha256: f9d3510e23a039398bad483fb777482aa0d24ee727e69c069faa4935d1ac8c49
- path: specs/contracts/model-protocol-contract.yaml
  sha256: 7b77a389339119adc2f1321c862857962cc00918a213dae0d0400de78e7b7676
- path: specs/contracts/safety-fail-closed-contract.yaml
  sha256: 04fa5025373d640545d3a2d835b7413bd0dabd3f0e12391b08d3c1c0023c1904
- path: specs/generated/java/com/virtualcompanion/catalog/ModelProtocol.java
  sha256: 74297ccf560f0ca7c1c0a8deefa5c2fbf8d36f08d7320cab714b87c4b59cdb78
