schemaVersion: 1
taskId: TASK-0238
baseCommit: b8512229dd5cb3ba1f8e7019c1dd47d7f0a72bbb
contextFingerprint: 8e5cd420ba3846cbec19ff5d7fc6280d5e6d6b99b987fbba101125aca75dd8be
contextFingerprintAlgorithm: SHA256_ORDINAL_SORTED_PATH_EQUALS_HASH_LF_V1
pathMode: REPOSITORY_RELATIVE_AT_BASE_COMMIT
inputs:
- path: .harness/agent-entrypoints.yaml
  sha256: 919e0397d6fed8b520798bb916bbf2d0cc594c7f703000b7e2e1d962c5b87afe
- path: .harness/ci-execution-policy.yaml
  sha256: b41ce07b580d0c5be16f82225518f44ae931772ac14e3369505e56314022fc1b
- path: .harness/commands.yaml
  sha256: 9f2e5019447c337a2653dc055e9cb1d92fef2e40b916ab1d0cdf55fd5b9716da
- path: .harness/invariants.yaml
  sha256: 4f623c04d31ea87294ba1347b0beeef6e23efccc593779f9857acf8f0f0b7fcb
- path: .harness/license-inventory.yaml
  sha256: 209e1c5b29e1b3f979d496c4b2fab907a6dfb85d12bee01785ac1825cbb23e81
- path: .harness/license-policy.yaml
  sha256: c13ce6bb1a0806f6ea4d47685386df6c7064b66b02173e496d47ec7468478205
- path: .harness/paid-feature-denylist.yaml
  sha256: 4f96855253f04a886e77cdcbaf0462387a380f9eca6be6e347d88bb529dc4708
- path: .harness/phase-scope.yaml
  sha256: 55f4e02048943206868b74129f85a0c73f39da9960f95b64f631a9788a9ad0e6
- path: .harness/project-state.yaml
  sha256: 74ef4930ad5135b11784dd72c21e106aaa0530ebd053b2facbe3c6242361f593
- path: .harness/protected-paths.yaml
  sha256: 96b73fbc6f3452ebdbe31253be84e542dd036f08b28adb17edfd0dc10acf5ffd
- path: .harness/skills.yaml
  sha256: ff2688b1c3e4620906f6d9da2eed7e6b663d0d9adc4d4f2a47c5fad672a35fad
- path: .harness/sources-of-truth.yaml
  sha256: cd9eb034a8fbe4582535d48e0388caaec6b1f4db3d2737746236114fa2637c1d
- path: .harness/task-backlog.yaml
  sha256: 7b5d5db744b1b33d090b9cf94a21beef9cd5250b71e3159f587fe8b9ab6fd87a
- path: .harness/task-delivery-policy.yaml
  sha256: eff4561ce8271a66fcf76f12a00ab51f46dd6ceb113109bcf8bf2e7435dfe5ea
- path: .harness/task-ledger.yaml
  sha256: 47f34302206a82b271c49354079e006717f6b01433ac404852b9ed8f971b304c
- path: .harness/task-lifecycle.yaml
  sha256: c284af0eb75c8c1a54f536acf6d5d518c1fdda801aba17ac0eef3441af6f83a5
- path: .harness/tools.lock.yaml
  sha256: fb107e5b18b64a4c42fed466da1456e8093a8112c9facaa24c9206044eb18e35
- path: AGENTS.md
  sha256: 3342044d137a5a2416aa77eb760ebdc177f24e75a6c5d961454bf97cdd19969c
- path: CLAUDE.md
  sha256: 6c491e544ff5acec1a1cfc9dc2552bad6554cf9376e4c394dcb01c23265b8259
- path: docs/evidence/TASK-0213/evidence-pack.json
  sha256: fc46e901d9dd33ab02c79b93674710485cb57130ebfde3e8245af86ad3b2d86c
- path: docs/evidence/TASK-0214/evidence-pack.json
  sha256: 100e0f97915290ac1218eaac3ce355db01f6d016f64e2ec172171149401daa30
- path: docs/evidence/TASK-0215/evidence-pack.json
  sha256: aadf4e0c310614790a5fd4dc975a0c7c56b1084ee424be0f4f5b18749624df31
- path: docs/evidence/TASK-0216/evidence-pack.json
  sha256: 6f33b100afad738b9b092e6d58fb56141562452fed39ea2240ba8f2657c80952
- path: docs/evidence/TASK-0217/evidence-pack.json
  sha256: 5a03aa550880bf39bba7856bdc68d742e7c467a86eee29c55e4c0cbc10bd5c4d
- path: docs/evidence/TASK-0231/governance-gap-quarantine.json
  sha256: b3d647d84fad7fcd5b8bac1542b2e6f4b3bbca3b7b9de88270b1b6dbaa72d883
- path: docs/handoffs/TASK-0213.json
  sha256: 59292315461e62e1e488978523b8ba56401bf56ca9e4e8a47b8bec33866cc28f
- path: docs/handoffs/TASK-0214.json
  sha256: dd9c3bd81fa9fc61f76bffad2f417b57fb01c0e329aa8b279156d50e6bf3e5f2
- path: docs/handoffs/TASK-0215.json
  sha256: ec53846d05c0da6c8cbcc6ff08093fa28d86c1e95aa89cd37dcbf8bd9dcdd9f8
- path: docs/handoffs/TASK-0216.json
  sha256: 0a6dc7a30e3843866f8fb6ea2359b452a66994f6599499a2532658059650ca0b
- path: docs/handoffs/TASK-0217.json
  sha256: d856ab2947fd36fb7a816f398904a31a37d87f5a6b261003192f67d3c7f736be
- path: docs/schemas/evidence-pack.schema.json
  sha256: d13fadbfff99f2bef07838041785239d4611f464e7bda9ac872ba521dd77e2e6
- path: docs/schemas/handoff.schema.json
  sha256: 1b28f75b42aba9c65c9ee6337116c1bb76b611328d29de5618990f715526769b
- path: docs/tasks/TASK-0213-h5-index-carry-relationship-id-to-memory.md
  sha256: 338643054c4cdd4267b1daf1532bb014f089980a054fc1324067cb7bdd537b29
- path: docs/tasks/TASK-0214-h5-memory-empty-point-to-chat.md
  sha256: 52ac0d4aa08db8532a0a083351454aa378dd4d68cab834766964f03dc8e60a97
- path: docs/tasks/TASK-0215-h5-login-back-to-index-nav.md
  sha256: 71e97fe72d13b8ef3158126d5801ee102145d40adebb8a3bdf5f3501db39cdc2
- path: docs/tasks/TASK-0216-h5-memory-empty-id-select-or-fill.md
  sha256: 052035b0eff9917650f723ef4c4cb822dee5880d9d91d3e07c110f04fa12280b
- path: docs/tasks/TASK-0217-h5-memory-carry-relationship-id-to-chat.md
  sha256: 69e96a51407330d0e48fbbfea531623a6ceb2f63a7ce1f585dd268df1a1433c9
- path: docs/tasks/task-card-template.md
  sha256: 1ed75ef0d0cfd40ac3740e4f32c703582f4b6c427d974fe36ad9a8628fc323d4
- path: skills/task-delivery-flow/SKILL.md
  sha256: 341b241653a7f1f8fd8ad4f48a0bf10d5fc5546d631f484d128022f19bd092fb
- path: skills/task-intake/SKILL.md
  sha256: 6fd28d64c5afde5cc427609091e261f7bc0024776a32612d1735b37df3536aae
