schemaVersion: 1
taskId: TASK-0146
baseCommit: 439ea01ed1442ada2d273679548673efa9ff32b4
contextFingerprint: 4a318026d13199e5caaa45bb12becf8e9959db91985ae44f4a276b455e1d33f6
contextFingerprintAlgorithm: SHA256_ORDINAL_SORTED_PATH_EQUALS_HASH_LF_V1
pathMode: REPOSITORY_RELATIVE_AT_BASE_COMMIT
inputs:
- path: .gitattributes
  sha256: 98ef74cab7df7ea0cc4c4ed35a9fcdfadf085c657dcb4231e9f6dfef25c6faac
- path: AGENTS.md
  sha256: 3342044d137a5a2416aa77eb760ebdc177f24e75a6c5d961454bf97cdd19969c
- path: CLAUDE.md
  sha256: 6c491e544ff5acec1a1cfc9dc2552bad6554cf9376e4c394dcb01c23265b8259
- path: requirements-harness.txt
  sha256: 83d1f52f5919c76fa38295e848f732dde28547b617fdadf4ed12159b719dae7c
- path: .harness/agent-entrypoints.yaml
  sha256: 919e0397d6fed8b520798bb916bbf2d0cc594c7f703000b7e2e1d962c5b87afe
- path: .harness/ci-execution-policy.yaml
  sha256: 666976659494a5e5188e3b37c933fcc5cb1522c958d1d4f55565a4172a9be43b
- path: .harness/commands.yaml
  sha256: a770c2c615fa3513c284e922acdedd900237dfda2b8ec389b222a51c0e8270c3
- path: .harness/invariants.yaml
  sha256: 4f623c04d31ea87294ba1347b0beeef6e23efccc593779f9857acf8f0f0b7fcb
- path: .harness/license-policy.yaml
  sha256: c13ce6bb1a0806f6ea4d47685386df6c7064b66b02173e496d47ec7468478205
- path: .harness/paid-feature-denylist.yaml
  sha256: 4f96855253f04a886e77cdcbaf0462387a380f9eca6be6e347d88bb529dc4708
- path: .harness/phase-scope.yaml
  sha256: 55f4e02048943206868b74129f85a0c73f39da9960f95b64f631a9788a9ad0e6
- path: .harness/project-state.yaml
  sha256: d7a02c74f83ef785ad103075e3777e77974a3e6f8baf8f4a4a78b8aa02712b33
- path: .harness/protected-paths.yaml
  sha256: 96b73fbc6f3452ebdbe31253be84e542dd036f08b28adb17edfd0dc10acf5ffd
- path: .harness/skills.yaml
  sha256: ff2688b1c3e4620906f6d9da2eed7e6b663d0d9adc4d4f2a47c5fad672a35fad
- path: .harness/sources-of-truth.yaml
  sha256: cd9eb034a8fbe4582535d48e0388caaec6b1f4db3d2737746236114fa2637c1d
- path: .harness/task-backlog.yaml
  sha256: e1c150fcf98f07a91a384467828c3d4a3161d9037e8d43aeab85be37212b6fd5
- path: .harness/task-delivery-policy.yaml
  sha256: eff4561ce8271a66fcf76f12a00ab51f46dd6ceb113109bcf8bf2e7435dfe5ea
- path: .harness/task-ledger.yaml
  sha256: 7a34574878e52f0076401297740873a801634dc15032aec02bfa4abfce713298
- path: .harness/task-lifecycle.yaml
  sha256: c284af0eb75c8c1a54f536acf6d5d518c1fdda801aba17ac0eef3441af6f83a5
- path: .harness/tools.lock.yaml
  sha256: fb107e5b18b64a4c42fed466da1456e8093a8112c9facaa24c9206044eb18e35
- path: docs/schemas/evidence-pack.schema.json
  sha256: d13fadbfff99f2bef07838041785239d4611f464e7bda9ac872ba521dd77e2e6
- path: docs/schemas/handoff.schema.json
  sha256: 1b28f75b42aba9c65c9ee6337116c1bb76b611328d29de5618990f715526769b
- path: docs/tasks/task-card-template.md
  sha256: 1ed75ef0d0cfd40ac3740e4f32c703582f4b6c427d974fe36ad9a8628fc323d4
- path: docs/tasks/TASK-0144-p2-12-jdbc-authorization-snapshot-one-way.md
  sha256: a75dff8dac4e1d4534700c6ad4b3318410f20c37e21a606195e487f836db5fea
- path: docs/tasks/context/TASK-0144.context-lock.yaml
  sha256: 02d7cfaca4da78af0d026d351b932abb671cf047a4aa1051387d28a3781a4af5
- path: docs/evidence/TASK-0144/evidence-pack.json
  sha256: d8c9b966c5ea2021ea3b9c32ca5d68618b715583daa3ab8cf570fad63a9e4af4
- path: docs/evidence/TASK-0144/pre-closure-request.json
  sha256: d412e87eccc9d7d3cdc558fb77e4076ef2c5ec882af1d04c0d772faaee5a9d91
- path: docs/evidence/TASK-0144/review-r1.md
  sha256: 5a03ff128ea3e42e21bf485bd60d52855a9d90f8a322b335d7d3d20676a04195
- path: docs/evidence/TASK-0144/review-r2.md
  sha256: 6a26ec450b918204a59a46e04f6d1938930c2aced68b24c5502f7f00f7c3bf03
- path: docs/handoffs/TASK-0144.json
  sha256: 6bb68b9f3bc348d197cf3b90a608e99a2910052643a6f7e4a570f144895ec2d9
- path: docs/evidence/TASK-0109/zcode-remediation-handoff.md
  sha256: 04bc8d6145db5c7c6f77875e0cdb9b4a35ec187c514687f18af005a06a97efda
- path: skills/task-intake/SKILL.md
  sha256: 025fb456212052459245bbf2b79bce38684e63e63e0e8c664ff5d69091af9c4d
- path: skills/task-delivery-flow/SKILL.md
  sha256: 9993e863360e181f7f13c1c058868196c69bf49d85c2ba128787ca6e8a95481b
- path: skills/model-routing-change/SKILL.md
  sha256: f988a9be9f21a93a724ca1d62280862107bf22baa1dae410bcfe89aaeae58ded
- path: service/modules/modelruntime/src/main/java/com/virtualcompanion/modelruntime/authorization/AuthorizationSnapshotStore.java
  sha256: 42706c9a1888c6aa9d9970f8d6a1b69a046351712f1a5d3e92c2a9665f03cdf8
- path: service/modules/modelruntime/src/main/java/com/virtualcompanion/modelruntime/authorization/InMemoryAuthorizationSnapshotStore.java
  sha256: a67abc4e531212acb605a80fcdebb5556a808ab3874f0cc7bd70d9a813b8b17f
- path: service/modules/modelruntime/src/main/java/com/virtualcompanion/modelruntime/authorization/AuthorizationSnapshot.java
  sha256: 26750b732c313e170cac3057c85449e16d15c73a85fb8033fc4c2535ec7ab10d
- path: service/modules/modelruntime/src/main/java/com/virtualcompanion/modelruntime/authorization/AuthorizationSnapshotId.java
  sha256: 4982686be3d7bbf714667ea4c22f04a3af62d6b8c0c43184f1fa16b0521e981f
- path: service/modules/modelruntime/src/main/java/com/virtualcompanion/modelruntime/authorization/AuthorizationStatus.java
  sha256: fd4ff25bbfc09062596e63aeae8b39d42f75b13731a6c55fe272dc1c71b5ea3a
- path: service/modules/modelruntime/src/main/java/com/virtualcompanion/modelruntime/authorization/ExecutionAuthorizationGuard.java
  sha256: 591fe9b59d904ebac650e727f3ec04610eaf7c529108e601b8333e220aef7487
- path: service/modules/modelruntime/src/test/java/com/virtualcompanion/modelruntime/authorization/ExecutionAuthorizationGuardTest.java
  sha256: 1f03a760892f7c6c11ad4622797437f6f8099c09120974f437590c81761a33e6
- path: service/platform/persistence/src/main/java/com/virtualcompanion/platform/persistence/JdbcAuthorizationSnapshotStore.java
  sha256: 258839d577c2df7cd20f21463eec6b16522a36d4779a83ef5d1c65ac3731f32b
- path: service/apps/runtime/src/main/java/com/virtualcompanion/runtime/modelproviders/ApprovedModelProviderConfig.java
  sha256: b61fd952dd2224c7309c966b9e4f60bfb9888c417f49ef08449a03cdfd08d82e
- path: owner-authorization/TASK-0146/5e8a2c4f-9b1d-4c3e-8f6a-7b2c9d0e1f2a
  sha256: cc0f91c1ddad24cb89128002439148384e4af8b6c8d056498ba8814a53580e95
  provenanceOnly: true
