taskId: TASK-0167
baseCommit: afb43f730189006a371181dbca5413b5cd42cce3
contextFingerprint: 53ddb969822ac4bd2db8a246ede7728e30b617ab6fb9997d0688f7c7cc5f44ef
contextFingerprintAlgorithm: SHA256_ORDINAL_SORTED_PATH_EQUALS_HASH_LF_V1
pathMode: REPOSITORY_RELATIVE_AT_BASE_COMMIT
inputs:
- path: .harness/agent-entrypoints.yaml
  repositoryPath: .harness/agent-entrypoints.yaml
  repositoryCommit: afb43f730189006a371181dbca5413b5cd42cce3
  sha256: 919e0397d6fed8b520798bb916bbf2d0cc594c7f703000b7e2e1d962c5b87afe
- path: .harness/ci-execution-policy.yaml
  repositoryPath: .harness/ci-execution-policy.yaml
  repositoryCommit: afb43f730189006a371181dbca5413b5cd42cce3
  sha256: a7b58400bfab1fa0d55e250a8b17d4552a3b0eba92d0d297e8f3536282945bc2
- path: .harness/commands.yaml
  repositoryPath: .harness/commands.yaml
  repositoryCommit: afb43f730189006a371181dbca5413b5cd42cce3
  sha256: 9f2e5019447c337a2653dc055e9cb1d92fef2e40b916ab1d0cdf55fd5b9716da
- path: .harness/invariants.yaml
  repositoryPath: .harness/invariants.yaml
  repositoryCommit: afb43f730189006a371181dbca5413b5cd42cce3
  sha256: 4f623c04d31ea87294ba1347b0beeef6e23efccc593779f9857acf8f0f0b7fcb
- path: .harness/license-inventory.yaml
  repositoryPath: .harness/license-inventory.yaml
  repositoryCommit: afb43f730189006a371181dbca5413b5cd42cce3
  sha256: 0b5f739d906a717badb582b1b67f34c5b7d07b94a33768ced5a3802743645852
- path: .harness/license-policy.yaml
  repositoryPath: .harness/license-policy.yaml
  repositoryCommit: afb43f730189006a371181dbca5413b5cd42cce3
  sha256: c13ce6bb1a0806f6ea4d47685386df6c7064b66b02173e496d47ec7468478205
- path: .harness/paid-feature-denylist.yaml
  repositoryPath: .harness/paid-feature-denylist.yaml
  repositoryCommit: afb43f730189006a371181dbca5413b5cd42cce3
  sha256: 4f96855253f04a886e77cdcbaf0462387a380f9eca6be6e347d88bb529dc4708
- path: .harness/phase-scope.yaml
  repositoryPath: .harness/phase-scope.yaml
  repositoryCommit: afb43f730189006a371181dbca5413b5cd42cce3
  sha256: 55f4e02048943206868b74129f85a0c73f39da9960f95b64f631a9788a9ad0e6
- path: .harness/project-state.yaml
  repositoryPath: .harness/project-state.yaml
  repositoryCommit: afb43f730189006a371181dbca5413b5cd42cce3
  sha256: f2fa4c318c19b33f0e3b2d393bcb251085580f69625ed4247aa5b079361e08f3
- path: .harness/protected-paths.yaml
  repositoryPath: .harness/protected-paths.yaml
  repositoryCommit: afb43f730189006a371181dbca5413b5cd42cce3
  sha256: 96b73fbc6f3452ebdbe31253be84e542dd036f08b28adb17edfd0dc10acf5ffd
- path: .harness/skills.yaml
  repositoryPath: .harness/skills.yaml
  repositoryCommit: afb43f730189006a371181dbca5413b5cd42cce3
  sha256: ff2688b1c3e4620906f6d9da2eed7e6b663d0d9adc4d4f2a47c5fad672a35fad
- path: .harness/sources-of-truth.yaml
  repositoryPath: .harness/sources-of-truth.yaml
  repositoryCommit: afb43f730189006a371181dbca5413b5cd42cce3
  sha256: cd9eb034a8fbe4582535d48e0388caaec6b1f4db3d2737746236114fa2637c1d
- path: .harness/task-backlog.yaml
  repositoryPath: .harness/task-backlog.yaml
  repositoryCommit: afb43f730189006a371181dbca5413b5cd42cce3
  sha256: e1c150fcf98f07a91a384467828c3d4a3161d9037e8d43aeab85be37212b6fd5
- path: .harness/task-delivery-policy.yaml
  repositoryPath: .harness/task-delivery-policy.yaml
  repositoryCommit: afb43f730189006a371181dbca5413b5cd42cce3
  sha256: eff4561ce8271a66fcf76f12a00ab51f46dd6ceb113109bcf8bf2e7435dfe5ea
- path: .harness/task-ledger.yaml
  repositoryPath: .harness/task-ledger.yaml
  repositoryCommit: afb43f730189006a371181dbca5413b5cd42cce3
  sha256: e40220e0e54342e4978a7dc974c5b4461fa72951381c66ce3f6fca667d845967
- path: .harness/task-lifecycle.yaml
  repositoryPath: .harness/task-lifecycle.yaml
  repositoryCommit: afb43f730189006a371181dbca5413b5cd42cce3
  sha256: c284af0eb75c8c1a54f536acf6d5d518c1fdda801aba17ac0eef3441af6f83a5
- path: .harness/tools.lock.yaml
  repositoryPath: .harness/tools.lock.yaml
  repositoryCommit: afb43f730189006a371181dbca5413b5cd42cce3
  sha256: fb107e5b18b64a4c42fed466da1456e8093a8112c9facaa24c9206044eb18e35
- path: AGENTS.md
  repositoryPath: AGENTS.md
  repositoryCommit: afb43f730189006a371181dbca5413b5cd42cce3
  sha256: 3342044d137a5a2416aa77eb760ebdc177f24e75a6c5d961454bf97cdd19969c
- path: CLAUDE.md
  repositoryPath: CLAUDE.md
  repositoryCommit: afb43f730189006a371181dbca5413b5cd42cce3
  sha256: 6c491e544ff5acec1a1cfc9dc2552bad6554cf9376e4c394dcb01c23265b8259
- path: docs/evidence/TASK-0109/zcode-remediation-handoff.md
  repositoryPath: docs/evidence/TASK-0109/zcode-remediation-handoff.md
  repositoryCommit: afb43f730189006a371181dbca5413b5cd42cce3
  sha256: 04bc8d6145db5c7c6f77875e0cdb9b4a35ec187c514687f18af005a06a97efda
- path: docs/evidence/TASK-0166/evidence-pack.json
  repositoryPath: docs/evidence/TASK-0166/evidence-pack.json
  repositoryCommit: afb43f730189006a371181dbca5413b5cd42cce3
  sha256: a56c04602a976f1313d81541c81199825b61de296a6efbddc99c9d81afa9d3b8
- path: docs/evidence/TASK-0166/review-r1.md
  repositoryPath: docs/evidence/TASK-0166/review-r1.md
  repositoryCommit: afb43f730189006a371181dbca5413b5cd42cce3
  sha256: ce4eb82b133a8d0773c7bda3cb5b6613e8dda1a67e07709de7e9435bc2f6d7d7
- path: docs/handoffs/TASK-0166.json
  repositoryPath: docs/handoffs/TASK-0166.json
  repositoryCommit: afb43f730189006a371181dbca5413b5cd42cce3
  sha256: a56c04602a976f1313d81541c81199825b61de296a6efbddc99c9d81afa9d3b8
- path: docs/schemas/evidence-pack.schema.json
  repositoryPath: docs/schemas/evidence-pack.schema.json
  repositoryCommit: afb43f730189006a371181dbca5413b5cd42cce3
  sha256: d13fadbfff99f2bef07838041785239d4611f464e7bda9ac872ba521dd77e2e6
- path: docs/schemas/handoff.schema.json
  repositoryPath: docs/schemas/handoff.schema.json
  repositoryCommit: afb43f730189006a371181dbca5413b5cd42cce3
  sha256: 1b28f75b42aba9c65c9ee6337116c1bb76b611328d29de5618990f715526769b
- path: docs/tasks/TASK-0166-v8-v11-legacy-upgrade-fail-closed-test.md
  repositoryPath: docs/tasks/TASK-0166-v8-v11-legacy-upgrade-fail-closed-test.md
  repositoryCommit: afb43f730189006a371181dbca5413b5cd42cce3
  sha256: b16a7b3340ad7fbb2d6381d4c6950a9c9807dbbf49a56c4350d957dbc5f0888f
- path: docs/tasks/task-card-template.md
  repositoryPath: docs/tasks/task-card-template.md
  repositoryCommit: afb43f730189006a371181dbca5413b5cd42cce3
  sha256: 1ed75ef0d0cfd40ac3740e4f32c703582f4b6c427d974fe36ad9a8628fc323d4
- path: owner-authorization://longline-2026-08-09
  repositoryPath: owner-authorization://longline-2026-08-09
  sha256: cc0f91c1ddad24cb89128002439148384e4af8b6c8d056498ba8814a53580e95
  provenanceOnly: true
- path: service/modules/modelruntime/src/main/java/com/virtualcompanion/modelruntime/routing/DeterministicRouter.java
  repositoryPath: service/modules/modelruntime/src/main/java/com/virtualcompanion/modelruntime/routing/DeterministicRouter.java
  repositoryCommit: afb43f730189006a371181dbca5413b5cd42cce3
  sha256: 65478408b61eb8e4cd09049c5e45beb0058ddac976e59d42a84a0d19cd6b4d62
- path: service/modules/modelruntime/src/main/java/com/virtualcompanion/modelruntime/routing/GenerationRecovery.java
  repositoryPath: service/modules/modelruntime/src/main/java/com/virtualcompanion/modelruntime/routing/GenerationRecovery.java
  repositoryCommit: afb43f730189006a371181dbca5413b5cd42cce3
  sha256: 14050374a98adc299966c29d7782e3b1f97d863637ec0781abe3bfe0d6e44bce
- path: service/modules/modelruntime/src/main/java/com/virtualcompanion/modelruntime/routing/QuotaLedger.java
  repositoryPath: service/modules/modelruntime/src/main/java/com/virtualcompanion/modelruntime/routing/QuotaLedger.java
  repositoryCommit: afb43f730189006a371181dbca5413b5cd42cce3
  sha256: 4ff2cf5a34be264bfd6ca37e8b1c66304f37556d32147f6eeff0f8b4f777f46d
- path: service/modules/modelruntime/src/main/java/com/virtualcompanion/modelruntime/routing/QuotaReservation.java
  repositoryPath: service/modules/modelruntime/src/main/java/com/virtualcompanion/modelruntime/routing/QuotaReservation.java
  repositoryCommit: afb43f730189006a371181dbca5413b5cd42cce3
  sha256: 10cbfdccd5823262964516db809f1de0a77aa953528dc93a25453c284e14bd7f
- path: service/modules/modelruntime/src/main/java/com/virtualcompanion/modelruntime/routing/RouteDecision.java
  repositoryPath: service/modules/modelruntime/src/main/java/com/virtualcompanion/modelruntime/routing/RouteDecision.java
  repositoryCommit: afb43f730189006a371181dbca5413b5cd42cce3
  sha256: 0de27c8125607a4cce31b2e5d9f84fb48e4f25dcef01b8cf0d23158896839a73
- path: service/modules/modelruntime/src/test/java/com/virtualcompanion/modelruntime/routing/GenerationRecoveryTest.java
  repositoryPath: service/modules/modelruntime/src/test/java/com/virtualcompanion/modelruntime/routing/GenerationRecoveryTest.java
  repositoryCommit: afb43f730189006a371181dbca5413b5cd42cce3
  sha256: 2f596b070a54a9037cdd51edab28280106fc6b3ba869776d7d079f1ee9dd9d05
- path: service/modules/modelruntime/src/test/java/com/virtualcompanion/modelruntime/routing/QuotaLedgerTest.java
  repositoryPath: service/modules/modelruntime/src/test/java/com/virtualcompanion/modelruntime/routing/QuotaLedgerTest.java
  repositoryCommit: afb43f730189006a371181dbca5413b5cd42cce3
  sha256: c216d9103f9de5ba1229fafd828033f053922c7d90659180b4e7603a7e4380c8
- path: skills/model-routing-change/SKILL.md
  repositoryPath: skills/model-routing-change/SKILL.md
  repositoryCommit: afb43f730189006a371181dbca5413b5cd42cce3
  sha256: f988a9be9f21a93a724ca1d62280862107bf22baa1dae410bcfe89aaeae58ded
- path: skills/task-delivery-flow/SKILL.md
  repositoryPath: skills/task-delivery-flow/SKILL.md
  repositoryCommit: afb43f730189006a371181dbca5413b5cd42cce3
  sha256: 9993e863360e181f7f13c1c058868196c69bf49d85c2ba128787ca6e8a95481b
- path: skills/task-intake/SKILL.md
  repositoryPath: skills/task-intake/SKILL.md
  repositoryCommit: afb43f730189006a371181dbca5413b5cd42cce3
  sha256: 025fb456212052459245bbf2b79bce38684e63e63e0e8c664ff5d69091af9c4d
- path: specs/contracts/authorization-contract.yaml
  repositoryPath: specs/contracts/authorization-contract.yaml
  repositoryCommit: afb43f730189006a371181dbca5413b5cd42cce3
  sha256: 64cf6f37928d7cf81cefaeda9d3ab9b08243160a8538055952c2cff2cdbad887
- path: specs/contracts/generation-contract.yaml
  repositoryPath: specs/contracts/generation-contract.yaml
  repositoryCommit: afb43f730189006a371181dbca5413b5cd42cce3
  sha256: d91afb5d594982430d83bbb5dcf68dc65fdb4254a844768903749fcac442a32c
- path: specs/contracts/model-protocol-contract.yaml
  repositoryPath: specs/contracts/model-protocol-contract.yaml
  repositoryCommit: afb43f730189006a371181dbca5413b5cd42cce3
  sha256: 7b77a389339119adc2f1321c862857962cc00918a213dae0d0400de78e7b7676
