schemaVersion: 1
taskId: TASK-0191
baseCommit: 3c7fd0b5b306325d51464053e7b3382044c3dd4b
contextFingerprint: 56ca64e24e6fd668fa90bac08c53c6ce133c152a1859a29fdefc79edd1c1756e
contextFingerprintAlgorithm: SHA256_ORDINAL_SORTED_PATH_EQUALS_HASH_LF_V1
pathMode: REPOSITORY_RELATIVE_AT_BASE_COMMIT
inputs:
- path: .gitattributes
  sha256: 98ef74cab7df7ea0cc4c4ed35a9fcdfadf085c657dcb4231e9f6dfef25c6faac
- path: .harness/agent-entrypoints.yaml
  sha256: 919e0397d6fed8b520798bb916bbf2d0cc594c7f703000b7e2e1d962c5b87afe
- path: .harness/ci-execution-policy.yaml
  sha256: 1c377dd7003f1c1b14ca51f29fccd951f8804b8880c03abb1adb6dde3f64d260
- path: .harness/commands.yaml
  sha256: 9f2e5019447c337a2653dc055e9cb1d92fef2e40b916ab1d0cdf55fd5b9716da
- path: .harness/invariants.yaml
  sha256: 4f623c04d31ea87294ba1347b0beeef6e23efccc593779f9857acf8f0f0b7fcb
- path: .harness/license-inventory.yaml
  sha256: 209e1c5b29e1b3f979d496c4b2fab907a6dfb85d12bee01785ac1825cbb23e81
- path: .harness/license-policy.yaml
  sha256: c13ce6bb1a0806f6ea4d47685386df6c7064b66b02173e496d47ec7468478205
- path: .harness/paid-feature-denylist.yaml
  sha256: 4f96855253f04a886e77cdcbaf0462387a380f9eca6be6e347d88bb529dc4708
- path: .harness/phase-scope.yaml
  sha256: 55f4e02048943206868b74129f85a0c73f39da9960f95b64f631a9788a9ad0e6
- path: .harness/project-state.yaml
  sha256: ab64dfab475490b99839743e7f52c23c18b031b8c62e74e08a3d99ba68fac822
- path: .harness/protected-paths.yaml
  sha256: 96b73fbc6f3452ebdbe31253be84e542dd036f08b28adb17edfd0dc10acf5ffd
- path: .harness/skills.yaml
  sha256: ff2688b1c3e4620906f6d9da2eed7e6b663d0d9adc4d4f2a47c5fad672a35fad
- path: .harness/sources-of-truth.yaml
  sha256: cd9eb034a8fbe4582535d48e0388caaec6b1f4db3d2737746236114fa2637c1d
- path: .harness/task-backlog.yaml
  sha256: e1c150fcf98f07a91a384467828c3d4a3161d9037e8d43aeab85be37212b6fd5
- path: .harness/task-delivery-policy.yaml
  sha256: eff4561ce8271a66fcf76f12a00ab51f46dd6ceb113109bcf8bf2e7435dfe5ea
- path: .harness/task-ledger.yaml
  sha256: b06ff97fbc889a66106135fed7c673a264e9441974486e11877a56aa19338c24
- path: .harness/task-lifecycle.yaml
  sha256: c284af0eb75c8c1a54f536acf6d5d518c1fdda801aba17ac0eef3441af6f83a5
- path: .harness/tools.lock.yaml
  sha256: fb107e5b18b64a4c42fed466da1456e8093a8112c9facaa24c9206044eb18e35
- path: AGENTS.md
  sha256: 3342044d137a5a2416aa77eb760ebdc177f24e75a6c5d961454bf97cdd19969c
- path: CLAUDE.md
  sha256: 6c491e544ff5acec1a1cfc9dc2552bad6554cf9376e4c394dcb01c23265b8259
- path: docs/decisions/0004-identity-session-boundary.md
  sha256: 8556820a91e3c8b0c8a1762372e89f16f8fbe1262e76ba7e46d8ee409e2cb29f
- path: docs/evidence/TASK-0190/evidence-pack.json
  sha256: 67f48fa02cd27295d39a163097e9e62bd78a9599e0d0ec19e626d74560a1d97d
- path: docs/handoffs/TASK-0190.json
  sha256: 08afcf126c2ad33a6e0bc9a24a4735d93eafd8339391c1837dae59984d72bc62
- path: docs/schemas/evidence-pack.schema.json
  sha256: d13fadbfff99f2bef07838041785239d4611f464e7bda9ac872ba521dd77e2e6
- path: docs/schemas/handoff.schema.json
  sha256: 1b28f75b42aba9c65c9ee6337116c1bb76b611328d29de5618990f715526769b
- path: docs/tasks/TASK-0190-license-inventory-jackson-databind.md
  sha256: ee4b7a715d5210c0ed671ef19e3d1cbcc884780892522047e0d281a59921647a
- path: docs/tasks/context/TASK-0190.context-lock.yaml
  sha256: 48598842e4674c41f0e86257e840cc9786f5b56fa5e00b948817ee57b2cc6fdf
- path: docs/tasks/task-card-template.md
  sha256: 1ed75ef0d0cfd40ac3740e4f32c703582f4b6c427d974fe36ad9a8628fc323d4
- path: infra/db/run-rls-tests.sh
  sha256: 092e6a42df352ce55ede67472a655f8e3122346c4231ebd180ab9c48900a0050
- path: infra/db/tests/01_cross_user_read_denied.sql
  sha256: dce5bd5589d48b402196cc50cea3862d7934d33e68c8d9de526559a946a36644
- path: infra/db/tests/04_stale_worker_fence_denied.sql
  sha256: 96304ce5bb0967b8bd767f2e70e9e89e0537d85ab85221e1422cde14fecbc0a8
- path: infra/db/tests/55_sd_missing_context_fail_closed.sql
  sha256: 9358cfe60e803eaf71ee5d50e3cffca585aeb61a7bdf7534df3f733c72814f3b
- path: requirements-harness.txt
  sha256: 83d1f52f5919c76fa38295e848f732dde28547b617fdadf4ed12159b719dae7c
- path: service/apps/runtime/src/main/java/com/virtualcompanion/runtime/auth/config/AuthDataSourceConfig.java
  sha256: 155869dfa366eeb3d39670f97739604d762560c0aec26dad610c2e45b30b3587
- path: service/apps/runtime/src/main/java/com/virtualcompanion/runtime/auth/tenant/OwnerContext.java
  sha256: 14d66e9adbb85dac710639e54e03ca007f171d6a1c11cc56994ae31b85adb9a2
- path: service/apps/runtime/src/main/java/com/virtualcompanion/runtime/auth/tenant/OwnerInjectionFilter.java
  sha256: e5324fcee7b7e4575934bb257347aad17642ff055d3bf32a0972e97fa2433bd2
- path: service/apps/runtime/src/main/java/com/virtualcompanion/runtime/worker/WorkItemWorker.java
  sha256: 05823c754210b5c9eb9e4e18f6f18e8ac80acbfe1373ccfaf37327940360897b
- path: service/apps/runtime/src/main/resources/application.yaml
  sha256: e5e0dfa96fc60526c9db5eec574d696cd6bde74ae7b74072c17fbabba191e8b7
- path: service/apps/runtime/src/test/java/com/virtualcompanion/runtime/auth/tenant/OwnerContextTest.java
  sha256: 15e7703ef5588bf9003fce2bff15def16837c5ff0968e67da9f0ad6a76bbb28c
- path: service/platform/persistence/src/main/resources/db/migration/V16__revoke_business_dml_correct_role_attributes.sql
  sha256: 2cc2d63616740c33e02034f9a93afe9f2fee2fd44c6a8a86a6e95337139ecf91
- path: service/platform/persistence/src/main/resources/db/migration/V17__sd_owner_param_trusted_assertion.sql
  sha256: 65b9a8f4eb626ec7b6f5b2c4bb45d46b4698438b2b4d5c96f0f0e7a44689cdd6
- path: service/platform/persistence/src/main/resources/db/migration/V1__extensions_roles_functions.sql
  sha256: 660d1885784da00a99271d8fe5c0aac10856c3cbf53cf93712efda5589418555
- path: service/platform/persistence/src/main/resources/db/migration/V23__worker_claim_functions_runtime_api_grant.sql
  sha256: 4338f685aae50fd6e98beda7839f3dd7c3994a07147a32799f1e69c6bbedbdeb
- path: service/platform/persistence/src/main/resources/db/migration/V2__user_domain_ownership.sql
  sha256: ffe0c1db251f13e1130ee1b716461b51ef7ab0a8d8b3a9608f2508abd66ddab1
- path: service/platform/persistence/src/main/resources/db/migration/V5__worker_claim_lease_fence.sql
  sha256: f090e3fc99a5d426ec596046ff090d4c799b98d21d611abb81d47177c76ba0d7
- path: specs/contracts/identity-session-boundary-contract.yaml
  sha256: 039faa26b924c6aa54a7496b0e72e2523d5742385882bac1acc90058bfc094c6
- path: specs/contracts/worker-lease-contract.yaml
  sha256: b5113bf8704439b1f6d408927edf66120892ede9a0508bcd84bc29bc782875e3
